{
  "version": 4,
  "terraform_version": "1.14.6",
  "serial": 9,
  "lineage": "268d4892-7f7e-c27a-9ef8-2fac0afebd57",
  "outputs": {},
  "resources": [
    {
      "mode": "data",
      "type": "aws_lb",
      "name": "infrahash_alb",
      "provider": "provider[\"registry.terraform.io/hashicorp/aws\"]",
      "instances": [
        {
          "schema_version": 0,
          "attributes": {
            "access_logs": [
              {
                "bucket": "",
                "enabled": false,
                "prefix": ""
              }
            ],
            "arn": "arn:aws:elasticloadbalancing:us-east-2:215848077383:loadbalancer/app/k8s-default-infrahas-405c5343f9/db3a1ca62f368fc6",
            "arn_suffix": "app/k8s-default-infrahas-405c5343f9/db3a1ca62f368fc6",
            "client_keep_alive": 3600,
            "connection_logs": [
              {
                "bucket": "",
                "enabled": false,
                "prefix": ""
              }
            ],
            "customer_owned_ipv4_pool": "",
            "desync_mitigation_mode": "defensive",
            "dns_name": "k8s-default-infrahas-405c5343f9-348617112.us-east-2.elb.amazonaws.com",
            "dns_record_client_routing_policy": null,
            "drop_invalid_header_fields": false,
            "enable_cross_zone_load_balancing": true,
            "enable_deletion_protection": false,
            "enable_http2": true,
            "enable_tls_version_and_cipher_suite_headers": false,
            "enable_waf_fail_open": false,
            "enable_xff_client_port": false,
            "enable_zonal_shift": false,
            "enforce_security_group_inbound_rules_on_private_link_traffic": "",
            "id": "arn:aws:elasticloadbalancing:us-east-2:215848077383:loadbalancer/app/k8s-default-infrahas-405c5343f9/db3a1ca62f368fc6",
            "idle_timeout": 60,
            "internal": false,
            "ip_address_type": "ipv4",
            "ipam_pools": [],
            "load_balancer_type": "application",
            "name": "k8s-default-infrahas-405c5343f9",
            "preserve_host_header": false,
            "security_groups": [
              "sg-01744ea31cff76a24",
              "sg-0e407e6450ef459d6"
            ],
            "subnet_mapping": [
              {
                "allocation_id": "",
                "ipv6_address": "",
                "outpost_id": "",
                "private_ipv4_address": "",
                "subnet_id": "subnet-00f25252f916caac8"
              },
              {
                "allocation_id": "",
                "ipv6_address": "",
                "outpost_id": "",
                "private_ipv4_address": "",
                "subnet_id": "subnet-021b65705325f0664"
              }
            ],
            "subnets": [
              "subnet-00f25252f916caac8",
              "subnet-021b65705325f0664"
            ],
            "tags": {
              "elbv2.k8s.aws/cluster": "my-eks-cluster",
              "ingress.k8s.aws/resource": "LoadBalancer",
              "ingress.k8s.aws/stack": "default/infrahash-ingress"
            },
            "timeouts": null,
            "vpc_id": "vpc-0f4419531a43d2b59",
            "xff_header_processing_mode": "append",
            "zone_id": "Z3AADJGX6KTTL2"
          },
          "sensitive_attributes": [],
          "identity_schema_version": 0
        }
      ]
    },
    {
      "mode": "data",
      "type": "aws_route53_zone",
      "name": "zone",
      "provider": "provider[\"registry.terraform.io/hashicorp/aws\"]",
      "instances": [
        {
          "schema_version": 0,
          "attributes": {
            "arn": "arn:aws:route53:::hostedzone/Z02766752GFP3APKP2YC6",
            "caller_reference": "9848b2d3-b5df-4eee-83df-dff38e27b8eb",
            "comment": "",
            "id": "Z02766752GFP3APKP2YC6",
            "linked_service_description": null,
            "linked_service_principal": null,
            "name": "animals4lifecoaching.com",
            "name_servers": [
              "ns-31.awsdns-03.com",
              "ns-1460.awsdns-54.org",
              "ns-1644.awsdns-13.co.uk",
              "ns-708.awsdns-24.net"
            ],
            "primary_name_server": "ns-31.awsdns-03.com",
            "private_zone": false,
            "resource_record_set_count": 2,
            "tags": {},
            "vpc_id": null,
            "zone_id": "Z02766752GFP3APKP2YC6"
          },
          "sensitive_attributes": [],
          "identity_schema_version": 0
        }
      ]
    },
    {
      "mode": "managed",
      "type": "aws_route53_record",
      "name": "infrahash",
      "provider": "provider[\"registry.terraform.io/hashicorp/aws\"]",
      "instances": [
        {
          "schema_version": 2,
          "attributes": {
            "alias": [
              {
                "evaluate_target_health": true,
                "name": "k8s-default-infrahas-405c5343f9-348617112.us-east-2.elb.amazonaws.com",
                "zone_id": "Z3AADJGX6KTTL2"
              }
            ],
            "allow_overwrite": null,
            "cidr_routing_policy": [],
            "failover_routing_policy": [],
            "fqdn": "infrahash.animals4lifecoaching.com",
            "geolocation_routing_policy": [],
            "geoproximity_routing_policy": [],
            "health_check_id": "",
            "id": "Z02766752GFP3APKP2YC6_infrahash.animals4lifecoaching.com_A",
            "latency_routing_policy": [],
            "multivalue_answer_routing_policy": false,
            "name": "infrahash.animals4lifecoaching.com",
            "records": null,
            "set_identifier": "",
            "timeouts": null,
            "ttl": 0,
            "type": "A",
            "weighted_routing_policy": [],
            "zone_id": "Z02766752GFP3APKP2YC6"
          },
          "sensitive_attributes": [],
          "identity_schema_version": 0,
          "private": "eyJlMmJmYjczMC1lY2FhLTExZTYtOGY4OC0zNDM2M2JjN2M0YzAiOnsiY3JlYXRlIjoxODAwMDAwMDAwMDAwLCJkZWxldGUiOjE4MDAwMDAwMDAwMDAsInVwZGF0ZSI6MTgwMDAwMDAwMDAwMH0sInNjaGVtYV92ZXJzaW9uIjoiMiJ9",
          "dependencies": [
            "data.aws_lb.infrahash_alb",
            "data.aws_route53_zone.zone"
          ]
        }
      ]
    }
  ],
  "check_results": null
}
