{
  "version": 4,
  "terraform_version": "1.14.6",
  "serial": 1161,
  "lineage": "eeb2f45a-f121-c96a-8fbc-92595bb69cf8",
  "outputs": {
    "alb_controller_role_arn": {
      "value": "arn:aws:iam::215848077383:role/aws-load-balancer-controller-role",
      "type": "string"
    },
    "aws_region": {
      "value": "us-east-2",
      "type": "string"
    },
    "bastion_1_public_ip": {
      "value": "18.188.95.232",
      "type": "string"
    },
    "bastion_2_public_ip": {
      "value": "52.15.149.51",
      "type": "string"
    },
    "bastion_keypair_name": {
      "value": "bastion-keypair",
      "type": "string"
    },
    "bastion_private_key_secret_arn": {
      "value": "arn:aws:secretsmanager:us-east-2:215848077383:secret:bastion-ssh-private-key-oqqNoX",
      "type": "string"
    },
    "bastion_public_key_secret_arn": {
      "value": "arn:aws:secretsmanager:us-east-2:215848077383:secret:bastion-ssh-public-key-yavkNl",
      "type": "string"
    },
    "eks_cluster_endpoint": {
      "value": "https://9386C02E78A57DC010842CDB0805928A.gr7.us-east-2.eks.amazonaws.com",
      "type": "string"
    },
    "eks_cluster_name": {
      "value": "my-eks-cluster",
      "type": "string"
    },
    "eks_control_node_private_ip": {
      "value": "10.0.10.205",
      "type": "string"
    },
    "eks_control_node_role_arn": {
      "value": "arn:aws:iam::215848077383:role/eks-control-node-role",
      "type": "string"
    },
    "eks_node_role_arn": {
      "value": "arn:aws:iam::215848077383:role/eks-node-role",
      "type": "string"
    },
    "infrahash_db_endpoint": {
      "value": "infrahash-db.cnssacwgkq31.us-east-2.rds.amazonaws.com",
      "type": "string"
    },
    "infrahash_db_name": {
      "value": "infrahash",
      "type": "string"
    },
    "infrahash_db_password": {
      "value": "UlDk4Zi}AaL#mMhkv)GI",
      "type": "string",
      "sensitive": true
    },
    "infrahash_db_secret_arn": {
      "value": "arn:aws:secretsmanager:us-east-2:215848077383:secret:infrahash-db-credentials-PWTRgB",
      "type": "string"
    },
    "infrahash_db_username": {
      "value": "infrahash_admin",
      "type": "string"
    },
    "infrahash_rds_sg_id": {
      "value": "sg-07ce990ba4c8b172b",
      "type": "string"
    },
    "infrahash_repository_url": {
      "value": "215848077383.dkr.ecr.us-east-2.amazonaws.com/infrahash",
      "type": "string"
    },
    "management_keypair_name": {
      "value": "management-keypair",
      "type": "string"
    },
    "management_private_key_secret_arn": {
      "value": "arn:aws:secretsmanager:us-east-2:215848077383:secret:management-ssh-private-key-fNgCcE",
      "type": "string"
    },
    "management_public_key_secret_arn": {
      "value": "arn:aws:secretsmanager:us-east-2:215848077383:secret:management-ssh-public-key-PWTRgB",
      "type": "string"
    },
    "vpc_id": {
      "value": "vpc-0f4419531a43d2b59",
      "type": "string"
    }
  },
  "resources": [
    {
      "mode": "data",
      "type": "aws_ami",
      "name": "amazon_linux_2",
      "provider": "provider[\"registry.terraform.io/hashicorp/aws\"]",
      "instances": [
        {
          "schema_version": 0,
          "attributes": {
            "architecture": "x86_64",
            "arn": "arn:aws:ec2:us-east-2::image/ami-040855b0715ee6f0b",
            "block_device_mappings": [
              {
                "device_name": "/dev/xvda",
                "ebs": {
                  "delete_on_termination": "true",
                  "encrypted": "false",
                  "iops": "0",
                  "snapshot_id": "snap-09bc2f6ccbe2384da",
                  "throughput": "0",
                  "volume_initialization_rate": "0",
                  "volume_size": "8",
                  "volume_type": "gp2"
                },
                "no_device": "",
                "virtual_name": ""
              }
            ],
            "boot_mode": "",
            "creation_date": "2026-02-26T18:42:13.000Z",
            "deprecation_time": "2026-05-27T18:48:00.000Z",
            "description": "Amazon Linux 2 AMI 2.0.20260302.0 x86_64 HVM gp2",
            "ena_support": true,
            "executable_users": null,
            "filter": [
              {
                "name": "name",
                "values": [
                  "amzn2-ami-hvm-*-x86_64-gp2"
                ]
              }
            ],
            "hypervisor": "xen",
            "id": "ami-040855b0715ee6f0b",
            "image_id": "ami-040855b0715ee6f0b",
            "image_location": "amazon/amzn2-ami-hvm-2.0.20260302.0-x86_64-gp2",
            "image_owner_alias": "amazon",
            "image_type": "machine",
            "imds_support": "",
            "include_deprecated": false,
            "kernel_id": "",
            "last_launched_time": "",
            "most_recent": true,
            "name": "amzn2-ami-hvm-2.0.20260302.0-x86_64-gp2",
            "name_regex": null,
            "owner_id": "137112412989",
            "owners": [
              "amazon"
            ],
            "platform": "",
            "platform_details": "Linux/UNIX",
            "product_codes": [],
            "public": true,
            "ramdisk_id": "",
            "root_device_name": "/dev/xvda",
            "root_device_type": "ebs",
            "root_snapshot_id": "snap-09bc2f6ccbe2384da",
            "sriov_net_support": "simple",
            "state": "available",
            "state_reason": {
              "code": "UNSET",
              "message": "UNSET"
            },
            "tags": {},
            "timeouts": null,
            "tpm_support": "",
            "uefi_data": null,
            "usage_operation": "RunInstances",
            "virtualization_type": "hvm"
          },
          "sensitive_attributes": [],
          "identity_schema_version": 0
        }
      ]
    },
    {
      "mode": "data",
      "type": "aws_caller_identity",
      "name": "current",
      "provider": "provider[\"registry.terraform.io/hashicorp/aws\"]",
      "instances": [
        {
          "schema_version": 0,
          "attributes": {
            "account_id": "215848077383",
            "arn": "arn:aws:iam::215848077383:user/terraform_user",
            "id": "215848077383",
            "user_id": "AIDATEQMMJBD3O3QTNGTJ"
          },
          "sensitive_attributes": [],
          "identity_schema_version": 0
        }
      ]
    },
    {
      "mode": "managed",
      "type": "aws_autoscaling_group",
      "name": "bastion_asg",
      "provider": "provider[\"registry.terraform.io/hashicorp/aws\"]",
      "instances": [
        {
          "schema_version": 1,
          "attributes": {
            "arn": "arn:aws:autoscaling:us-east-2:215848077383:autoScalingGroup:4bac7396-643b-42a7-9fdf-69da42803505:autoScalingGroupName/bastion-asg",
            "availability_zone_distribution": [
              {
                "capacity_distribution_strategy": "balanced-best-effort"
              }
            ],
            "availability_zones": [
              "us-east-2a",
              "us-east-2b"
            ],
            "capacity_rebalance": false,
            "capacity_reservation_specification": [
              {
                "capacity_reservation_preference": "default",
                "capacity_reservation_target": []
              }
            ],
            "context": "",
            "default_cooldown": 300,
            "default_instance_warmup": 0,
            "desired_capacity": 1,
            "desired_capacity_type": "",
            "enabled_metrics": [],
            "force_delete": false,
            "force_delete_warm_pool": false,
            "health_check_grace_period": 300,
            "health_check_type": "EC2",
            "id": "bastion-asg",
            "ignore_failed_scaling_activities": false,
            "initial_lifecycle_hook": [],
            "instance_maintenance_policy": [],
            "instance_refresh": [],
            "launch_configuration": "",
            "launch_template": [
              {
                "id": "lt-0c943fa2640cec864",
                "name": "bastion-lt-20260308181306794000000010",
                "version": "$Latest"
              }
            ],
            "load_balancers": [],
            "max_instance_lifetime": 0,
            "max_size": 2,
            "metrics_granularity": "1Minute",
            "min_elb_capacity": null,
            "min_size": 1,
            "mixed_instances_policy": [],
            "name": "bastion-asg",
            "name_prefix": "",
            "placement_group": "",
            "predicted_capacity": 0,
            "protect_from_scale_in": false,
            "service_linked_role_arn": "arn:aws:iam::215848077383:role/aws-service-role/autoscaling.amazonaws.com/AWSServiceRoleForAutoScaling",
            "suspended_processes": [],
            "tag": [
              {
                "key": "Name",
                "propagate_at_launch": true,
                "value": "bastion-asg-instance"
              }
            ],
            "target_group_arns": [
              "arn:aws:elasticloadbalancing:us-east-2:215848077383:targetgroup/bastion-tg/4197de3f2f93d2c7"
            ],
            "termination_policies": [],
            "timeouts": null,
            "traffic_source": [
              {
                "identifier": "arn:aws:elasticloadbalancing:us-east-2:215848077383:targetgroup/bastion-tg/4197de3f2f93d2c7",
                "type": "elbv2"
              }
            ],
            "vpc_zone_identifier": [
              "subnet-00f25252f916caac8",
              "subnet-021b65705325f0664"
            ],
            "wait_for_capacity_timeout": "10m",
            "wait_for_elb_capacity": null,
            "warm_pool": [],
            "warm_pool_size": 0
          },
          "sensitive_attributes": [],
          "identity_schema_version": 0,
          "private": "eyJlMmJmYjczMC1lY2FhLTExZTYtOGY4OC0zNDM2M2JjN2M0YzAiOnsiZGVsZXRlIjo2MDAwMDAwMDAwMDAsInVwZGF0ZSI6NjAwMDAwMDAwMDAwfSwic2NoZW1hX3ZlcnNpb24iOiIxIn0=",
          "dependencies": [
            "aws_key_pair.bastion_keypair",
            "aws_launch_template.bastion_lt",
            "aws_lb.bastion_nlb",
            "aws_lb_listener.bastion_listener",
            "aws_lb_target_group.bastion_tg",
            "aws_security_group.bastion_sg",
            "aws_subnet.public_1",
            "aws_subnet.public_2",
            "aws_vpc.main_vpc",
            "data.aws_ami.amazon_linux_2",
            "tls_private_key.bastion_ssh_key"
          ],
          "create_before_destroy": true
        }
      ]
    },
    {
      "mode": "managed",
      "type": "aws_db_instance",
      "name": "infrahash_db",
      "provider": "provider[\"registry.terraform.io/hashicorp/aws\"]",
      "instances": [
        {
          "schema_version": 2,
          "attributes": {
            "address": "infrahash-db.cnssacwgkq31.us-east-2.rds.amazonaws.com",
            "allocated_storage": 20,
            "allow_major_version_upgrade": null,
            "apply_immediately": false,
            "arn": "arn:aws:rds:us-east-2:215848077383:db:infrahash-db",
            "auto_minor_version_upgrade": true,
            "availability_zone": "us-east-2a",
            "backup_retention_period": 7,
            "backup_target": "region",
            "backup_window": "07:13-07:43",
            "blue_green_update": [],
            "ca_cert_identifier": "rds-ca-rsa2048-g1",
            "character_set_name": "",
            "copy_tags_to_snapshot": false,
            "custom_iam_instance_profile": "",
            "customer_owned_ip_enabled": false,
            "database_insights_mode": "standard",
            "db_name": "infrahash",
            "db_subnet_group_name": "infrahash-db-subnet-group",
            "dedicated_log_volume": false,
            "delete_automated_backups": true,
            "deletion_protection": false,
            "domain": "",
            "domain_auth_secret_arn": "",
            "domain_dns_ips": null,
            "domain_fqdn": "",
            "domain_iam_role_name": "",
            "domain_ou": "",
            "enabled_cloudwatch_logs_exports": null,
            "endpoint": "infrahash-db.cnssacwgkq31.us-east-2.rds.amazonaws.com:5432",
            "engine": "postgres",
            "engine_lifecycle_support": "open-source-rds-extended-support",
            "engine_version": "15.14",
            "engine_version_actual": "15.14",
            "final_snapshot_identifier": null,
            "hosted_zone_id": "Z2XHWR1WZ565X2",
            "iam_database_authentication_enabled": false,
            "id": "db-WDTWAQUZE7GLGOLW5EVRDNNNJE",
            "identifier": "infrahash-db",
            "identifier_prefix": "",
            "instance_class": "db.t3.micro",
            "iops": 0,
            "kms_key_id": "",
            "latest_restorable_time": "2026-03-08T19:27:58Z",
            "license_model": "postgresql-license",
            "listener_endpoint": [],
            "maintenance_window": "fri:08:07-fri:08:37",
            "manage_master_user_password": null,
            "master_user_secret": [],
            "master_user_secret_kms_key_id": null,
            "max_allocated_storage": 0,
            "monitoring_interval": 0,
            "monitoring_role_arn": "",
            "multi_az": true,
            "nchar_character_set_name": "",
            "network_type": "IPV4",
            "option_group_name": "default:postgres-15",
            "parameter_group_name": "default.postgres15",
            "password": "UlDk4Zi}AaL#mMhkv)GI",
            "password_wo": null,
            "password_wo_version": null,
            "performance_insights_enabled": false,
            "performance_insights_kms_key_id": "",
            "performance_insights_retention_period": 0,
            "port": 5432,
            "publicly_accessible": false,
            "replica_mode": "",
            "replicas": [],
            "replicate_source_db": "",
            "resource_id": "db-WDTWAQUZE7GLGOLW5EVRDNNNJE",
            "restore_to_point_in_time": [],
            "s3_import": [],
            "skip_final_snapshot": true,
            "snapshot_identifier": null,
            "status": "available",
            "storage_encrypted": false,
            "storage_throughput": 0,
            "storage_type": "gp2",
            "tags": {
              "Name": "infrahash-db",
              "Project": "InfraHash"
            },
            "tags_all": {
              "Name": "infrahash-db",
              "Project": "InfraHash"
            },
            "timeouts": null,
            "timezone": "",
            "upgrade_storage_config": null,
            "username": "infrahash_admin",
            "vpc_security_group_ids": [
              "sg-07ce990ba4c8b172b"
            ]
          },
          "sensitive_attributes": [
            [
              {
                "type": "get_attr",
                "value": "password"
              }
            ],
            [
              {
                "type": "get_attr",
                "value": "password_wo"
              }
            ]
          ],
          "identity_schema_version": 0,
          "private": "eyJlMmJmYjczMC1lY2FhLTExZTYtOGY4OC0zNDM2M2JjN2M0YzAiOnsiY3JlYXRlIjozMDAwMDAwMDAwMDAwLCJkZWxldGUiOjM2MDAwMDAwMDAwMDAsInVwZGF0ZSI6NDgwMDAwMDAwMDAwMH0sInNjaGVtYV92ZXJzaW9uIjoiMiJ9",
          "dependencies": [
            "aws_db_subnet_group.infrahash_db_subnet_group",
            "aws_security_group.alb_sg",
            "aws_security_group.app_sg",
            "aws_security_group.management_sg",
            "aws_security_group.rds_sg",
            "aws_subnet.private_1",
            "aws_subnet.private_2",
            "aws_vpc.main_vpc",
            "random_password.infrahash_db_password"
          ]
        }
      ]
    },
    {
      "mode": "managed",
      "type": "aws_db_subnet_group",
      "name": "infrahash_db_subnet_group",
      "provider": "provider[\"registry.terraform.io/hashicorp/aws\"]",
      "instances": [
        {
          "schema_version": 0,
          "attributes": {
            "arn": "arn:aws:rds:us-east-2:215848077383:subgrp:infrahash-db-subnet-group",
            "description": "Managed by Terraform",
            "id": "infrahash-db-subnet-group",
            "name": "infrahash-db-subnet-group",
            "name_prefix": "",
            "subnet_ids": [
              "subnet-05c14780c84333f8b",
              "subnet-0ffc2f6dc458a2ea9"
            ],
            "supported_network_types": [
              "IPV4"
            ],
            "tags": {
              "Name": "infrahash-db-subnet-group"
            },
            "tags_all": {
              "Name": "infrahash-db-subnet-group"
            },
            "vpc_id": "vpc-0f4419531a43d2b59"
          },
          "sensitive_attributes": [],
          "identity_schema_version": 0,
          "private": "bnVsbA==",
          "dependencies": [
            "aws_subnet.private_1",
            "aws_subnet.private_2",
            "aws_vpc.main_vpc"
          ]
        }
      ]
    },
    {
      "mode": "managed",
      "type": "aws_ecr_repository",
      "name": "infrahash_repo",
      "provider": "provider[\"registry.terraform.io/hashicorp/aws\"]",
      "instances": [
        {
          "schema_version": 0,
          "attributes": {
            "arn": "arn:aws:ecr:us-east-2:215848077383:repository/infrahash",
            "encryption_configuration": [
              {
                "encryption_type": "AES256",
                "kms_key": ""
              }
            ],
            "force_delete": true,
            "id": "infrahash",
            "image_scanning_configuration": [
              {
                "scan_on_push": true
              }
            ],
            "image_tag_mutability": "MUTABLE",
            "name": "infrahash",
            "registry_id": "215848077383",
            "repository_url": "215848077383.dkr.ecr.us-east-2.amazonaws.com/infrahash",
            "tags": {
              "Name": "infrahash-repo"
            },
            "tags_all": {
              "Name": "infrahash-repo"
            },
            "timeouts": null
          },
          "sensitive_attributes": [],
          "identity_schema_version": 0,
          "private": "eyJlMmJmYjczMC1lY2FhLTExZTYtOGY4OC0zNDM2M2JjN2M0YzAiOnsiZGVsZXRlIjoxMjAwMDAwMDAwMDAwfX0="
        }
      ]
    },
    {
      "mode": "managed",
      "type": "aws_eip",
      "name": "nat_1",
      "provider": "provider[\"registry.terraform.io/hashicorp/aws\"]",
      "instances": [
        {
          "schema_version": 0,
          "attributes": {
            "address": null,
            "allocation_id": "eipalloc-0f9699a6dd673c9ff",
            "arn": "arn:aws:ec2:us-east-2:215848077383:elastic-ip/eipalloc-0f9699a6dd673c9ff",
            "associate_with_private_ip": null,
            "association_id": "eipassoc-0926f1acf7b10b312",
            "carrier_ip": "",
            "customer_owned_ip": "",
            "customer_owned_ipv4_pool": "",
            "domain": "vpc",
            "id": "eipalloc-0f9699a6dd673c9ff",
            "instance": "",
            "ipam_pool_id": null,
            "network_border_group": "us-east-2",
            "network_interface": "eni-0f8404d12fad6f563",
            "private_dns": "ip-10-0-143-126.us-east-2.compute.internal",
            "private_ip": "10.0.143.126",
            "ptr_record": "",
            "public_dns": "ec2-3-139-123-34.us-east-2.compute.amazonaws.com",
            "public_ip": "3.139.123.34",
            "public_ipv4_pool": "amazon",
            "tags": {},
            "tags_all": {},
            "timeouts": null,
            "vpc": true
          },
          "sensitive_attributes": [],
          "identity_schema_version": 0,
          "private": "eyJlMmJmYjczMC1lY2FhLTExZTYtOGY4OC0zNDM2M2JjN2M0YzAiOnsiZGVsZXRlIjoxODAwMDAwMDAwMDAsInJlYWQiOjkwMDAwMDAwMDAwMCwidXBkYXRlIjozMDAwMDAwMDAwMDB9fQ=="
        }
      ]
    },
    {
      "mode": "managed",
      "type": "aws_eip",
      "name": "nat_2",
      "provider": "provider[\"registry.terraform.io/hashicorp/aws\"]",
      "instances": [
        {
          "schema_version": 0,
          "attributes": {
            "address": null,
            "allocation_id": "eipalloc-02cf665a505f16c22",
            "arn": "arn:aws:ec2:us-east-2:215848077383:elastic-ip/eipalloc-02cf665a505f16c22",
            "associate_with_private_ip": null,
            "association_id": "eipassoc-061f598fb3b4d45ea",
            "carrier_ip": "",
            "customer_owned_ip": "",
            "customer_owned_ipv4_pool": "",
            "domain": "vpc",
            "id": "eipalloc-02cf665a505f16c22",
            "instance": "",
            "ipam_pool_id": null,
            "network_border_group": "us-east-2",
            "network_interface": "eni-02c062dc4e7d5a61c",
            "private_dns": "ip-10-0-158-153.us-east-2.compute.internal",
            "private_ip": "10.0.158.153",
            "ptr_record": "",
            "public_dns": "ec2-3-139-193-21.us-east-2.compute.amazonaws.com",
            "public_ip": "3.139.193.21",
            "public_ipv4_pool": "amazon",
            "tags": {},
            "tags_all": {},
            "timeouts": null,
            "vpc": true
          },
          "sensitive_attributes": [],
          "identity_schema_version": 0,
          "private": "eyJlMmJmYjczMC1lY2FhLTExZTYtOGY4OC0zNDM2M2JjN2M0YzAiOnsiZGVsZXRlIjoxODAwMDAwMDAwMDAsInJlYWQiOjkwMDAwMDAwMDAwMCwidXBkYXRlIjozMDAwMDAwMDAwMDB9fQ=="
        }
      ]
    },
    {
      "mode": "managed",
      "type": "aws_eks_cluster",
      "name": "main",
      "provider": "provider[\"registry.terraform.io/hashicorp/aws\"]",
      "instances": [
        {
          "schema_version": 1,
          "attributes": {
            "access_config": [
              {
                "authentication_mode": "CONFIG_MAP",
                "bootstrap_cluster_creator_admin_permissions": true
              }
            ],
            "arn": "arn:aws:eks:us-east-2:215848077383:cluster/my-eks-cluster",
            "bootstrap_self_managed_addons": true,
            "certificate_authority": [
              {
                "data": "LS0tLS1CRUdJTiBDRVJUSUZJQ0FURS0tLS0tCk1JSURCVENDQWUyZ0F3SUJBZ0lJVWp4U04weEw1Y0F3RFFZSktvWklodmNOQVFFTEJRQXdGVEVUTUJFR0ExVUUKQXhNS2EzVmlaWEp1WlhSbGN6QWVGdzB5TmpBek1EZ3hPREV5TWpWYUZ3MHpOakF6TURVeE9ERTNNalZhTUJVeApFekFSQmdOVkJBTVRDbXQxWW1WeWJtVjBaWE13Z2dFaU1BMEdDU3FHU0liM0RRRUJBUVVBQTRJQkR3QXdnZ0VLCkFvSUJBUUNqRHZFdVh2OVVCTGpHdGFlMW5CT3FYMXdlNDVRS1hQb0VkK1RNMHZHZ3J5QTkwVEdhL2VuSWdBWU0Kc3FyOERLclpWN1NnSVBFM3I0VUVRNXhZMEp0NUNySUxNbVlvVE9Ub1hQRHZoZ1hld3lHZUh6c0I1ZVZTcUpvWApWd1hBSVBhVGREQTBkZlFHZnpLR2x3RGZkVzFCTVdDQUp4UWFNNGwwa1phbTB6NWdrdERHYlV2cDBlZ0JBdnEzCmlIY2tWS3F5djJpcDFsTW5aVTM5OHp0c1dCWW5DMENzL2NzV3ZHeWw5YVZNQmx3enB6dEt5RzVpU244eldLRXQKeHkyaC8vdVNPb3JIS3VES3prQ001QTNKS0U4Sm93OGpFUTgyazA3ZXVUUjRHUFZSaHE4L1VrM0k4ZkFuTHorNAp1SXZYd3hhKy9OTDNnbU41WjNNdGFkb0wzWWE5QWdNQkFBR2pXVEJYTUE0R0ExVWREd0VCL3dRRUF3SUNwREFQCkJnTlZIUk1CQWY4RUJUQURBUUgvTUIwR0ExVWREZ1FXQkJUSHBJMWszdXFCVnorUDN1eDFVc2x5NE1zUm5qQVYKQmdOVkhSRUVEakFNZ2dwcmRXSmxjbTVsZEdWek1BMEdDU3FHU0liM0RRRUJDd1VBQTRJQkFRQkRjdlhmcGEwagpHcG81N2h0aTFaK0g2eFhVYmEvd25SV1hpNUVvSjh0WmoyRHp1S1F1cEQ4akFQQzh6NkVRSUNyQkh4VkhCeE15Ck9MeUFja00zR0VVMWQ2dEpiODBnakFiemNzWFZ4OFNhRlBzMWNiQ2QrdlZ4WXFHZHIyQm5ORTJhSmUyaWRQdzMKUTZ2YTRGclFReXAyUksyT21uZStwaysxS3JQcW1IU0JoczV2eDRxUGhockhyUDJXelV1dzRqR2NaNjNVUmtWMwpzOUZpUytBNDNoUTlSUjNpNVJUQjVpQjFRYlRUdzQ1ZXplUTJkbXdSWmtBc2JhbkZYd1lYTXRwYlVvWGlBQzVvCkNGLzBiRFNtckQ2Y2U3TXltWG5ZemljelRTQTFHeW9GQlkwK3lYbUo0REQwVkw3Tzh5cXdCVVVxYTZrY3pQZFYKN0huekFIWVRJa3ROCi0tLS0tRU5EIENFUlRJRklDQVRFLS0tLS0K"
              }
            ],
            "cluster_id": null,
            "compute_config": [],
            "created_at": "2026-03-08T18:13:26Z",
            "enabled_cluster_log_types": [],
            "encryption_config": [],
            "endpoint": "https://9386C02E78A57DC010842CDB0805928A.gr7.us-east-2.eks.amazonaws.com",
            "force_update_version": null,
            "id": "my-eks-cluster",
            "identity": [
              {
                "oidc": [
                  {
                    "issuer": "https://oidc.eks.us-east-2.amazonaws.com/id/9386C02E78A57DC010842CDB0805928A"
                  }
                ]
              }
            ],
            "kubernetes_network_config": [
              {
                "elastic_load_balancing": [
                  {
                    "enabled": false
                  }
                ],
                "ip_family": "ipv4",
                "service_ipv4_cidr": "172.20.0.0/16",
                "service_ipv6_cidr": ""
              }
            ],
            "name": "my-eks-cluster",
            "outpost_config": [],
            "platform_version": "eks.5",
            "remote_network_config": [],
            "role_arn": "arn:aws:iam::215848077383:role/eks-cluster-role",
            "status": "ACTIVE",
            "storage_config": [],
            "tags": {},
            "tags_all": {},
            "timeouts": null,
            "upgrade_policy": [
              {
                "support_type": "EXTENDED"
              }
            ],
            "version": "1.35",
            "vpc_config": [
              {
                "cluster_security_group_id": "sg-0aab52e9843b2953b",
                "endpoint_private_access": true,
                "endpoint_public_access": true,
                "public_access_cidrs": [
                  "0.0.0.0/0"
                ],
                "security_group_ids": [],
                "subnet_ids": [
                  "subnet-00f25252f916caac8",
                  "subnet-021b65705325f0664",
                  "subnet-05c14780c84333f8b",
                  "subnet-0ffc2f6dc458a2ea9"
                ],
                "vpc_id": "vpc-0f4419531a43d2b59"
              }
            ],
            "zonal_shift_config": []
          },
          "sensitive_attributes": [],
          "identity_schema_version": 0,
          "private": "eyJlMmJmYjczMC1lY2FhLTExZTYtOGY4OC0zNDM2M2JjN2M0YzAiOnsiY3JlYXRlIjoxODAwMDAwMDAwMDAwLCJkZWxldGUiOjkwMDAwMDAwMDAwMCwidXBkYXRlIjozNjAwMDAwMDAwMDAwfSwic2NoZW1hX3ZlcnNpb24iOiIxIn0=",
          "dependencies": [
            "aws_iam_role.eks_cluster_role",
            "aws_iam_role_policy_attachment.eks_cluster_policy",
            "aws_iam_role_policy_attachment.eks_vpc_controller",
            "aws_subnet.private_1",
            "aws_subnet.private_2",
            "aws_subnet.public_1",
            "aws_subnet.public_2",
            "aws_vpc.main_vpc"
          ]
        }
      ]
    },
    {
      "mode": "managed",
      "type": "aws_eks_node_group",
      "name": "main_nodes",
      "provider": "provider[\"registry.terraform.io/hashicorp/aws\"]",
      "instances": [
        {
          "schema_version": 0,
          "attributes": {
            "ami_type": "AL2023_x86_64_STANDARD",
            "arn": "arn:aws:eks:us-east-2:215848077383:nodegroup/my-eks-cluster/eks-node-group/26ce6758-5b2c-68f7-3f3c-b28b51b0ae26",
            "capacity_type": "ON_DEMAND",
            "cluster_name": "my-eks-cluster",
            "disk_size": 20,
            "force_update_version": null,
            "id": "my-eks-cluster:eks-node-group",
            "instance_types": [
              "t3.medium"
            ],
            "labels": {},
            "launch_template": [],
            "node_group_name": "eks-node-group",
            "node_group_name_prefix": "",
            "node_repair_config": [],
            "node_role_arn": "arn:aws:iam::215848077383:role/eks-node-role",
            "release_version": "1.35.2-20260304",
            "remote_access": [],
            "resources": [
              {
                "autoscaling_groups": [
                  {
                    "name": "eks-eks-node-group-26ce6758-5b2c-68f7-3f3c-b28b51b0ae26"
                  }
                ],
                "remote_access_security_group_id": ""
              }
            ],
            "scaling_config": [
              {
                "desired_size": 2,
                "max_size": 3,
                "min_size": 1
              }
            ],
            "status": "ACTIVE",
            "subnet_ids": [
              "subnet-05c14780c84333f8b",
              "subnet-0ffc2f6dc458a2ea9"
            ],
            "tags": {},
            "tags_all": {},
            "taint": [],
            "timeouts": null,
            "update_config": [
              {
                "max_unavailable": 1,
                "max_unavailable_percentage": 0
              }
            ],
            "version": "1.35"
          },
          "sensitive_attributes": [],
          "identity_schema_version": 0,
          "private": "eyJlMmJmYjczMC1lY2FhLTExZTYtOGY4OC0zNDM2M2JjN2M0YzAiOnsiY3JlYXRlIjozNjAwMDAwMDAwMDAwLCJkZWxldGUiOjM2MDAwMDAwMDAwMDAsInVwZGF0ZSI6MzYwMDAwMDAwMDAwMH19",
          "dependencies": [
            "aws_eks_cluster.main",
            "aws_iam_role.eks_cluster_role",
            "aws_iam_role.eks_node_role",
            "aws_iam_role_policy_attachment.eks_cluster_policy",
            "aws_iam_role_policy_attachment.eks_vpc_controller",
            "aws_iam_role_policy_attachment.worker_cni_policy",
            "aws_iam_role_policy_attachment.worker_node_policy",
            "aws_iam_role_policy_attachment.worker_registry_policy",
            "aws_subnet.private_1",
            "aws_subnet.private_2",
            "aws_subnet.public_1",
            "aws_subnet.public_2",
            "aws_vpc.main_vpc"
          ]
        }
      ]
    },
    {
      "mode": "managed",
      "type": "aws_iam_instance_profile",
      "name": "bastion_instance_profile",
      "provider": "provider[\"registry.terraform.io/hashicorp/aws\"]",
      "instances": [
        {
          "schema_version": 0,
          "attributes": {
            "arn": "arn:aws:iam::215848077383:instance-profile/bastion-instance-profile",
            "create_date": "2026-03-08T18:12:46Z",
            "id": "bastion-instance-profile",
            "name": "bastion-instance-profile",
            "name_prefix": "",
            "path": "/",
            "role": "bastion-instance-role",
            "tags": {},
            "tags_all": {},
            "unique_id": "AIPATEQMMJBD2AIXS5MMS"
          },
          "sensitive_attributes": [],
          "identity_schema_version": 0,
          "private": "bnVsbA==",
          "dependencies": [
            "aws_iam_role.bastion_role"
          ]
        }
      ]
    },
    {
      "mode": "managed",
      "type": "aws_iam_instance_profile",
      "name": "eks_control_node_profile",
      "provider": "provider[\"registry.terraform.io/hashicorp/aws\"]",
      "instances": [
        {
          "schema_version": 0,
          "attributes": {
            "arn": "arn:aws:iam::215848077383:instance-profile/eks-control-node-profile",
            "create_date": "2026-03-08T18:12:45Z",
            "id": "eks-control-node-profile",
            "name": "eks-control-node-profile",
            "name_prefix": "",
            "path": "/",
            "role": "eks-control-node-role",
            "tags": {},
            "tags_all": {},
            "unique_id": "AIPATEQMMJBDYJPB2YOCY"
          },
          "sensitive_attributes": [],
          "identity_schema_version": 0,
          "private": "bnVsbA==",
          "dependencies": [
            "aws_iam_role.eks_control_node_role"
          ]
        }
      ]
    },
    {
      "mode": "managed",
      "type": "aws_iam_openid_connect_provider",
      "name": "eks",
      "provider": "provider[\"registry.terraform.io/hashicorp/aws\"]",
      "instances": [
        {
          "schema_version": 0,
          "attributes": {
            "arn": "arn:aws:iam::215848077383:oidc-provider/oidc.eks.us-east-2.amazonaws.com/id/9386C02E78A57DC010842CDB0805928A",
            "client_id_list": [
              "sts.amazonaws.com"
            ],
            "id": "arn:aws:iam::215848077383:oidc-provider/oidc.eks.us-east-2.amazonaws.com/id/9386C02E78A57DC010842CDB0805928A",
            "tags": {},
            "tags_all": {},
            "thumbprint_list": [
              "9e99a48a9960b14926bb7f3b02e22da0afd10df6"
            ],
            "url": "oidc.eks.us-east-2.amazonaws.com/id/9386C02E78A57DC010842CDB0805928A"
          },
          "sensitive_attributes": [],
          "identity_schema_version": 0,
          "private": "bnVsbA==",
          "dependencies": [
            "aws_eks_cluster.main",
            "aws_iam_role.eks_cluster_role",
            "aws_iam_role_policy_attachment.eks_cluster_policy",
            "aws_iam_role_policy_attachment.eks_vpc_controller",
            "aws_subnet.private_1",
            "aws_subnet.private_2",
            "aws_subnet.public_1",
            "aws_subnet.public_2",
            "aws_vpc.main_vpc"
          ]
        }
      ]
    },
    {
      "mode": "managed",
      "type": "aws_iam_policy",
      "name": "bastion_secrets_policy",
      "provider": "provider[\"registry.terraform.io/hashicorp/aws\"]",
      "instances": [
        {
          "schema_version": 0,
          "attributes": {
            "arn": "arn:aws:iam::215848077383:policy/bastion-secrets-access",
            "attachment_count": 1,
            "description": "Allow bastion EC2 to read SSH keys from Secrets Manager",
            "id": "arn:aws:iam::215848077383:policy/bastion-secrets-access",
            "name": "bastion-secrets-access",
            "name_prefix": "",
            "path": "/",
            "policy": "{\"Statement\":[{\"Action\":[\"secretsmanager:GetSecretValue\"],\"Effect\":\"Allow\",\"Resource\":[\"arn:aws:secretsmanager:us-east-2:215848077383:secret:bastion-ssh-private-key-oqqNoX\",\"arn:aws:secretsmanager:us-east-2:215848077383:secret:bastion-ssh-public-key-yavkNl\"]}],\"Version\":\"2012-10-17\"}",
            "policy_id": "ANPATEQMMJBDY6T3ZWYRA",
            "tags": {},
            "tags_all": {}
          },
          "sensitive_attributes": [],
          "identity_schema_version": 0,
          "private": "bnVsbA==",
          "dependencies": [
            "aws_secretsmanager_secret.bastion_private_key",
            "aws_secretsmanager_secret.bastion_public_key"
          ]
        }
      ]
    },
    {
      "mode": "managed",
      "type": "aws_iam_role",
      "name": "aws_load_balancer_controller_role",
      "provider": "provider[\"registry.terraform.io/hashicorp/aws\"]",
      "instances": [
        {
          "schema_version": 0,
          "attributes": {
            "arn": "arn:aws:iam::215848077383:role/aws-load-balancer-controller-role",
            "assume_role_policy": "{\"Statement\":[{\"Action\":\"sts:AssumeRoleWithWebIdentity\",\"Condition\":{\"StringEquals\":{\"oidc.eks.us-east-2.amazonaws.com/id/9386C02E78A57DC010842CDB0805928A:sub\":\"system:serviceaccount:kube-system:aws-load-balancer-controller\"}},\"Effect\":\"Allow\",\"Principal\":{\"Federated\":\"arn:aws:iam::215848077383:oidc-provider/oidc.eks.us-east-2.amazonaws.com/id/9386C02E78A57DC010842CDB0805928A\"}}],\"Version\":\"2012-10-17\"}",
            "create_date": "2026-03-08T18:23:33Z",
            "description": "",
            "force_detach_policies": false,
            "id": "aws-load-balancer-controller-role",
            "inline_policy": [],
            "managed_policy_arns": [
              "arn:aws:iam::215848077383:policy/AWSLoadBalancerControllerIAMPolicy"
            ],
            "max_session_duration": 3600,
            "name": "aws-load-balancer-controller-role",
            "name_prefix": "",
            "path": "/",
            "permissions_boundary": "",
            "tags": {},
            "tags_all": {},
            "unique_id": "AROATEQMMJBD366NNROP2"
          },
          "sensitive_attributes": [],
          "identity_schema_version": 0,
          "private": "bnVsbA==",
          "dependencies": [
            "aws_eks_cluster.main",
            "aws_iam_openid_connect_provider.eks",
            "aws_iam_role.eks_cluster_role",
            "aws_iam_role_policy_attachment.eks_cluster_policy",
            "aws_iam_role_policy_attachment.eks_vpc_controller",
            "aws_subnet.private_1",
            "aws_subnet.private_2",
            "aws_subnet.public_1",
            "aws_subnet.public_2",
            "aws_vpc.main_vpc"
          ]
        }
      ]
    },
    {
      "mode": "managed",
      "type": "aws_iam_role",
      "name": "bastion_key_rotation_role",
      "provider": "provider[\"registry.terraform.io/hashicorp/aws\"]",
      "instances": [
        {
          "schema_version": 0,
          "attributes": {
            "arn": "arn:aws:iam::215848077383:role/bastion-key-rotation-role",
            "assume_role_policy": "{\"Statement\":[{\"Action\":\"sts:AssumeRole\",\"Effect\":\"Allow\",\"Principal\":{\"Service\":\"lambda.amazonaws.com\"}}],\"Version\":\"2012-10-17\"}",
            "create_date": "2026-03-08T18:12:44Z",
            "description": "",
            "force_detach_policies": false,
            "id": "bastion-key-rotation-role",
            "inline_policy": [
              {
                "name": "bastion-key-rotation-policy",
                "policy": "{\"Version\":\"2012-10-17\",\"Statement\":[{\"Action\":[\"secretsmanager:GetSecretValue\",\"secretsmanager:PutSecretValue\",\"secretsmanager:UpdateSecretVersionStage\"],\"Effect\":\"Allow\",\"Resource\":[\"arn:aws:secretsmanager:us-east-2:215848077383:secret:bastion-ssh-private-key-oqqNoX\",\"arn:aws:secretsmanager:us-east-2:215848077383:secret:bastion-ssh-public-key-yavkNl\"]},{\"Action\":[\"logs:CreateLogGroup\",\"logs:CreateLogStream\",\"logs:PutLogEvents\"],\"Effect\":\"Allow\",\"Resource\":\"*\"}]}"
              }
            ],
            "managed_policy_arns": [],
            "max_session_duration": 3600,
            "name": "bastion-key-rotation-role",
            "name_prefix": "",
            "path": "/",
            "permissions_boundary": "",
            "tags": {},
            "tags_all": {},
            "unique_id": "AROATEQMMJBDV4GQEYEVX"
          },
          "sensitive_attributes": [],
          "identity_schema_version": 0,
          "private": "bnVsbA=="
        }
      ]
    },
    {
      "mode": "managed",
      "type": "aws_iam_role",
      "name": "bastion_role",
      "provider": "provider[\"registry.terraform.io/hashicorp/aws\"]",
      "instances": [
        {
          "schema_version": 0,
          "attributes": {
            "arn": "arn:aws:iam::215848077383:role/bastion-instance-role",
            "assume_role_policy": "{\"Statement\":[{\"Action\":\"sts:AssumeRole\",\"Effect\":\"Allow\",\"Principal\":{\"Service\":\"ec2.amazonaws.com\"}}],\"Version\":\"2012-10-17\"}",
            "create_date": "2026-03-08T18:12:44Z",
            "description": "",
            "force_detach_policies": false,
            "id": "bastion-instance-role",
            "inline_policy": [],
            "managed_policy_arns": [
              "arn:aws:iam::215848077383:policy/bastion-secrets-access"
            ],
            "max_session_duration": 3600,
            "name": "bastion-instance-role",
            "name_prefix": "",
            "path": "/",
            "permissions_boundary": "",
            "tags": {},
            "tags_all": {},
            "unique_id": "AROATEQMMJBDQHUUF4L4T"
          },
          "sensitive_attributes": [],
          "identity_schema_version": 0,
          "private": "bnVsbA=="
        }
      ]
    },
    {
      "mode": "managed",
      "type": "aws_iam_role",
      "name": "eks_cluster_role",
      "provider": "provider[\"registry.terraform.io/hashicorp/aws\"]",
      "instances": [
        {
          "schema_version": 0,
          "attributes": {
            "arn": "arn:aws:iam::215848077383:role/eks-cluster-role",
            "assume_role_policy": "{\"Statement\":[{\"Action\":\"sts:AssumeRole\",\"Effect\":\"Allow\",\"Principal\":{\"Service\":\"eks.amazonaws.com\"}}],\"Version\":\"2012-10-17\"}",
            "create_date": "2026-03-08T18:12:44Z",
            "description": "",
            "force_detach_policies": false,
            "id": "eks-cluster-role",
            "inline_policy": [],
            "managed_policy_arns": [
              "arn:aws:iam::aws:policy/AmazonEKSClusterPolicy",
              "arn:aws:iam::aws:policy/AmazonEKSVPCResourceController"
            ],
            "max_session_duration": 3600,
            "name": "eks-cluster-role",
            "name_prefix": "",
            "path": "/",
            "permissions_boundary": "",
            "tags": {},
            "tags_all": {},
            "unique_id": "AROATEQMMJBD7HTQDPU5X"
          },
          "sensitive_attributes": [],
          "identity_schema_version": 0,
          "private": "bnVsbA=="
        }
      ]
    },
    {
      "mode": "managed",
      "type": "aws_iam_role",
      "name": "eks_control_node_role",
      "provider": "provider[\"registry.terraform.io/hashicorp/aws\"]",
      "instances": [
        {
          "schema_version": 0,
          "attributes": {
            "arn": "arn:aws:iam::215848077383:role/eks-control-node-role",
            "assume_role_policy": "{\"Statement\":[{\"Action\":\"sts:AssumeRole\",\"Effect\":\"Allow\",\"Principal\":{\"Service\":\"ec2.amazonaws.com\"}}],\"Version\":\"2012-10-17\"}",
            "create_date": "2026-03-08T18:12:44Z",
            "description": "",
            "force_detach_policies": false,
            "id": "eks-control-node-role",
            "inline_policy": [],
            "managed_policy_arns": [
              "arn:aws:iam::aws:policy/AdministratorAccess",
              "arn:aws:iam::aws:policy/AmazonEC2ContainerRegistryReadOnly",
              "arn:aws:iam::aws:policy/AmazonEKSWorkerNodePolicy",
              "arn:aws:iam::aws:policy/AmazonEKS_CNI_Policy"
            ],
            "max_session_duration": 3600,
            "name": "eks-control-node-role",
            "name_prefix": "",
            "path": "/",
            "permissions_boundary": "",
            "tags": {},
            "tags_all": {},
            "unique_id": "AROATEQMMJBDYM3ISF722"
          },
          "sensitive_attributes": [],
          "identity_schema_version": 0,
          "private": "bnVsbA=="
        }
      ]
    },
    {
      "mode": "managed",
      "type": "aws_iam_role",
      "name": "eks_node_role",
      "provider": "provider[\"registry.terraform.io/hashicorp/aws\"]",
      "instances": [
        {
          "schema_version": 0,
          "attributes": {
            "arn": "arn:aws:iam::215848077383:role/eks-node-role",
            "assume_role_policy": "{\"Statement\":[{\"Action\":\"sts:AssumeRole\",\"Effect\":\"Allow\",\"Principal\":{\"Service\":\"ec2.amazonaws.com\"}}],\"Version\":\"2012-10-17\"}",
            "create_date": "2026-03-08T18:12:44Z",
            "description": "",
            "force_detach_policies": false,
            "id": "eks-node-role",
            "inline_policy": [],
            "managed_policy_arns": [
              "arn:aws:iam::aws:policy/AmazonEC2ContainerRegistryReadOnly",
              "arn:aws:iam::aws:policy/AmazonEKSWorkerNodePolicy",
              "arn:aws:iam::aws:policy/AmazonEKS_CNI_Policy"
            ],
            "max_session_duration": 3600,
            "name": "eks-node-role",
            "name_prefix": "",
            "path": "/",
            "permissions_boundary": "",
            "tags": {},
            "tags_all": {},
            "unique_id": "AROATEQMMJBDYMYPYINQV"
          },
          "sensitive_attributes": [],
          "identity_schema_version": 0,
          "private": "bnVsbA=="
        }
      ]
    },
    {
      "mode": "managed",
      "type": "aws_iam_role_policy",
      "name": "bastion_key_rotation_policy",
      "provider": "provider[\"registry.terraform.io/hashicorp/aws\"]",
      "instances": [
        {
          "schema_version": 0,
          "attributes": {
            "id": "bastion-key-rotation-role:bastion-key-rotation-policy",
            "name": "bastion-key-rotation-policy",
            "name_prefix": "",
            "policy": "{\"Version\":\"2012-10-17\",\"Statement\":[{\"Action\":[\"secretsmanager:GetSecretValue\",\"secretsmanager:PutSecretValue\",\"secretsmanager:UpdateSecretVersionStage\"],\"Effect\":\"Allow\",\"Resource\":[\"arn:aws:secretsmanager:us-east-2:215848077383:secret:bastion-ssh-private-key-oqqNoX\",\"arn:aws:secretsmanager:us-east-2:215848077383:secret:bastion-ssh-public-key-yavkNl\"]},{\"Action\":[\"logs:CreateLogGroup\",\"logs:CreateLogStream\",\"logs:PutLogEvents\"],\"Effect\":\"Allow\",\"Resource\":\"*\"}]}",
            "role": "bastion-key-rotation-role"
          },
          "sensitive_attributes": [],
          "identity_schema_version": 0,
          "private": "bnVsbA==",
          "dependencies": [
            "aws_iam_role.bastion_key_rotation_role",
            "aws_secretsmanager_secret.bastion_private_key",
            "aws_secretsmanager_secret.bastion_public_key"
          ]
        }
      ]
    },
    {
      "mode": "managed",
      "type": "aws_iam_role_policy_attachment",
      "name": "alb_controller_attach_policy",
      "provider": "provider[\"registry.terraform.io/hashicorp/aws\"]",
      "instances": [
        {
          "schema_version": 0,
          "attributes": {
            "id": "aws-load-balancer-controller-role-2026030818233443860000001c",
            "policy_arn": "arn:aws:iam::215848077383:policy/AWSLoadBalancerControllerIAMPolicy",
            "role": "aws-load-balancer-controller-role"
          },
          "sensitive_attributes": [],
          "identity_schema_version": 0,
          "private": "bnVsbA==",
          "dependencies": [
            "aws_eks_cluster.main",
            "aws_iam_openid_connect_provider.eks",
            "aws_iam_role.aws_load_balancer_controller_role",
            "aws_iam_role.eks_cluster_role",
            "aws_iam_role_policy_attachment.eks_cluster_policy",
            "aws_iam_role_policy_attachment.eks_vpc_controller",
            "aws_subnet.private_1",
            "aws_subnet.private_2",
            "aws_subnet.public_1",
            "aws_subnet.public_2",
            "aws_vpc.main_vpc"
          ]
        }
      ]
    },
    {
      "mode": "managed",
      "type": "aws_iam_role_policy_attachment",
      "name": "bastion_attach_policy",
      "provider": "provider[\"registry.terraform.io/hashicorp/aws\"]",
      "instances": [
        {
          "schema_version": 0,
          "attributes": {
            "id": "bastion-instance-role-20260308182919080200000006",
            "policy_arn": "arn:aws:iam::215848077383:policy/bastion-secrets-access",
            "role": "bastion-instance-role"
          },
          "sensitive_attributes": [],
          "identity_schema_version": 0,
          "private": "bnVsbA==",
          "dependencies": [
            "aws_iam_policy.bastion_secrets_policy",
            "aws_iam_role.bastion_role",
            "aws_secretsmanager_secret.bastion_private_key",
            "aws_secretsmanager_secret.bastion_public_key"
          ]
        }
      ]
    },
    {
      "mode": "managed",
      "type": "aws_iam_role_policy_attachment",
      "name": "control_cni_policy",
      "provider": "provider[\"registry.terraform.io/hashicorp/aws\"]",
      "instances": [
        {
          "schema_version": 0,
          "attributes": {
            "id": "eks-control-node-role-20260308181246239000000008",
            "policy_arn": "arn:aws:iam::aws:policy/AmazonEKS_CNI_Policy",
            "role": "eks-control-node-role"
          },
          "sensitive_attributes": [],
          "identity_schema_version": 0,
          "private": "bnVsbA==",
          "dependencies": [
            "aws_iam_role.eks_control_node_role"
          ]
        }
      ]
    },
    {
      "mode": "managed",
      "type": "aws_iam_role_policy_attachment",
      "name": "control_node_policy",
      "provider": "provider[\"registry.terraform.io/hashicorp/aws\"]",
      "instances": [
        {
          "schema_version": 0,
          "attributes": {
            "id": "eks-control-node-role-20260308181246057300000006",
            "policy_arn": "arn:aws:iam::aws:policy/AmazonEKSWorkerNodePolicy",
            "role": "eks-control-node-role"
          },
          "sensitive_attributes": [],
          "identity_schema_version": 0,
          "private": "bnVsbA==",
          "dependencies": [
            "aws_iam_role.eks_control_node_role"
          ]
        }
      ]
    },
    {
      "mode": "managed",
      "type": "aws_iam_role_policy_attachment",
      "name": "control_registry_policy",
      "provider": "provider[\"registry.terraform.io/hashicorp/aws\"]",
      "instances": [
        {
          "schema_version": 0,
          "attributes": {
            "id": "eks-control-node-role-20260308181246302900000009",
            "policy_arn": "arn:aws:iam::aws:policy/AmazonEC2ContainerRegistryReadOnly",
            "role": "eks-control-node-role"
          },
          "sensitive_attributes": [],
          "identity_schema_version": 0,
          "private": "bnVsbA==",
          "dependencies": [
            "aws_iam_role.eks_control_node_role"
          ]
        }
      ]
    },
    {
      "mode": "managed",
      "type": "aws_iam_role_policy_attachment",
      "name": "eks_admin_policy",
      "provider": "provider[\"registry.terraform.io/hashicorp/aws\"]",
      "instances": [
        {
          "schema_version": 0,
          "attributes": {
            "id": "eks-control-node-role-20260308181246098600000007",
            "policy_arn": "arn:aws:iam::aws:policy/AdministratorAccess",
            "role": "eks-control-node-role"
          },
          "sensitive_attributes": [],
          "identity_schema_version": 0,
          "private": "bnVsbA==",
          "dependencies": [
            "aws_iam_role.eks_control_node_role"
          ]
        }
      ]
    },
    {
      "mode": "managed",
      "type": "aws_iam_role_policy_attachment",
      "name": "eks_cluster_policy",
      "provider": "provider[\"registry.terraform.io/hashicorp/aws\"]",
      "instances": [
        {
          "schema_version": 0,
          "attributes": {
            "id": "eks-cluster-role-2026030818124811550000000b",
            "policy_arn": "arn:aws:iam::aws:policy/AmazonEKSClusterPolicy",
            "role": "eks-cluster-role"
          },
          "sensitive_attributes": [],
          "identity_schema_version": 0,
          "private": "bnVsbA==",
          "dependencies": [
            "aws_iam_role.eks_cluster_role"
          ]
        }
      ]
    },
    {
      "mode": "managed",
      "type": "aws_iam_role_policy_attachment",
      "name": "eks_vpc_controller",
      "provider": "provider[\"registry.terraform.io/hashicorp/aws\"]",
      "instances": [
        {
          "schema_version": 0,
          "attributes": {
            "id": "eks-cluster-role-2026030818124794470000000a",
            "policy_arn": "arn:aws:iam::aws:policy/AmazonEKSVPCResourceController",
            "role": "eks-cluster-role"
          },
          "sensitive_attributes": [],
          "identity_schema_version": 0,
          "private": "bnVsbA==",
          "dependencies": [
            "aws_iam_role.eks_cluster_role"
          ]
        }
      ]
    },
    {
      "mode": "managed",
      "type": "aws_iam_role_policy_attachment",
      "name": "worker_cni_policy",
      "provider": "provider[\"registry.terraform.io/hashicorp/aws\"]",
      "instances": [
        {
          "schema_version": 0,
          "attributes": {
            "id": "eks-node-role-2026030818124862130000000e",
            "policy_arn": "arn:aws:iam::aws:policy/AmazonEKS_CNI_Policy",
            "role": "eks-node-role"
          },
          "sensitive_attributes": [],
          "identity_schema_version": 0,
          "private": "bnVsbA==",
          "dependencies": [
            "aws_iam_role.eks_node_role"
          ]
        }
      ]
    },
    {
      "mode": "managed",
      "type": "aws_iam_role_policy_attachment",
      "name": "worker_node_policy",
      "provider": "provider[\"registry.terraform.io/hashicorp/aws\"]",
      "instances": [
        {
          "schema_version": 0,
          "attributes": {
            "id": "eks-node-role-2026030818124827900000000c",
            "policy_arn": "arn:aws:iam::aws:policy/AmazonEKSWorkerNodePolicy",
            "role": "eks-node-role"
          },
          "sensitive_attributes": [],
          "identity_schema_version": 0,
          "private": "bnVsbA==",
          "dependencies": [
            "aws_iam_role.eks_node_role"
          ]
        }
      ]
    },
    {
      "mode": "managed",
      "type": "aws_iam_role_policy_attachment",
      "name": "worker_registry_policy",
      "provider": "provider[\"registry.terraform.io/hashicorp/aws\"]",
      "instances": [
        {
          "schema_version": 0,
          "attributes": {
            "id": "eks-node-role-2026030818124846200000000d",
            "policy_arn": "arn:aws:iam::aws:policy/AmazonEC2ContainerRegistryReadOnly",
            "role": "eks-node-role"
          },
          "sensitive_attributes": [],
          "identity_schema_version": 0,
          "private": "bnVsbA==",
          "dependencies": [
            "aws_iam_role.eks_node_role"
          ]
        }
      ]
    },
    {
      "mode": "managed",
      "type": "aws_instance",
      "name": "bastion_1",
      "provider": "provider[\"registry.terraform.io/hashicorp/aws\"]",
      "instances": [
        {
          "schema_version": 1,
          "attributes": {
            "ami": "ami-040855b0715ee6f0b",
            "arn": "arn:aws:ec2:us-east-2:215848077383:instance/i-011770fcdfd3a39cf",
            "associate_public_ip_address": true,
            "availability_zone": "us-east-2a",
            "capacity_reservation_specification": [
              {
                "capacity_reservation_preference": "open",
                "capacity_reservation_target": []
              }
            ],
            "cpu_core_count": 1,
            "cpu_options": [
              {
                "amd_sev_snp": "",
                "core_count": 1,
                "threads_per_core": 2
              }
            ],
            "cpu_threads_per_core": 2,
            "credit_specification": [
              {
                "cpu_credits": "unlimited"
              }
            ],
            "disable_api_stop": false,
            "disable_api_termination": false,
            "ebs_block_device": [],
            "ebs_optimized": false,
            "enable_primary_ipv6": null,
            "enclave_options": [
              {
                "enabled": false
              }
            ],
            "ephemeral_block_device": [],
            "get_password_data": false,
            "hibernation": false,
            "host_id": "",
            "host_resource_group_arn": null,
            "iam_instance_profile": "",
            "id": "i-011770fcdfd3a39cf",
            "instance_initiated_shutdown_behavior": "stop",
            "instance_lifecycle": "",
            "instance_market_options": [],
            "instance_state": "running",
            "instance_type": "t3.micro",
            "ipv6_address_count": 0,
            "ipv6_addresses": [],
            "key_name": "bastion-keypair",
            "launch_template": [],
            "maintenance_options": [
              {
                "auto_recovery": "default"
              }
            ],
            "metadata_options": [
              {
                "http_endpoint": "enabled",
                "http_protocol_ipv6": "disabled",
                "http_put_response_hop_limit": 1,
                "http_tokens": "optional",
                "instance_metadata_tags": "disabled"
              }
            ],
            "monitoring": false,
            "network_interface": [],
            "outpost_arn": "",
            "password_data": "",
            "placement_group": "",
            "placement_partition_number": 0,
            "primary_network_interface_id": "eni-0deeb8ebabb7dd2a2",
            "private_dns": "ip-10-0-142-128.us-east-2.compute.internal",
            "private_dns_name_options": [
              {
                "enable_resource_name_dns_a_record": false,
                "enable_resource_name_dns_aaaa_record": false,
                "hostname_type": "ip-name"
              }
            ],
            "private_ip": "10.0.142.128",
            "public_dns": "ec2-18-188-95-232.us-east-2.compute.amazonaws.com",
            "public_ip": "18.188.95.232",
            "root_block_device": [
              {
                "delete_on_termination": true,
                "device_name": "/dev/xvda",
                "encrypted": false,
                "iops": 100,
                "kms_key_id": "",
                "tags": {},
                "tags_all": {},
                "throughput": 0,
                "volume_id": "vol-0bcce268b86a18dec",
                "volume_size": 8,
                "volume_type": "gp2"
              }
            ],
            "secondary_private_ips": [],
            "security_groups": [],
            "source_dest_check": true,
            "spot_instance_request_id": "",
            "subnet_id": "subnet-021b65705325f0664",
            "tags": {
              "Name": "bastion_host_1"
            },
            "tags_all": {
              "Name": "bastion_host_1"
            },
            "tenancy": "default",
            "timeouts": null,
            "user_data": null,
            "user_data_base64": null,
            "user_data_replace_on_change": false,
            "volume_tags": null,
            "vpc_security_group_ids": [
              "sg-0dbdd1ad9fa0961cb"
            ]
          },
          "sensitive_attributes": [],
          "identity_schema_version": 0,
          "private": "eyJlMmJmYjczMC1lY2FhLTExZTYtOGY4OC0zNDM2M2JjN2M0YzAiOnsiY3JlYXRlIjo2MDAwMDAwMDAwMDAsImRlbGV0ZSI6MTIwMDAwMDAwMDAwMCwicmVhZCI6OTAwMDAwMDAwMDAwLCJ1cGRhdGUiOjYwMDAwMDAwMDAwMH0sInNjaGVtYV92ZXJzaW9uIjoiMSJ9",
          "dependencies": [
            "aws_key_pair.bastion_keypair",
            "aws_security_group.bastion_sg",
            "aws_subnet.public_1",
            "aws_vpc.main_vpc",
            "data.aws_ami.amazon_linux_2",
            "tls_private_key.bastion_ssh_key"
          ]
        }
      ]
    },
    {
      "mode": "managed",
      "type": "aws_instance",
      "name": "bastion_2",
      "provider": "provider[\"registry.terraform.io/hashicorp/aws\"]",
      "instances": [
        {
          "schema_version": 1,
          "attributes": {
            "ami": "ami-040855b0715ee6f0b",
            "arn": "arn:aws:ec2:us-east-2:215848077383:instance/i-052b96cfc129d3d14",
            "associate_public_ip_address": true,
            "availability_zone": "us-east-2b",
            "capacity_reservation_specification": [
              {
                "capacity_reservation_preference": "open",
                "capacity_reservation_target": []
              }
            ],
            "cpu_core_count": 1,
            "cpu_options": [
              {
                "amd_sev_snp": "",
                "core_count": 1,
                "threads_per_core": 2
              }
            ],
            "cpu_threads_per_core": 2,
            "credit_specification": [
              {
                "cpu_credits": "unlimited"
              }
            ],
            "disable_api_stop": false,
            "disable_api_termination": false,
            "ebs_block_device": [],
            "ebs_optimized": false,
            "enable_primary_ipv6": null,
            "enclave_options": [
              {
                "enabled": false
              }
            ],
            "ephemeral_block_device": [],
            "get_password_data": false,
            "hibernation": false,
            "host_id": "",
            "host_resource_group_arn": null,
            "iam_instance_profile": "",
            "id": "i-052b96cfc129d3d14",
            "instance_initiated_shutdown_behavior": "stop",
            "instance_lifecycle": "",
            "instance_market_options": [],
            "instance_state": "running",
            "instance_type": "t3.micro",
            "ipv6_address_count": 0,
            "ipv6_addresses": [],
            "key_name": "bastion-keypair",
            "launch_template": [],
            "maintenance_options": [
              {
                "auto_recovery": "default"
              }
            ],
            "metadata_options": [
              {
                "http_endpoint": "enabled",
                "http_protocol_ipv6": "disabled",
                "http_put_response_hop_limit": 1,
                "http_tokens": "optional",
                "instance_metadata_tags": "disabled"
              }
            ],
            "monitoring": false,
            "network_interface": [],
            "outpost_arn": "",
            "password_data": "",
            "placement_group": "",
            "placement_partition_number": 0,
            "primary_network_interface_id": "eni-02f5ad31be876bcdf",
            "private_dns": "ip-10-0-153-97.us-east-2.compute.internal",
            "private_dns_name_options": [
              {
                "enable_resource_name_dns_a_record": false,
                "enable_resource_name_dns_aaaa_record": false,
                "hostname_type": "ip-name"
              }
            ],
            "private_ip": "10.0.153.97",
            "public_dns": "ec2-52-15-149-51.us-east-2.compute.amazonaws.com",
            "public_ip": "52.15.149.51",
            "root_block_device": [
              {
                "delete_on_termination": true,
                "device_name": "/dev/xvda",
                "encrypted": false,
                "iops": 100,
                "kms_key_id": "",
                "tags": {},
                "tags_all": {},
                "throughput": 0,
                "volume_id": "vol-07d16a394f937a9df",
                "volume_size": 8,
                "volume_type": "gp2"
              }
            ],
            "secondary_private_ips": [],
            "security_groups": [],
            "source_dest_check": true,
            "spot_instance_request_id": "",
            "subnet_id": "subnet-00f25252f916caac8",
            "tags": {
              "Name": "bastion_host_2"
            },
            "tags_all": {
              "Name": "bastion_host_2"
            },
            "tenancy": "default",
            "timeouts": null,
            "user_data": null,
            "user_data_base64": null,
            "user_data_replace_on_change": false,
            "volume_tags": null,
            "vpc_security_group_ids": [
              "sg-0dbdd1ad9fa0961cb"
            ]
          },
          "sensitive_attributes": [],
          "identity_schema_version": 0,
          "private": "eyJlMmJmYjczMC1lY2FhLTExZTYtOGY4OC0zNDM2M2JjN2M0YzAiOnsiY3JlYXRlIjo2MDAwMDAwMDAwMDAsImRlbGV0ZSI6MTIwMDAwMDAwMDAwMCwicmVhZCI6OTAwMDAwMDAwMDAwLCJ1cGRhdGUiOjYwMDAwMDAwMDAwMH0sInNjaGVtYV92ZXJzaW9uIjoiMSJ9",
          "dependencies": [
            "aws_key_pair.bastion_keypair",
            "aws_security_group.bastion_sg",
            "aws_subnet.public_2",
            "aws_vpc.main_vpc",
            "data.aws_ami.amazon_linux_2",
            "tls_private_key.bastion_ssh_key"
          ]
        }
      ]
    },
    {
      "mode": "managed",
      "type": "aws_instance",
      "name": "eks_control_node",
      "provider": "provider[\"registry.terraform.io/hashicorp/aws\"]",
      "instances": [
        {
          "schema_version": 1,
          "attributes": {
            "ami": "ami-040855b0715ee6f0b",
            "arn": "arn:aws:ec2:us-east-2:215848077383:instance/i-06845d84723908787",
            "associate_public_ip_address": false,
            "availability_zone": "us-east-2a",
            "capacity_reservation_specification": [
              {
                "capacity_reservation_preference": "open",
                "capacity_reservation_target": []
              }
            ],
            "cpu_core_count": 1,
            "cpu_options": [
              {
                "amd_sev_snp": "",
                "core_count": 1,
                "threads_per_core": 2
              }
            ],
            "cpu_threads_per_core": 2,
            "credit_specification": [
              {
                "cpu_credits": "unlimited"
              }
            ],
            "disable_api_stop": false,
            "disable_api_termination": false,
            "ebs_block_device": [],
            "ebs_optimized": false,
            "enable_primary_ipv6": null,
            "enclave_options": [
              {
                "enabled": false
              }
            ],
            "ephemeral_block_device": [],
            "get_password_data": false,
            "hibernation": false,
            "host_id": "",
            "host_resource_group_arn": null,
            "iam_instance_profile": "eks-control-node-profile",
            "id": "i-06845d84723908787",
            "instance_initiated_shutdown_behavior": "stop",
            "instance_lifecycle": "",
            "instance_market_options": [],
            "instance_state": "running",
            "instance_type": "t3.micro",
            "ipv6_address_count": 0,
            "ipv6_addresses": [],
            "key_name": "management-keypair",
            "launch_template": [],
            "maintenance_options": [
              {
                "auto_recovery": "default"
              }
            ],
            "metadata_options": [
              {
                "http_endpoint": "enabled",
                "http_protocol_ipv6": "disabled",
                "http_put_response_hop_limit": 1,
                "http_tokens": "optional",
                "instance_metadata_tags": "disabled"
              }
            ],
            "monitoring": false,
            "network_interface": [],
            "outpost_arn": "",
            "password_data": "",
            "placement_group": "",
            "placement_partition_number": 0,
            "primary_network_interface_id": "eni-0e72e49a0cb31bdee",
            "private_dns": "ip-10-0-10-205.us-east-2.compute.internal",
            "private_dns_name_options": [
              {
                "enable_resource_name_dns_a_record": false,
                "enable_resource_name_dns_aaaa_record": false,
                "hostname_type": "ip-name"
              }
            ],
            "private_ip": "10.0.10.205",
            "public_dns": "",
            "public_ip": "",
            "root_block_device": [
              {
                "delete_on_termination": true,
                "device_name": "/dev/xvda",
                "encrypted": false,
                "iops": 100,
                "kms_key_id": "",
                "tags": {},
                "tags_all": {},
                "throughput": 0,
                "volume_id": "vol-03f2d29b397a87367",
                "volume_size": 8,
                "volume_type": "gp2"
              }
            ],
            "secondary_private_ips": [],
            "security_groups": [],
            "source_dest_check": true,
            "spot_instance_request_id": "",
            "subnet_id": "subnet-05c14780c84333f8b",
            "tags": {
              "Name": "eks-control-node"
            },
            "tags_all": {
              "Name": "eks-control-node"
            },
            "tenancy": "default",
            "timeouts": null,
            "user_data": "e47d841f6a9a45ff33fda5c9aae160c04b53bbe5",
            "user_data_base64": null,
            "user_data_replace_on_change": false,
            "volume_tags": null,
            "vpc_security_group_ids": [
              "sg-0895a3743a3889aa6"
            ]
          },
          "sensitive_attributes": [],
          "identity_schema_version": 0,
          "private": "eyJlMmJmYjczMC1lY2FhLTExZTYtOGY4OC0zNDM2M2JjN2M0YzAiOnsiY3JlYXRlIjo2MDAwMDAwMDAwMDAsImRlbGV0ZSI6MTIwMDAwMDAwMDAwMCwicmVhZCI6OTAwMDAwMDAwMDAwLCJ1cGRhdGUiOjYwMDAwMDAwMDAwMH0sInNjaGVtYV92ZXJzaW9uIjoiMSJ9",
          "dependencies": [
            "aws_eks_cluster.main",
            "aws_iam_instance_profile.eks_control_node_profile",
            "aws_iam_role.eks_cluster_role",
            "aws_iam_role.eks_control_node_role",
            "aws_iam_role_policy_attachment.eks_cluster_policy",
            "aws_iam_role_policy_attachment.eks_vpc_controller",
            "aws_key_pair.management_keypair",
            "aws_security_group.management_sg",
            "aws_subnet.private_1",
            "aws_subnet.private_2",
            "aws_subnet.public_1",
            "aws_subnet.public_2",
            "aws_vpc.main_vpc",
            "data.aws_ami.amazon_linux_2",
            "tls_private_key.management_ssh_key"
          ]
        }
      ]
    },
    {
      "mode": "managed",
      "type": "aws_internet_gateway",
      "name": "igw",
      "provider": "provider[\"registry.terraform.io/hashicorp/aws\"]",
      "instances": [
        {
          "schema_version": 0,
          "attributes": {
            "arn": "arn:aws:ec2:us-east-2:215848077383:internet-gateway/igw-06dbf29dfba30cc6b",
            "id": "igw-06dbf29dfba30cc6b",
            "owner_id": "215848077383",
            "tags": {
              "Name": "main-igw"
            },
            "tags_all": {
              "Name": "main-igw"
            },
            "timeouts": null,
            "vpc_id": "vpc-0f4419531a43d2b59"
          },
          "sensitive_attributes": [],
          "identity_schema_version": 0,
          "private": "eyJlMmJmYjczMC1lY2FhLTExZTYtOGY4OC0zNDM2M2JjN2M0YzAiOnsiY3JlYXRlIjoxMjAwMDAwMDAwMDAwLCJkZWxldGUiOjEyMDAwMDAwMDAwMDAsInVwZGF0ZSI6MTIwMDAwMDAwMDAwMH19",
          "dependencies": [
            "aws_vpc.main_vpc"
          ]
        }
      ]
    },
    {
      "mode": "managed",
      "type": "aws_key_pair",
      "name": "bastion_keypair",
      "provider": "provider[\"registry.terraform.io/hashicorp/aws\"]",
      "instances": [
        {
          "schema_version": 1,
          "attributes": {
            "arn": "arn:aws:ec2:us-east-2:215848077383:key-pair/bastion-keypair",
            "fingerprint": "5c:36:f3:62:6b:e1:7c:f3:ce:fc:5f:a2:f1:13:06:24",
            "id": "bastion-keypair",
            "key_name": "bastion-keypair",
            "key_name_prefix": "",
            "key_pair_id": "key-017b5cef3ba142005",
            "key_type": "rsa",
            "public_key": "ssh-rsa AAAAB3NzaC1yc2EAAAADAQABAAACAQDHMb+ziPydsIsFLLPwGJhQ2gqm3v6v41TNbTuG8IW0YuxM6ChhB9TY3piWolUwWlZw+Sa6vY4GiZbPvWA2Y68RS59gt/4YNsbVIZwgoSiGVyGKNo/wi3s1uAl3tUz2CEMKcqhF6TPu+c8SizdGwiKD5iQmIhqRVhdCl9rLzaHUK5CekPJ0uFt2CYsaQijYmrfazgeJDjCjDs3KpZ3qHfzE/qxeElOr2VvHOYsTRn504qBxPLgcOT4Fvnb7HqPiUxy7NXTNQIP4mmw1V5Ciu3OVWFGzlDMWZcMMBeE2d/o5gg7Laa+D2PnhaXsDh8u9Ma8mbrfVxxjp9DX+eT3+IPxWDG1HovHTbwstlCDwEU+UMY/ED6VcFJBZMcQxMlzw4cPhsy0BScmSQVHUwMYnJ+bF8XbmyDOJRb9EN/ktJOkA5B/QnCBeVzYqnPPO4xaGLlzm+Qjg2rCdpHEjA4JZqSbpP7lWxJgtZuj2xfJ/se6H2D8pgZU6B7xvDfTZuHIYqwwUZ1Mh1M2Oikz2HM0hQSmepwITkm3XGS57R0sZUBC5pUza9kbxkFifZnRfDA3gzTK4NH5syPeW42FXtqRmCYGvbjeLA13hXio8aIE8+rKsoM8n7Mfpi3Ql3TbpDADN6d6hweLF/T7BDJ/Ig+Q6OPRORAOU+A+/0Sc7+mVr54/YMQ==",
            "tags": {},
            "tags_all": {}
          },
          "sensitive_attributes": [],
          "identity_schema_version": 0,
          "private": "eyJzY2hlbWFfdmVyc2lvbiI6IjEifQ==",
          "dependencies": [
            "tls_private_key.bastion_ssh_key"
          ],
          "create_before_destroy": true
        }
      ]
    },
    {
      "mode": "managed",
      "type": "aws_key_pair",
      "name": "management_keypair",
      "provider": "provider[\"registry.terraform.io/hashicorp/aws\"]",
      "instances": [
        {
          "schema_version": 1,
          "attributes": {
            "arn": "arn:aws:ec2:us-east-2:215848077383:key-pair/management-keypair",
            "fingerprint": "2e:a4:ff:81:c0:48:47:64:09:ed:c6:67:ed:26:e9:0d",
            "id": "management-keypair",
            "key_name": "management-keypair",
            "key_name_prefix": "",
            "key_pair_id": "key-0b6013ee5355be4ac",
            "key_type": "rsa",
            "public_key": "ssh-rsa AAAAB3NzaC1yc2EAAAADAQABAAACAQDLQHBEankpQGfQXUbuqWqhx+WE4FMT3Mu42q2xKVn2FvF49aWHeAC88HBIhTvr9XGVJKYEYIS96R0KY0TyMf9t1dzyFlhoA3bxS9M0WMzdk4nUFcEWx15jThibx86p6AJDIbugW/eOX9EXuacbbfbReP96GTrbtoM42+VhrJ4uOkjIDkS2R9+kBPYWnaKCA+SUAMpcbeUeiu0WPtaV1PTNYemNi+HGSxwIe9pqLE5QJx6OFlOnySuLYF6Z+GhMC8Bbpm/mcFwO4pcvCs2eC7vYPs/n8WlxFiY2qnFONz4256Kl/HdRwhJeWM4XDpHZg3scWrn4Zm6LuikZ3ZUSSfkoCbn9Sl4If9KG0QOyq86JmRhkgeGWN+KuAYX9h71BfSy39/LXw7djTMAxqIynQl1T20p9eVnb3AIBp6xqwy+XlfA7G0Zgv4tGsHd2cYr+FHxSL79wJr+e4Qg6X2oH3C9eyeBNUHcgMwf89SB6FnqdkcWLpbiv7S1tpgXg9J0wZVGpFK5qjoQfyzrdJmVtR0Al/qTHNOF2XxmtqaRC4ErQx6bFy8kh8ARnahJzKPsiSuoq3ryFtYNH3jxIIgLAIlTUhz8gEb9hRk9cK55pR/WNgvTiaQGzoXV4F7zW1ocqk7geHajyLAH5QVCyZEGVunySzGa/xC/5kTc5gg+i2Mecvw==",
            "tags": {},
            "tags_all": {}
          },
          "sensitive_attributes": [],
          "identity_schema_version": 0,
          "private": "eyJzY2hlbWFfdmVyc2lvbiI6IjEifQ==",
          "dependencies": [
            "tls_private_key.management_ssh_key"
          ]
        }
      ]
    },
    {
      "mode": "managed",
      "type": "aws_lambda_function",
      "name": "bastion_key_rotation_lambda",
      "provider": "provider[\"registry.terraform.io/hashicorp/aws\"]",
      "instances": [
        {
          "schema_version": 0,
          "attributes": {
            "architectures": [
              "x86_64"
            ],
            "arn": "arn:aws:lambda:us-east-2:215848077383:function:rotate-bastion-ssh-key",
            "code_sha256": "Z0rNec7bOgVhE1I9BoeMNwWufS9558QSC7KiVcg36cs=",
            "code_signing_config_arn": "",
            "dead_letter_config": [],
            "description": "",
            "environment": [
              {
                "variables": {
                  "PRIVATE_SECRET_ARN": "arn:aws:secretsmanager:us-east-2:215848077383:secret:bastion-ssh-private-key-oqqNoX",
                  "PUBLIC_SECRET_ARN": "arn:aws:secretsmanager:us-east-2:215848077383:secret:bastion-ssh-public-key-yavkNl"
                }
              }
            ],
            "ephemeral_storage": [
              {
                "size": 512
              }
            ],
            "file_system_config": [],
            "filename": "rotate_bastion_key.zip",
            "function_name": "rotate-bastion-ssh-key",
            "handler": "rotate_bastion_key.lambda_handler",
            "id": "rotate-bastion-ssh-key",
            "image_config": [],
            "image_uri": "",
            "invoke_arn": "arn:aws:apigateway:us-east-2:lambda:path/2015-03-31/functions/arn:aws:lambda:us-east-2:215848077383:function:rotate-bastion-ssh-key/invocations",
            "kms_key_arn": "",
            "last_modified": "2026-03-08T18:29:18.891+0000",
            "layers": [],
            "logging_config": [
              {
                "application_log_level": "",
                "log_format": "Text",
                "log_group": "/aws/lambda/rotate-bastion-ssh-key",
                "system_log_level": ""
              }
            ],
            "memory_size": 128,
            "package_type": "Zip",
            "publish": false,
            "qualified_arn": "arn:aws:lambda:us-east-2:215848077383:function:rotate-bastion-ssh-key:$LATEST",
            "qualified_invoke_arn": "arn:aws:apigateway:us-east-2:lambda:path/2015-03-31/functions/arn:aws:lambda:us-east-2:215848077383:function:rotate-bastion-ssh-key:$LATEST/invocations",
            "replace_security_groups_on_destroy": null,
            "replacement_security_group_ids": null,
            "reserved_concurrent_executions": -1,
            "role": "arn:aws:iam::215848077383:role/bastion-key-rotation-role",
            "runtime": "python3.10",
            "s3_bucket": null,
            "s3_key": null,
            "s3_object_version": null,
            "signing_job_arn": "",
            "signing_profile_version_arn": "",
            "skip_destroy": false,
            "snap_start": [],
            "source_code_hash": "",
            "source_code_size": 698,
            "tags": {},
            "tags_all": {},
            "timeout": 30,
            "timeouts": null,
            "tracing_config": [
              {
                "mode": "PassThrough"
              }
            ],
            "version": "$LATEST",
            "vpc_config": []
          },
          "sensitive_attributes": [],
          "identity_schema_version": 0,
          "private": "eyJlMmJmYjczMC1lY2FhLTExZTYtOGY4OC0zNDM2M2JjN2M0YzAiOnsiY3JlYXRlIjo2MDAwMDAwMDAwMDAsImRlbGV0ZSI6NjAwMDAwMDAwMDAwLCJ1cGRhdGUiOjYwMDAwMDAwMDAwMH19",
          "dependencies": [
            "aws_iam_role.bastion_key_rotation_role",
            "aws_secretsmanager_secret.bastion_private_key",
            "aws_secretsmanager_secret.bastion_public_key"
          ]
        }
      ]
    },
    {
      "mode": "managed",
      "type": "aws_lambda_permission",
      "name": "allow_secretsmanager_invoke",
      "provider": "provider[\"registry.terraform.io/hashicorp/aws\"]",
      "instances": [
        {
          "schema_version": 0,
          "attributes": {
            "action": "lambda:InvokeFunction",
            "event_source_token": null,
            "function_name": "rotate-bastion-ssh-key",
            "function_url_auth_type": null,
            "id": "AllowSecretsManagerInvoke",
            "principal": "secretsmanager.amazonaws.com",
            "principal_org_id": null,
            "qualifier": "",
            "source_account": null,
            "source_arn": null,
            "statement_id": "AllowSecretsManagerInvoke",
            "statement_id_prefix": ""
          },
          "sensitive_attributes": [],
          "identity_schema_version": 0,
          "private": "bnVsbA==",
          "dependencies": [
            "aws_iam_role.bastion_key_rotation_role",
            "aws_lambda_function.bastion_key_rotation_lambda",
            "aws_secretsmanager_secret.bastion_private_key",
            "aws_secretsmanager_secret.bastion_public_key"
          ]
        }
      ]
    },
    {
      "mode": "managed",
      "type": "aws_launch_template",
      "name": "bastion_lt",
      "provider": "provider[\"registry.terraform.io/hashicorp/aws\"]",
      "instances": [
        {
          "schema_version": 0,
          "attributes": {
            "arn": "arn:aws:ec2:us-east-2:215848077383:launch-template/lt-0c943fa2640cec864",
            "block_device_mappings": [],
            "capacity_reservation_specification": [],
            "cpu_options": [],
            "credit_specification": [],
            "default_version": 1,
            "description": "",
            "disable_api_stop": false,
            "disable_api_termination": false,
            "ebs_optimized": "",
            "elastic_gpu_specifications": [],
            "elastic_inference_accelerator": [],
            "enclave_options": [],
            "hibernation_options": [],
            "iam_instance_profile": [],
            "id": "lt-0c943fa2640cec864",
            "image_id": "ami-040855b0715ee6f0b",
            "instance_initiated_shutdown_behavior": "",
            "instance_market_options": [],
            "instance_requirements": [],
            "instance_type": "t3.micro",
            "kernel_id": "",
            "key_name": "bastion-keypair",
            "latest_version": 1,
            "license_specification": [],
            "maintenance_options": [],
            "metadata_options": [],
            "monitoring": [],
            "name": "bastion-lt-20260308181306794000000010",
            "name_prefix": "bastion-lt-",
            "network_interfaces": [],
            "placement": [],
            "private_dns_name_options": [],
            "ram_disk_id": "",
            "security_group_names": [],
            "tag_specifications": [
              {
                "resource_type": "instance",
                "tags": {
                  "Name": "bastion-asg-instance"
                }
              }
            ],
            "tags": {},
            "tags_all": {},
            "update_default_version": null,
            "user_data": "IyEvYmluL2Jhc2gKeXVtIHVwZGF0ZSAteQp5dW0gaW5zdGFsbCAteSBhd3NjbGkganEKClNFQ1JFVF9OQU1FPSJiYXN0aW9uLXNzaC1wdWJsaWMta2V5IgpSRUdJT049InVzLWVhc3QtMiIKClBVQkxJQ19LRVk9JChhd3Mgc2VjcmV0c21hbmFnZXIgZ2V0LXNlY3JldC12YWx1ZSAtLXNlY3JldC1pZCAkU0VDUkVUX05BTUUgLS1xdWVyeSBTZWNyZXRTdHJpbmcgLS1vdXRwdXQgdGV4dCAtLXJlZ2lvbiAkUkVHSU9OKQoKbWtkaXIgLXAgL2hvbWUvZWMyLXVzZXIvLnNzaAplY2hvICIkUFVCTElDX0tFWSIgPj4gL2hvbWUvZWMyLXVzZXIvLnNzaC9hdXRob3JpemVkX2tleXMKY2hvd24gLVIgZWMyLXVzZXI6ZWMyLXVzZXIgL2hvbWUvZWMyLXVzZXIvLnNzaApjaG1vZCA3MDAgL2hvbWUvZWMyLXVzZXIvLnNzaApjaG1vZCA2MDAgL2hvbWUvZWMyLXVzZXIvLnNzaC9hdXRob3JpemVkX2tleXMKCmVjaG8gIkJhc3Rpb24gU1NIIGtleSBjb25maWd1cmVkIGZyb20gU2VjcmV0cyBNYW5hZ2VyIiA+PiAvdmFyL2xvZy91c2VyLWRhdGEubG9nCg==",
            "vpc_security_group_ids": [
              "sg-0dbdd1ad9fa0961cb"
            ]
          },
          "sensitive_attributes": [],
          "identity_schema_version": 0,
          "private": "bnVsbA==",
          "dependencies": [
            "aws_key_pair.bastion_keypair",
            "aws_security_group.bastion_sg",
            "aws_vpc.main_vpc",
            "data.aws_ami.amazon_linux_2",
            "tls_private_key.bastion_ssh_key"
          ],
          "create_before_destroy": true
        }
      ]
    },
    {
      "mode": "managed",
      "type": "aws_lb",
      "name": "bastion_nlb",
      "provider": "provider[\"registry.terraform.io/hashicorp/aws\"]",
      "instances": [
        {
          "schema_version": 0,
          "attributes": {
            "access_logs": [
              {
                "bucket": "",
                "enabled": false,
                "prefix": ""
              }
            ],
            "arn": "arn:aws:elasticloadbalancing:us-east-2:215848077383:loadbalancer/net/bastion-nlb/9c3dba758bca033a",
            "arn_suffix": "net/bastion-nlb/9c3dba758bca033a",
            "client_keep_alive": null,
            "connection_logs": [],
            "customer_owned_ipv4_pool": "",
            "desync_mitigation_mode": null,
            "dns_name": "bastion-nlb-9c3dba758bca033a.elb.us-east-2.amazonaws.com",
            "dns_record_client_routing_policy": "any_availability_zone",
            "drop_invalid_header_fields": null,
            "enable_cross_zone_load_balancing": false,
            "enable_deletion_protection": false,
            "enable_http2": null,
            "enable_tls_version_and_cipher_suite_headers": null,
            "enable_waf_fail_open": null,
            "enable_xff_client_port": null,
            "enable_zonal_shift": false,
            "enforce_security_group_inbound_rules_on_private_link_traffic": "",
            "id": "arn:aws:elasticloadbalancing:us-east-2:215848077383:loadbalancer/net/bastion-nlb/9c3dba758bca033a",
            "idle_timeout": null,
            "internal": false,
            "ip_address_type": "ipv4",
            "ipam_pools": [],
            "load_balancer_type": "network",
            "minimum_load_balancer_capacity": [],
            "name": "bastion-nlb",
            "name_prefix": "",
            "preserve_host_header": null,
            "security_groups": [],
            "subnet_mapping": [
              {
                "allocation_id": "",
                "ipv6_address": "",
                "outpost_id": "",
                "private_ipv4_address": "",
                "subnet_id": "subnet-00f25252f916caac8"
              },
              {
                "allocation_id": "",
                "ipv6_address": "",
                "outpost_id": "",
                "private_ipv4_address": "",
                "subnet_id": "subnet-021b65705325f0664"
              }
            ],
            "subnets": [
              "subnet-00f25252f916caac8",
              "subnet-021b65705325f0664"
            ],
            "tags": {
              "Name": "bastion_nlb"
            },
            "tags_all": {
              "Name": "bastion_nlb"
            },
            "timeouts": null,
            "vpc_id": "vpc-0f4419531a43d2b59",
            "xff_header_processing_mode": null,
            "zone_id": "ZLMOA37VPKANP"
          },
          "sensitive_attributes": [],
          "identity_schema_version": 0,
          "private": "eyJlMmJmYjczMC1lY2FhLTExZTYtOGY4OC0zNDM2M2JjN2M0YzAiOnsiY3JlYXRlIjo2MDAwMDAwMDAwMDAsImRlbGV0ZSI6NjAwMDAwMDAwMDAwLCJ1cGRhdGUiOjYwMDAwMDAwMDAwMH19",
          "dependencies": [
            "aws_subnet.public_1",
            "aws_subnet.public_2",
            "aws_vpc.main_vpc"
          ],
          "create_before_destroy": true
        }
      ]
    },
    {
      "mode": "managed",
      "type": "aws_lb_listener",
      "name": "bastion_listener",
      "provider": "provider[\"registry.terraform.io/hashicorp/aws\"]",
      "instances": [
        {
          "schema_version": 0,
          "attributes": {
            "alpn_policy": null,
            "arn": "arn:aws:elasticloadbalancing:us-east-2:215848077383:listener/net/bastion-nlb/9c3dba758bca033a/afa85939d6f0220a",
            "certificate_arn": null,
            "default_action": [
              {
                "authenticate_cognito": [],
                "authenticate_oidc": [],
                "fixed_response": [],
                "forward": [],
                "order": 1,
                "redirect": [],
                "target_group_arn": "arn:aws:elasticloadbalancing:us-east-2:215848077383:targetgroup/bastion-tg/4197de3f2f93d2c7",
                "type": "forward"
              }
            ],
            "id": "arn:aws:elasticloadbalancing:us-east-2:215848077383:listener/net/bastion-nlb/9c3dba758bca033a/afa85939d6f0220a",
            "load_balancer_arn": "arn:aws:elasticloadbalancing:us-east-2:215848077383:loadbalancer/net/bastion-nlb/9c3dba758bca033a",
            "mutual_authentication": [],
            "port": 22,
            "protocol": "TCP",
            "routing_http_request_x_amzn_mtls_clientcert_header_name": null,
            "routing_http_request_x_amzn_mtls_clientcert_issuer_header_name": null,
            "routing_http_request_x_amzn_mtls_clientcert_leaf_header_name": null,
            "routing_http_request_x_amzn_mtls_clientcert_serial_number_header_name": null,
            "routing_http_request_x_amzn_mtls_clientcert_subject_header_name": null,
            "routing_http_request_x_amzn_mtls_clientcert_validity_header_name": null,
            "routing_http_request_x_amzn_tls_cipher_suite_header_name": null,
            "routing_http_request_x_amzn_tls_version_header_name": null,
            "routing_http_response_access_control_allow_credentials_header_value": null,
            "routing_http_response_access_control_allow_headers_header_value": null,
            "routing_http_response_access_control_allow_methods_header_value": null,
            "routing_http_response_access_control_allow_origin_header_value": null,
            "routing_http_response_access_control_expose_headers_header_value": null,
            "routing_http_response_access_control_max_age_header_value": null,
            "routing_http_response_content_security_policy_header_value": null,
            "routing_http_response_server_enabled": null,
            "routing_http_response_strict_transport_security_header_value": null,
            "routing_http_response_x_content_type_options_header_value": null,
            "routing_http_response_x_frame_options_header_value": null,
            "ssl_policy": "",
            "tags": {},
            "tags_all": {},
            "tcp_idle_timeout_seconds": 350,
            "timeouts": null
          },
          "sensitive_attributes": [],
          "identity_schema_version": 0,
          "private": "eyJlMmJmYjczMC1lY2FhLTExZTYtOGY4OC0zNDM2M2JjN2M0YzAiOnsiY3JlYXRlIjozMDAwMDAwMDAwMDAsInVwZGF0ZSI6MzAwMDAwMDAwMDAwfX0=",
          "dependencies": [
            "aws_lb.bastion_nlb",
            "aws_lb_target_group.bastion_tg",
            "aws_subnet.public_1",
            "aws_subnet.public_2",
            "aws_vpc.main_vpc"
          ],
          "create_before_destroy": true
        }
      ]
    },
    {
      "mode": "managed",
      "type": "aws_lb_target_group",
      "name": "bastion_tg",
      "provider": "provider[\"registry.terraform.io/hashicorp/aws\"]",
      "instances": [
        {
          "schema_version": 0,
          "attributes": {
            "arn": "arn:aws:elasticloadbalancing:us-east-2:215848077383:targetgroup/bastion-tg/4197de3f2f93d2c7",
            "arn_suffix": "targetgroup/bastion-tg/4197de3f2f93d2c7",
            "connection_termination": false,
            "deregistration_delay": "300",
            "health_check": [
              {
                "enabled": true,
                "healthy_threshold": 2,
                "interval": 10,
                "matcher": "",
                "path": "",
                "port": "22",
                "protocol": "TCP",
                "timeout": 10,
                "unhealthy_threshold": 2
              }
            ],
            "id": "arn:aws:elasticloadbalancing:us-east-2:215848077383:targetgroup/bastion-tg/4197de3f2f93d2c7",
            "ip_address_type": "ipv4",
            "lambda_multi_value_headers_enabled": false,
            "load_balancer_arns": [
              "arn:aws:elasticloadbalancing:us-east-2:215848077383:loadbalancer/net/bastion-nlb/9c3dba758bca033a"
            ],
            "load_balancing_algorithm_type": null,
            "load_balancing_anomaly_mitigation": null,
            "load_balancing_cross_zone_enabled": "use_load_balancer_configuration",
            "name": "bastion-tg",
            "name_prefix": "",
            "port": 22,
            "preserve_client_ip": "true",
            "protocol": "TCP",
            "protocol_version": null,
            "proxy_protocol_v2": false,
            "slow_start": 0,
            "stickiness": [
              {
                "cookie_duration": 0,
                "cookie_name": "",
                "enabled": false,
                "type": "source_ip"
              }
            ],
            "tags": {
              "Name": "bastion_tg"
            },
            "tags_all": {
              "Name": "bastion_tg"
            },
            "target_failover": [
              {
                "on_deregistration": null,
                "on_unhealthy": null
              }
            ],
            "target_group_health": [
              {
                "dns_failover": [
                  {
                    "minimum_healthy_targets_count": "1",
                    "minimum_healthy_targets_percentage": "off"
                  }
                ],
                "unhealthy_state_routing": [
                  {
                    "minimum_healthy_targets_count": 1,
                    "minimum_healthy_targets_percentage": "off"
                  }
                ]
              }
            ],
            "target_health_state": [
              {
                "enable_unhealthy_connection_termination": true,
                "unhealthy_draining_interval": 0
              }
            ],
            "target_type": "instance",
            "vpc_id": "vpc-0f4419531a43d2b59"
          },
          "sensitive_attributes": [],
          "identity_schema_version": 0,
          "private": "bnVsbA==",
          "dependencies": [
            "aws_vpc.main_vpc"
          ],
          "create_before_destroy": true
        }
      ]
    },
    {
      "mode": "managed",
      "type": "aws_lb_target_group_attachment",
      "name": "bastion_1",
      "provider": "provider[\"registry.terraform.io/hashicorp/aws\"]",
      "instances": [
        {
          "schema_version": 0,
          "attributes": {
            "availability_zone": null,
            "id": "arn:aws:elasticloadbalancing:us-east-2:215848077383:targetgroup/bastion-tg/4197de3f2f93d2c7-20260308181443666600000016",
            "port": 22,
            "target_group_arn": "arn:aws:elasticloadbalancing:us-east-2:215848077383:targetgroup/bastion-tg/4197de3f2f93d2c7",
            "target_id": "i-011770fcdfd3a39cf"
          },
          "sensitive_attributes": [],
          "identity_schema_version": 0,
          "private": "bnVsbA==",
          "dependencies": [
            "aws_instance.bastion_1",
            "aws_key_pair.bastion_keypair",
            "aws_lb_target_group.bastion_tg",
            "aws_security_group.bastion_sg",
            "aws_subnet.public_1",
            "aws_vpc.main_vpc",
            "data.aws_ami.amazon_linux_2",
            "tls_private_key.bastion_ssh_key"
          ]
        }
      ]
    },
    {
      "mode": "managed",
      "type": "aws_lb_target_group_attachment",
      "name": "bastion_2",
      "provider": "provider[\"registry.terraform.io/hashicorp/aws\"]",
      "instances": [
        {
          "schema_version": 0,
          "attributes": {
            "availability_zone": null,
            "id": "arn:aws:elasticloadbalancing:us-east-2:215848077383:targetgroup/bastion-tg/4197de3f2f93d2c7-20260308181443911800000017",
            "port": 22,
            "target_group_arn": "arn:aws:elasticloadbalancing:us-east-2:215848077383:targetgroup/bastion-tg/4197de3f2f93d2c7",
            "target_id": "i-052b96cfc129d3d14"
          },
          "sensitive_attributes": [],
          "identity_schema_version": 0,
          "private": "bnVsbA==",
          "dependencies": [
            "aws_instance.bastion_2",
            "aws_key_pair.bastion_keypair",
            "aws_lb_target_group.bastion_tg",
            "aws_security_group.bastion_sg",
            "aws_subnet.public_2",
            "aws_vpc.main_vpc",
            "data.aws_ami.amazon_linux_2",
            "tls_private_key.bastion_ssh_key"
          ]
        }
      ]
    },
    {
      "mode": "managed",
      "type": "aws_nat_gateway",
      "name": "nat_1",
      "provider": "provider[\"registry.terraform.io/hashicorp/aws\"]",
      "instances": [
        {
          "schema_version": 0,
          "attributes": {
            "allocation_id": "eipalloc-0f9699a6dd673c9ff",
            "association_id": "eipassoc-0926f1acf7b10b312",
            "connectivity_type": "public",
            "id": "nat-00641578cfc014ea7",
            "network_interface_id": "eni-0f8404d12fad6f563",
            "private_ip": "10.0.143.126",
            "public_ip": "3.139.123.34",
            "secondary_allocation_ids": [],
            "secondary_private_ip_address_count": 0,
            "secondary_private_ip_addresses": [],
            "subnet_id": "subnet-021b65705325f0664",
            "tags": {
              "Name": "nat_gateway_a"
            },
            "tags_all": {
              "Name": "nat_gateway_a"
            },
            "timeouts": null
          },
          "sensitive_attributes": [],
          "identity_schema_version": 0,
          "private": "eyJlMmJmYjczMC1lY2FhLTExZTYtOGY4OC0zNDM2M2JjN2M0YzAiOnsiY3JlYXRlIjo2MDAwMDAwMDAwMDAsImRlbGV0ZSI6MTgwMDAwMDAwMDAwMCwidXBkYXRlIjo2MDAwMDAwMDAwMDB9fQ==",
          "dependencies": [
            "aws_eip.nat_1",
            "aws_internet_gateway.igw",
            "aws_subnet.public_1",
            "aws_vpc.main_vpc"
          ]
        }
      ]
    },
    {
      "mode": "managed",
      "type": "aws_nat_gateway",
      "name": "nat_2",
      "provider": "provider[\"registry.terraform.io/hashicorp/aws\"]",
      "instances": [
        {
          "schema_version": 0,
          "attributes": {
            "allocation_id": "eipalloc-02cf665a505f16c22",
            "association_id": "eipassoc-061f598fb3b4d45ea",
            "connectivity_type": "public",
            "id": "nat-02c7b0b6ce423689c",
            "network_interface_id": "eni-02c062dc4e7d5a61c",
            "private_ip": "10.0.158.153",
            "public_ip": "3.139.193.21",
            "secondary_allocation_ids": [],
            "secondary_private_ip_address_count": 0,
            "secondary_private_ip_addresses": [],
            "subnet_id": "subnet-00f25252f916caac8",
            "tags": {
              "Name": "nat_gateway_b"
            },
            "tags_all": {
              "Name": "nat_gateway_b"
            },
            "timeouts": null
          },
          "sensitive_attributes": [],
          "identity_schema_version": 0,
          "private": "eyJlMmJmYjczMC1lY2FhLTExZTYtOGY4OC0zNDM2M2JjN2M0YzAiOnsiY3JlYXRlIjo2MDAwMDAwMDAwMDAsImRlbGV0ZSI6MTgwMDAwMDAwMDAwMCwidXBkYXRlIjo2MDAwMDAwMDAwMDB9fQ==",
          "dependencies": [
            "aws_eip.nat_2",
            "aws_internet_gateway.igw",
            "aws_subnet.public_2",
            "aws_vpc.main_vpc"
          ]
        }
      ]
    },
    {
      "mode": "managed",
      "type": "aws_route_table",
      "name": "private_1",
      "provider": "provider[\"registry.terraform.io/hashicorp/aws\"]",
      "instances": [
        {
          "schema_version": 0,
          "attributes": {
            "arn": "arn:aws:ec2:us-east-2:215848077383:route-table/rtb-08f5a6171c45f73aa",
            "id": "rtb-08f5a6171c45f73aa",
            "owner_id": "215848077383",
            "propagating_vgws": [],
            "route": [
              {
                "carrier_gateway_id": "",
                "cidr_block": "0.0.0.0/0",
                "core_network_arn": "",
                "destination_prefix_list_id": "",
                "egress_only_gateway_id": "",
                "gateway_id": "",
                "ipv6_cidr_block": "",
                "local_gateway_id": "",
                "nat_gateway_id": "nat-00641578cfc014ea7",
                "network_interface_id": "",
                "transit_gateway_id": "",
                "vpc_endpoint_id": "",
                "vpc_peering_connection_id": ""
              }
            ],
            "tags": {
              "Name": "private_rt_1"
            },
            "tags_all": {
              "Name": "private_rt_1"
            },
            "timeouts": null,
            "vpc_id": "vpc-0f4419531a43d2b59"
          },
          "sensitive_attributes": [],
          "identity_schema_version": 0,
          "private": "eyJlMmJmYjczMC1lY2FhLTExZTYtOGY4OC0zNDM2M2JjN2M0YzAiOnsiY3JlYXRlIjozMDAwMDAwMDAwMDAsImRlbGV0ZSI6MzAwMDAwMDAwMDAwLCJ1cGRhdGUiOjEyMDAwMDAwMDAwMH19",
          "dependencies": [
            "aws_eip.nat_1",
            "aws_internet_gateway.igw",
            "aws_nat_gateway.nat_1",
            "aws_subnet.public_1",
            "aws_vpc.main_vpc"
          ]
        }
      ]
    },
    {
      "mode": "managed",
      "type": "aws_route_table",
      "name": "private_2",
      "provider": "provider[\"registry.terraform.io/hashicorp/aws\"]",
      "instances": [
        {
          "schema_version": 0,
          "attributes": {
            "arn": "arn:aws:ec2:us-east-2:215848077383:route-table/rtb-0fce01f0a07e5eabe",
            "id": "rtb-0fce01f0a07e5eabe",
            "owner_id": "215848077383",
            "propagating_vgws": [],
            "route": [
              {
                "carrier_gateway_id": "",
                "cidr_block": "0.0.0.0/0",
                "core_network_arn": "",
                "destination_prefix_list_id": "",
                "egress_only_gateway_id": "",
                "gateway_id": "",
                "ipv6_cidr_block": "",
                "local_gateway_id": "",
                "nat_gateway_id": "nat-02c7b0b6ce423689c",
                "network_interface_id": "",
                "transit_gateway_id": "",
                "vpc_endpoint_id": "",
                "vpc_peering_connection_id": ""
              }
            ],
            "tags": {
              "Name": "private_rt_2"
            },
            "tags_all": {
              "Name": "private_rt_2"
            },
            "timeouts": null,
            "vpc_id": "vpc-0f4419531a43d2b59"
          },
          "sensitive_attributes": [],
          "identity_schema_version": 0,
          "private": "eyJlMmJmYjczMC1lY2FhLTExZTYtOGY4OC0zNDM2M2JjN2M0YzAiOnsiY3JlYXRlIjozMDAwMDAwMDAwMDAsImRlbGV0ZSI6MzAwMDAwMDAwMDAwLCJ1cGRhdGUiOjEyMDAwMDAwMDAwMH19",
          "dependencies": [
            "aws_eip.nat_2",
            "aws_internet_gateway.igw",
            "aws_nat_gateway.nat_2",
            "aws_subnet.public_2",
            "aws_vpc.main_vpc"
          ]
        }
      ]
    },
    {
      "mode": "managed",
      "type": "aws_route_table",
      "name": "public",
      "provider": "provider[\"registry.terraform.io/hashicorp/aws\"]",
      "instances": [
        {
          "schema_version": 0,
          "attributes": {
            "arn": "arn:aws:ec2:us-east-2:215848077383:route-table/rtb-0d31cbcf1ae32833e",
            "id": "rtb-0d31cbcf1ae32833e",
            "owner_id": "215848077383",
            "propagating_vgws": [],
            "route": [
              {
                "carrier_gateway_id": "",
                "cidr_block": "0.0.0.0/0",
                "core_network_arn": "",
                "destination_prefix_list_id": "",
                "egress_only_gateway_id": "",
                "gateway_id": "igw-06dbf29dfba30cc6b",
                "ipv6_cidr_block": "",
                "local_gateway_id": "",
                "nat_gateway_id": "",
                "network_interface_id": "",
                "transit_gateway_id": "",
                "vpc_endpoint_id": "",
                "vpc_peering_connection_id": ""
              }
            ],
            "tags": {
              "Name": "public_route_table"
            },
            "tags_all": {
              "Name": "public_route_table"
            },
            "timeouts": null,
            "vpc_id": "vpc-0f4419531a43d2b59"
          },
          "sensitive_attributes": [],
          "identity_schema_version": 0,
          "private": "eyJlMmJmYjczMC1lY2FhLTExZTYtOGY4OC0zNDM2M2JjN2M0YzAiOnsiY3JlYXRlIjozMDAwMDAwMDAwMDAsImRlbGV0ZSI6MzAwMDAwMDAwMDAwLCJ1cGRhdGUiOjEyMDAwMDAwMDAwMH19",
          "dependencies": [
            "aws_internet_gateway.igw",
            "aws_vpc.main_vpc"
          ]
        }
      ]
    },
    {
      "mode": "managed",
      "type": "aws_route_table_association",
      "name": "private_a",
      "provider": "provider[\"registry.terraform.io/hashicorp/aws\"]",
      "instances": [
        {
          "schema_version": 0,
          "attributes": {
            "gateway_id": "",
            "id": "rtbassoc-0bf2517135a061e93",
            "route_table_id": "rtb-08f5a6171c45f73aa",
            "subnet_id": "subnet-05c14780c84333f8b",
            "timeouts": null
          },
          "sensitive_attributes": [],
          "identity_schema_version": 0,
          "private": "eyJlMmJmYjczMC1lY2FhLTExZTYtOGY4OC0zNDM2M2JjN2M0YzAiOnsiY3JlYXRlIjozMDAwMDAwMDAwMDAsImRlbGV0ZSI6MzAwMDAwMDAwMDAwLCJ1cGRhdGUiOjEyMDAwMDAwMDAwMH19",
          "dependencies": [
            "aws_eip.nat_1",
            "aws_internet_gateway.igw",
            "aws_nat_gateway.nat_1",
            "aws_route_table.private_1",
            "aws_subnet.private_1",
            "aws_subnet.public_1",
            "aws_vpc.main_vpc"
          ]
        }
      ]
    },
    {
      "mode": "managed",
      "type": "aws_route_table_association",
      "name": "private_b",
      "provider": "provider[\"registry.terraform.io/hashicorp/aws\"]",
      "instances": [
        {
          "schema_version": 0,
          "attributes": {
            "gateway_id": "",
            "id": "rtbassoc-0a61c78e04fa2f59f",
            "route_table_id": "rtb-0fce01f0a07e5eabe",
            "subnet_id": "subnet-0ffc2f6dc458a2ea9",
            "timeouts": null
          },
          "sensitive_attributes": [],
          "identity_schema_version": 0,
          "private": "eyJlMmJmYjczMC1lY2FhLTExZTYtOGY4OC0zNDM2M2JjN2M0YzAiOnsiY3JlYXRlIjozMDAwMDAwMDAwMDAsImRlbGV0ZSI6MzAwMDAwMDAwMDAwLCJ1cGRhdGUiOjEyMDAwMDAwMDAwMH19",
          "dependencies": [
            "aws_eip.nat_2",
            "aws_internet_gateway.igw",
            "aws_nat_gateway.nat_2",
            "aws_route_table.private_2",
            "aws_subnet.private_2",
            "aws_subnet.public_2",
            "aws_vpc.main_vpc"
          ]
        }
      ]
    },
    {
      "mode": "managed",
      "type": "aws_route_table_association",
      "name": "public_a",
      "provider": "provider[\"registry.terraform.io/hashicorp/aws\"]",
      "instances": [
        {
          "schema_version": 0,
          "attributes": {
            "gateway_id": "",
            "id": "rtbassoc-057f44846e74b7de0",
            "route_table_id": "rtb-0d31cbcf1ae32833e",
            "subnet_id": "subnet-021b65705325f0664",
            "timeouts": null
          },
          "sensitive_attributes": [],
          "identity_schema_version": 0,
          "private": "eyJlMmJmYjczMC1lY2FhLTExZTYtOGY4OC0zNDM2M2JjN2M0YzAiOnsiY3JlYXRlIjozMDAwMDAwMDAwMDAsImRlbGV0ZSI6MzAwMDAwMDAwMDAwLCJ1cGRhdGUiOjEyMDAwMDAwMDAwMH19",
          "dependencies": [
            "aws_internet_gateway.igw",
            "aws_route_table.public",
            "aws_subnet.public_1",
            "aws_vpc.main_vpc"
          ]
        }
      ]
    },
    {
      "mode": "managed",
      "type": "aws_route_table_association",
      "name": "public_b",
      "provider": "provider[\"registry.terraform.io/hashicorp/aws\"]",
      "instances": [
        {
          "schema_version": 0,
          "attributes": {
            "gateway_id": "",
            "id": "rtbassoc-0920efb6e0b2ed923",
            "route_table_id": "rtb-0d31cbcf1ae32833e",
            "subnet_id": "subnet-00f25252f916caac8",
            "timeouts": null
          },
          "sensitive_attributes": [],
          "identity_schema_version": 0,
          "private": "eyJlMmJmYjczMC1lY2FhLTExZTYtOGY4OC0zNDM2M2JjN2M0YzAiOnsiY3JlYXRlIjozMDAwMDAwMDAwMDAsImRlbGV0ZSI6MzAwMDAwMDAwMDAwLCJ1cGRhdGUiOjEyMDAwMDAwMDAwMH19",
          "dependencies": [
            "aws_internet_gateway.igw",
            "aws_route_table.public",
            "aws_subnet.public_2",
            "aws_vpc.main_vpc"
          ]
        }
      ]
    },
    {
      "mode": "managed",
      "type": "aws_secretsmanager_secret",
      "name": "bastion_private_key",
      "provider": "provider[\"registry.terraform.io/hashicorp/aws\"]",
      "instances": [
        {
          "schema_version": 0,
          "attributes": {
            "arn": "arn:aws:secretsmanager:us-east-2:215848077383:secret:bastion-ssh-private-key-oqqNoX",
            "description": "Private key for Bastion Host SSH access",
            "force_overwrite_replica_secret": false,
            "id": "bastion-ssh-private-key",
            "kms_key_id": "",
            "name": "bastion-ssh-private-key",
            "name_prefix": "",
            "policy": "",
            "recovery_window_in_days": 30,
            "replica": [],
            "tags": {},
            "tags_all": {}
          },
          "sensitive_attributes": [],
          "identity_schema_version": 0,
          "private": "bnVsbA=="
        }
      ]
    },
    {
      "mode": "managed",
      "type": "aws_secretsmanager_secret",
      "name": "bastion_public_key",
      "provider": "provider[\"registry.terraform.io/hashicorp/aws\"]",
      "instances": [
        {
          "schema_version": 0,
          "attributes": {
            "arn": "arn:aws:secretsmanager:us-east-2:215848077383:secret:bastion-ssh-public-key-yavkNl",
            "description": "Public key for Bastion Host authorized_keys",
            "force_overwrite_replica_secret": false,
            "id": "bastion-ssh-public-key",
            "kms_key_id": "",
            "name": "bastion-ssh-public-key",
            "name_prefix": "",
            "policy": "",
            "recovery_window_in_days": 30,
            "replica": [],
            "tags": {},
            "tags_all": {}
          },
          "sensitive_attributes": [],
          "identity_schema_version": 0,
          "private": "bnVsbA=="
        }
      ]
    },
    {
      "mode": "managed",
      "type": "aws_secretsmanager_secret",
      "name": "infrahash_db_secret",
      "provider": "provider[\"registry.terraform.io/hashicorp/aws\"]",
      "instances": [
        {
          "schema_version": 0,
          "attributes": {
            "arn": "arn:aws:secretsmanager:us-east-2:215848077383:secret:infrahash-db-credentials-PWTRgB",
            "description": "Database credentials for InfraHash app and EKS workloads",
            "force_overwrite_replica_secret": false,
            "id": "arn:aws:secretsmanager:us-east-2:215848077383:secret:infrahash-db-credentials-PWTRgB",
            "kms_key_id": "",
            "name": "infrahash-db-credentials",
            "name_prefix": "",
            "policy": "",
            "recovery_window_in_days": 30,
            "replica": [],
            "tags": {},
            "tags_all": {}
          },
          "sensitive_attributes": [],
          "identity_schema_version": 0,
          "private": "bnVsbA=="
        }
      ]
    },
    {
      "mode": "managed",
      "type": "aws_secretsmanager_secret",
      "name": "management_private_key",
      "provider": "provider[\"registry.terraform.io/hashicorp/aws\"]",
      "instances": [
        {
          "schema_version": 0,
          "attributes": {
            "arn": "arn:aws:secretsmanager:us-east-2:215848077383:secret:management-ssh-private-key-fNgCcE",
            "description": "Private key for Management Node SSH access",
            "force_overwrite_replica_secret": false,
            "id": "management-ssh-private-key",
            "kms_key_id": "",
            "name": "management-ssh-private-key",
            "name_prefix": "",
            "policy": "",
            "recovery_window_in_days": 30,
            "replica": [],
            "tags": {},
            "tags_all": {}
          },
          "sensitive_attributes": [],
          "identity_schema_version": 0,
          "private": "bnVsbA=="
        }
      ]
    },
    {
      "mode": "managed",
      "type": "aws_secretsmanager_secret",
      "name": "management_public_key",
      "provider": "provider[\"registry.terraform.io/hashicorp/aws\"]",
      "instances": [
        {
          "schema_version": 0,
          "attributes": {
            "arn": "arn:aws:secretsmanager:us-east-2:215848077383:secret:management-ssh-public-key-PWTRgB",
            "description": "Public key for Bastion Host",
            "force_overwrite_replica_secret": false,
            "id": "management-ssh-public-key",
            "kms_key_id": "",
            "name": "management-ssh-public-key",
            "name_prefix": "",
            "policy": "",
            "recovery_window_in_days": 30,
            "replica": [],
            "tags": {},
            "tags_all": {}
          },
          "sensitive_attributes": [],
          "identity_schema_version": 0,
          "private": "bnVsbA=="
        }
      ]
    },
    {
      "mode": "managed",
      "type": "aws_secretsmanager_secret_rotation",
      "name": "bastion_key_rotation",
      "provider": "provider[\"registry.terraform.io/hashicorp/aws\"]",
      "instances": [
        {
          "schema_version": 1,
          "attributes": {
            "id": "arn:aws:secretsmanager:us-east-2:215848077383:secret:bastion-ssh-private-key-oqqNoX",
            "rotate_immediately": true,
            "rotation_enabled": true,
            "rotation_lambda_arn": "arn:aws:lambda:us-east-2:215848077383:function:rotate-bastion-ssh-key",
            "rotation_rules": [
              {
                "automatically_after_days": 30,
                "duration": "",
                "schedule_expression": ""
              }
            ],
            "secret_id": "arn:aws:secretsmanager:us-east-2:215848077383:secret:bastion-ssh-private-key-oqqNoX"
          },
          "sensitive_attributes": [],
          "identity_schema_version": 0,
          "private": "eyJzY2hlbWFfdmVyc2lvbiI6IjEifQ==",
          "dependencies": [
            "aws_iam_role.bastion_key_rotation_role",
            "aws_lambda_function.bastion_key_rotation_lambda",
            "aws_secretsmanager_secret.bastion_private_key",
            "aws_secretsmanager_secret.bastion_public_key"
          ]
        }
      ]
    },
    {
      "mode": "managed",
      "type": "aws_secretsmanager_secret_version",
      "name": "bastion_private_key_version",
      "provider": "provider[\"registry.terraform.io/hashicorp/aws\"]",
      "instances": [
        {
          "schema_version": 0,
          "attributes": {
            "arn": "arn:aws:secretsmanager:us-east-2:215848077383:secret:bastion-ssh-private-key-oqqNoX",
            "has_secret_string_wo": null,
            "id": "bastion-ssh-private-key|terraform-20260308182918523500000001",
            "secret_binary": "",
            "secret_id": "bastion-ssh-private-key",
            "secret_string": "-----BEGIN RSA PRIVATE KEY-----\nMIIJJwIBAAKCAgEAxzG/s4j8nbCLBSyz8BiYUNoKpt7+r+NUzW07hvCFtGLsTOgo\nYQfU2N6YlqJVMFpWcPkmur2OBomWz71gNmOvEUufYLf+GDbG1SGcIKEohlchijaP\n8It7NbgJd7VM9ghDCnKoRekz7vnPEos3RsIig+YkJiIakVYXQpfay82h1CuQnpDy\ndLhbdgmLGkIo2Jq32s4HiQ4wow7NyqWd6h38xP6sXhJTq9lbxzmLE0Z+dOKgcTy4\nHDk+Bb52+x6j4lMcuzV0zUCD+JpsNVeQortzlVhRs5QzFmXDDAXhNnf6OYIOy2mv\ng9j54Wl7A4fLvTGvJm631ccY6fQ1/nk9/iD8VgxtR6Lx028LLZQg8BFPlDGPxA+l\nXBSQWTHEMTJc8OHD4bMtAUnJkkFR1MDGJyfmxfF25sgziUW/RDf5LSTpAOQf0Jwg\nXlc2KpzzzuMWhi5c5vkI4NqwnaRxIwOCWakm6T+5VsSYLWbo9sXyf7Huh9g/KYGV\nOge8bw302bhyGKsMFGdTIdTNjopM9hzNIUEpnqcCE5Jt1xkue0dLGVAQuaVM2vZG\n8ZBYn2Z0XwwN4M0yuDR+bMj3luNhV7akZgmBr243iwNd4V4qPGiBPPqyrKDPJ+zH\n6Yt0Jd026QwAzeneocHixf0+wQyfyIPkOjj0TkQDlPgPv9EnO/pla+eP2DECAwEA\nAQKCAgA+CA8T4PASR10zslUiyvX8D7rLdpxHt/q7sm2cOyDYKQo/dPjGJsMw+jj4\nh/sRgMB0lBJsiwVEoepWLTpeFbL6JtuuKf42GjDXRI0zWByfoViviwhON5GaDALe\nxZX+9Fm0Ujp28wWaQS8sLjB7l49aFfxh57LwWagKs/GOEC56PUrfJnJqyNKqspQg\nDEReF+hzej+8fa/Fx6FsnyDLPKVvz4NsFDb8SEcdhpz51rUgv0aJnQgUufrHnSW+\nVC9jFtDWt/H0zUeLzsMt5WQEWW3IL2XaD6fNLMmN3/LfnINPD2J+FB51Z8eBW/DU\nC6D1/Rf3Vvlm2Ia4rLV31tfoYOtTb+4gzLeh/xKSO0jcskXTrWf+hWt7OFammlhW\neZeJODuVwmuOg7ZHd8Nh7EYVG99h8pkTDlNuwBxF0j9xsL/sX2OYiA3yrN3HY1Gf\nrswiFsWugu+9gT3E+NJwim0OzznERvrDKnQrbRPdsADHEufT8Z7ZBFTUIsIVel8p\nGmMjLr2h/Lgala44nEFHOi70iW/Hc/DnfDBEaCVlvkE7Oj2lQ+lPzqMAQvGH9PXw\nCQTTPf8XZ9bF+bWPHuLyOixOxgvI0cBY2B5E5K+/BYmCdA/Jks0CHJXN40wHom+b\nZeTQzprw99Jn2Ia1l4pqPlpO2OwXSoAXvfj3EuF4X02sPLk/VQKCAQEA6yZX7W7i\n6SESbNzIKySUfUWGnTN1A4pwYKwqmhwttiIWqqVndmo1PxDg5ZWE+CRyjOLscjVC\nvCs4rhB3tf2SR42r2qL/zeHH8yi+2NYMrzdx0y+aNC9QS8yi40Z6OZCdMeKLkPjQ\nOIzzRODnF4cimSlVTSEnOOnoLO6kMyRYEnwzaiUyUTmtdm1CcTdXp3WOvu7w8YHd\nB7JC2Hy8utmRswINs4MixM6ZV1p458d95/Ov7jep8Q+bh9EPTipkFluZGhdB2CKe\nq2CqctRKQ8UYNYhpJhI5ULpeC06efn7vkOqg+TzIF/MJLC6ctotT5JWSjPul5T1/\nsRBZfw5UNCfe8wKCAQEA2NtBAVtEoYDGTGs6oyqpKfCBPUkdntD20LsX5KFP3G9U\nrES1ERbMB9mZIixqBHPrLo2PWPW+uOeSsDA7ghdIVmcrq/JQyoZkoaCT7fTAQXKi\nVZLTg5ShBDUMDNjAT9t+QZsCemN+1QiaOnSjdQz1dz683ywUno1iW/R3dHej8roX\nUqy4qfz9brcUeZ9C505SxE8M1uMQQKa05MckogyNUOAZD82Xzhz4y1rpdCdTSyuf\nXJbKdrmfjxD6Qr00KCz2diEhnQmAGWw2cFgd22ORgGeipXIJEtna58FO4vNqel9E\ni/IfUy6qg8iDnAT0yhD8bpMzf1ayUruwvLdeneAdSwKCAQA8fpTIRGqjxxpSX0ov\nry10PNqwvngv/QGEHUaodu9bl9F0/TBsyk4Ad3skFR8sJ1RA4nApwYH1nrjqLtpd\nO2rSdaPsj1p3wMoLyEOwzQBeY0kpJ2noWvOxTGfrSEpRXN7T4pA9L4WBxuEeqy1I\nZD+GX5fOS+UnQyWzyYD8lzEBMGqZuBAFzWzOtrUNI0utjRS4EghyWRJf1IBV6WE0\nQJy3DKQxtl7PescALgpEtpGxhoOQKUnS9kzw19u0JDuzdMUibTFHRUDEng27lNm2\nLZJY00sZvD56gjeHeSZVLJq9EV9wPy7K2n9Vmng+jgF7IO+ezW6UVwnup2IeybTn\n5gn5AoIBAA0Tq6fZSRo0GcEh9jdAq1LMHf8EGbUqBLgxkA9Javdv/zskKYcOSN9w\nT7uv0fTSyKvV/X7v0sBztnTJc800ejg7oHaN9jFASXE1rbX7vFw1/XQLlpWosM0A\nJengaDholASAxHV86nkOO76qqfC1B1hZgCo1DklBXV0OMOXlEQ3iCuYBZGFb0CyM\n/b8Xy4EHSBZubefHaYN8igwBtkPPXfYyjVBWpYDYXmhk4w8OEAfIaaO7tBnUt7p4\n256KqkqB65rUBKLjn8XosJ+1sJc6Odv0Y+p2JfXtDTZMgeVNqG4YsJl/0EPD3KR1\nwvn1ko1c2NwSJFjZcYdrqgy3Qg1jJmECggEAGHO5cqYmMxDhwEer9DnKyGwgs60F\n3xyquLlMtPPfauq0yHLXySWWTJqe7IISEWvFyJyMaVRdYvkAdv9ppuFFsk9ghbCE\nm40W5r2J+qcTyROqoonZyuy9DVeeO6KtRQCFRf1pMcCW8dtC/O0KJ+XrsOXjXo0+\nwLd/PUXToqzoovWxOjTdy0nLCxRzwo+f7aGRgVKY76K5NJDRT+zgYvnq5VHwWP8T\nd1M37MfYVyJYMVN08PUwSSEWMrOdvNAX5KfPJP1197Zo+WuvbMNtil+iBr0UHbWR\nfXA3FoZYBVH7iigHi1rDWiTmOwWJ03OG8QN9j7mn60x/WVzAKA2T8C/pdQ==\n-----END RSA PRIVATE KEY-----\n",
            "secret_string_wo": null,
            "secret_string_wo_version": null,
            "version_id": "terraform-20260308182918523500000001",
            "version_stages": [
              "AWSCURRENT"
            ]
          },
          "sensitive_attributes": [
            [
              {
                "type": "get_attr",
                "value": "secret_binary"
              }
            ],
            [
              {
                "type": "get_attr",
                "value": "secret_string"
              }
            ],
            [
              {
                "type": "get_attr",
                "value": "secret_string_wo"
              }
            ]
          ],
          "identity_schema_version": 0,
          "private": "bnVsbA==",
          "dependencies": [
            "aws_secretsmanager_secret.bastion_private_key",
            "tls_private_key.bastion_ssh_key"
          ]
        }
      ]
    },
    {
      "mode": "managed",
      "type": "aws_secretsmanager_secret_version",
      "name": "bastion_public_key_version",
      "provider": "provider[\"registry.terraform.io/hashicorp/aws\"]",
      "instances": [
        {
          "schema_version": 0,
          "attributes": {
            "arn": "arn:aws:secretsmanager:us-east-2:215848077383:secret:bastion-ssh-public-key-yavkNl",
            "has_secret_string_wo": null,
            "id": "bastion-ssh-public-key|terraform-20260308182918575500000005",
            "secret_binary": "",
            "secret_id": "bastion-ssh-public-key",
            "secret_string": "ssh-rsa AAAAB3NzaC1yc2EAAAADAQABAAACAQDHMb+ziPydsIsFLLPwGJhQ2gqm3v6v41TNbTuG8IW0YuxM6ChhB9TY3piWolUwWlZw+Sa6vY4GiZbPvWA2Y68RS59gt/4YNsbVIZwgoSiGVyGKNo/wi3s1uAl3tUz2CEMKcqhF6TPu+c8SizdGwiKD5iQmIhqRVhdCl9rLzaHUK5CekPJ0uFt2CYsaQijYmrfazgeJDjCjDs3KpZ3qHfzE/qxeElOr2VvHOYsTRn504qBxPLgcOT4Fvnb7HqPiUxy7NXTNQIP4mmw1V5Ciu3OVWFGzlDMWZcMMBeE2d/o5gg7Laa+D2PnhaXsDh8u9Ma8mbrfVxxjp9DX+eT3+IPxWDG1HovHTbwstlCDwEU+UMY/ED6VcFJBZMcQxMlzw4cPhsy0BScmSQVHUwMYnJ+bF8XbmyDOJRb9EN/ktJOkA5B/QnCBeVzYqnPPO4xaGLlzm+Qjg2rCdpHEjA4JZqSbpP7lWxJgtZuj2xfJ/se6H2D8pgZU6B7xvDfTZuHIYqwwUZ1Mh1M2Oikz2HM0hQSmepwITkm3XGS57R0sZUBC5pUza9kbxkFifZnRfDA3gzTK4NH5syPeW42FXtqRmCYGvbjeLA13hXio8aIE8+rKsoM8n7Mfpi3Ql3TbpDADN6d6hweLF/T7BDJ/Ig+Q6OPRORAOU+A+/0Sc7+mVr54/YMQ==\n",
            "secret_string_wo": null,
            "secret_string_wo_version": null,
            "version_id": "terraform-20260308182918575500000005",
            "version_stages": [
              "AWSCURRENT"
            ]
          },
          "sensitive_attributes": [
            [
              {
                "type": "get_attr",
                "value": "secret_binary"
              }
            ],
            [
              {
                "type": "get_attr",
                "value": "secret_string"
              }
            ],
            [
              {
                "type": "get_attr",
                "value": "secret_string_wo"
              }
            ]
          ],
          "identity_schema_version": 0,
          "private": "bnVsbA==",
          "dependencies": [
            "aws_secretsmanager_secret.bastion_public_key",
            "tls_private_key.bastion_ssh_key"
          ]
        }
      ]
    },
    {
      "mode": "managed",
      "type": "aws_secretsmanager_secret_version",
      "name": "infrahash_db_secret_value",
      "provider": "provider[\"registry.terraform.io/hashicorp/aws\"]",
      "instances": [
        {
          "schema_version": 0,
          "attributes": {
            "arn": "arn:aws:secretsmanager:us-east-2:215848077383:secret:infrahash-db-credentials-PWTRgB",
            "has_secret_string_wo": null,
            "id": "arn:aws:secretsmanager:us-east-2:215848077383:secret:infrahash-db-credentials-PWTRgB|terraform-20260308193021256800000002",
            "secret_binary": "",
            "secret_id": "arn:aws:secretsmanager:us-east-2:215848077383:secret:infrahash-db-credentials-PWTRgB",
            "secret_string": "{\"dbname\":\"infrahash\",\"engine\":\"postgres\",\"host\":\"infrahash-db.cnssacwgkq31.us-east-2.rds.amazonaws.com\",\"password\":\"UlDk4Zi}AaL#mMhkv)GI\",\"port\":5432,\"username\":\"infrahash_admin\"}",
            "secret_string_wo": null,
            "secret_string_wo_version": null,
            "version_id": "terraform-20260308193021256800000002",
            "version_stages": [
              "AWSCURRENT"
            ]
          },
          "sensitive_attributes": [
            [
              {
                "type": "get_attr",
                "value": "secret_binary"
              }
            ],
            [
              {
                "type": "get_attr",
                "value": "secret_string"
              }
            ],
            [
              {
                "type": "get_attr",
                "value": "secret_string_wo"
              }
            ]
          ],
          "identity_schema_version": 0,
          "private": "bnVsbA==",
          "dependencies": [
            "aws_db_instance.infrahash_db",
            "aws_db_subnet_group.infrahash_db_subnet_group",
            "aws_secretsmanager_secret.infrahash_db_secret",
            "aws_security_group.alb_sg",
            "aws_security_group.app_sg",
            "aws_security_group.management_sg",
            "aws_security_group.rds_sg",
            "aws_subnet.private_1",
            "aws_subnet.private_2",
            "aws_vpc.main_vpc",
            "random_password.infrahash_db_password"
          ]
        }
      ]
    },
    {
      "mode": "managed",
      "type": "aws_secretsmanager_secret_version",
      "name": "management_private_key_version",
      "provider": "provider[\"registry.terraform.io/hashicorp/aws\"]",
      "instances": [
        {
          "schema_version": 0,
          "attributes": {
            "arn": "arn:aws:secretsmanager:us-east-2:215848077383:secret:management-ssh-private-key-fNgCcE",
            "has_secret_string_wo": null,
            "id": "management-ssh-private-key|terraform-20260308182918529700000003",
            "secret_binary": "",
            "secret_id": "management-ssh-private-key",
            "secret_string": "-----BEGIN RSA PRIVATE KEY-----\nMIIJKAIBAAKCAgEAy0BwRGp5KUBn0F1G7qlqocflhOBTE9zLuNqtsSlZ9hbxePWl\nh3gAvPBwSIU76/VxlSSmBGCEvekdCmNE8jH/bdXc8hZYaAN28UvTNFjM3ZOJ1BXB\nFsdeY04Ym8fOqegCQyG7oFv3jl/RF7mnG2320Xj/ehk627aDONvlYayeLjpIyA5E\ntkffpAT2Fp2iggPklADKXG3lHortFj7WldT0zWHpjYvhxkscCHvaaixOUCcejhZT\np8kri2BemfhoTAvAW6Zv5nBcDuKXLwrNngu72D7P5/FpcRYmNqpxTjc+Nueipfx3\nUcISXljOFw6R2YN7HFq5+GZui7opGd2VEkn5KAm5/UpeCH/ShtEDsqvOiZkYZIHh\nljfirgGF/Ye9QX0st/fy18O3Y0zAMaiMp0JdU9tKfXlZ29wCAaesasMvl5XwOxtG\nYL+LRrB3dnGK/hR8Ui+/cCa/nuEIOl9qB9wvXsngTVB3IDMH/PUgehZ6nZHFi6W4\nr+0tbaYF4PSdMGVRqRSuao6EH8s63SZlbUdAJf6kxzThdl8ZramkQuBK0MemxcvJ\nIfAEZ2oScyj7IkrqKt68hbWDR948SCICwCJU1Ic/IBG/YUZPXCueaUf1jYL04mkB\ns6F1eBe81taHKpO4Hh2o8iwB+UFQsmRBlbp8ksxmv8Qv+ZE3OYIPotjHnL8CAwEA\nAQKCAgAU8XngAtyjPIi19raVZw2ex/tFetv0ov62+ImHRMyJSAnvvdglol7pGRlo\nz5nCEZN3m8QjlVJ4QyoD5QC4uCAq0CupIlZPuXOrH3YO4cuSVV6RZQB1eWunbeep\nPah053w8MKClwHQ8znC8Mhwe/nC9WutwSGNBOohA9p+nNeNCviy7uISqB7Pqsbwt\nzmZtYTtPaNlxNr2yLPyLG0R/QedLtngbZruH9DtaQHDcGd6j8bP7Th+mnVsITJDS\n6r7MfzV9/CNxqkhCHGUZqtJPI8RiXu6LZtvHlFGxtlRgi960R6AB3Ibq/MVpxVrP\nE2hB8oNgA5VAHEXtzevoR2XR8Z9jqroBoMi2Mg007a6W4xexAo1yYUD1cu1XHFDV\nOY1JGtZuYGfdZqMakcf52zDPPPlL3BPq1KDq93zcE9vnSf3qEYNECaaCpEMBh+VL\nLnL3mtz94gf3VamfY/OOfnnxySNsvPXlQspn+2KkWNRoVFy9pWmTMsZTEGFClKN1\nUC+824D8athFVlgCmkfeSJlEOv4Ql+gkwem/wIQNH00shmvxwzHqawRAZJbI75gy\nR0WSQobbJi7o3uLfct7DWy5SKvdBhhjJIHwKOZkdVXRvl9Xio4Gb9nA6TJJklUBS\nRTIFCDOPzcj5tYX6UzuqFVrFRZI26d7E9r2deJ5l7hadM39bMQKCAQEA7NnzBO9S\nL3jOq4m1MeaQLk8wFmhXbd3Z+mcvKkRDRZyMRryLXZK1gZQ52dxyfa4sM6WNnW5s\nN8H+BdOdu4fj8gh9omsfPOw5oCcVSwtWqVjE9aWwmgKSEIdCieK7x/xjL65Hf6ZJ\nWR36vY0bVCi/kFgj4vHvo7DPEzwH1qPhCVPncaJx/O0eiJr4ws+2wiVAvB6VTf01\nCeO158K1BdEw/niIxt8juq0u0TT9T5rl/YOyfSWcR/xhPX23P48BF5EjeVi8gNk6\nc50W+HjKyoQUVvm4Ihpz1XvTwGBv4ER0J6Zl6JnVMHT9Vc69UF11n1LYvcpo/+Xu\nbHf04AAEjubJiQKCAQEA268WB+5aUUhu/HB0EV5vrygX/9Y/XLJzTADWYyO/n95e\ndWubHfuw+3wyhbAm5tug6WzMDVzWZdIEvgOYOf2Z9amWFnYt4clT1/zc5TatTQQ1\n4jH1UaPM9C2ghzrJZzZJHJ3T5r1miNdA+gVH6Jr0oakgeoB5S2hqVqnHY5xkp7Ob\n9jF0xgFEHu8tMdPGz5+EZzrrlBQ5DwK6e5/Ti66m6FDwmNkIOO9xrH85I5HWoGD8\nV1oQ0rdMT07DdRjAUfEM21FIt1UfXmDh0YowqDl2sV+up1Y4EigTIARu8PE8w3cM\n4gvo/YirDUj3znJ8+Gt7DImn8tuH0VBwZkuxd2LKBwKCAQAhZaYPxxMmoHk71OIY\n1DL2ZLIaJsJVOpgW59/NrOxzb1yUSNe57Qrs55K0tpHqSNnwumJalYxq3E7OUYWH\nQOUSZsIYWdSAyapie8BT4ZhprpuvK5rYTI5+CCSIvtDNpTfzLDbmt/LVvxVxDumQ\nl2JTnyoIQScSRMceJjPQvzDnGM6kxkweZu0MRBXZmmJhw9D59bIF2jNVXqdys5DE\n7jdjWmmm6SXnl63nT/p79BKECcLsRJZhzCOGASkKrEZyJUQEQ0/pNzg3vynTBW1K\n2w7nKLUfEe3NZ3V3ReHglKZwRNVP1AksmQJzzAADyfng6lSnhlgB5VEWOF/uCfKa\nl85JAoIBAQC5fwvRQpgMzma4zZOUHvObKPWq1xPFiAEHCiX8rHDf4vpLl8Lw/Fei\n4moerHEMuiMTNwTNu7hlXYMXlx1wygy4fKv4520ym7cqR5+WBCctQwLkrl6AwxkK\njYRg62iouBPgD/yfdwofPfLlqpPfewhZgN+l0NmarN4ts0pjd+keGfD1XylFEEie\n/kJhMntLUVyRdhT5gmHzpNAmFvyfk6fnvoCJ76ibusN3bi2nNTvPTFWGxMwzwQa0\naMNuGqo6BppejjIia8QDAzdqoY8YXP02JJ7rOUg7PI95l4S9+lTej6XXMUtY2Y/l\ntdlY/x86/DZ4jbu8u1XhjlR6bCu7rTT9AoIBAFl8+L1L25PPpvy9nVH/6kq8hip6\nCKAXKunIEY1vslbeYNaZo7fUDQ5GPsqcl7oJ/YEgq3mt50jYydVNdaWY6hM6F6Mq\nHAP9ZhXarpkA/ScMQL5N6z+fJ26wtK7dXQ01U2PwDtKJk39Hy1vgxSM9r+Vs/r3R\nRD5B/Wjbl57ERtsTJwuFQONKeS/rQ2pKJkzmyiidYbZSRzRSviCej1qmuVz4u+s4\ndhNQvYAupkzCrbnqTFfZyp8oOzqIj3Gxwh/yC0uMs7yHEJgURiB6yfYkgQNm4/yx\nGD5nJlvirsW9CikJsXX/sMTZ6nIfQDzU/OKjPRbZRtfUDM8EV27KHu71xB4=\n-----END RSA PRIVATE KEY-----\n",
            "secret_string_wo": null,
            "secret_string_wo_version": null,
            "version_id": "terraform-20260308182918529700000003",
            "version_stages": [
              "AWSCURRENT"
            ]
          },
          "sensitive_attributes": [
            [
              {
                "type": "get_attr",
                "value": "secret_binary"
              }
            ],
            [
              {
                "type": "get_attr",
                "value": "secret_string"
              }
            ],
            [
              {
                "type": "get_attr",
                "value": "secret_string_wo"
              }
            ]
          ],
          "identity_schema_version": 0,
          "private": "bnVsbA==",
          "dependencies": [
            "aws_secretsmanager_secret.management_private_key",
            "tls_private_key.management_ssh_key"
          ]
        }
      ]
    },
    {
      "mode": "managed",
      "type": "aws_secretsmanager_secret_version",
      "name": "management_public_key_version",
      "provider": "provider[\"registry.terraform.io/hashicorp/aws\"]",
      "instances": [
        {
          "schema_version": 0,
          "attributes": {
            "arn": "arn:aws:secretsmanager:us-east-2:215848077383:secret:management-ssh-public-key-PWTRgB",
            "has_secret_string_wo": null,
            "id": "management-ssh-public-key|terraform-20260308182918559200000004",
            "secret_binary": "",
            "secret_id": "management-ssh-public-key",
            "secret_string": "ssh-rsa AAAAB3NzaC1yc2EAAAADAQABAAACAQDLQHBEankpQGfQXUbuqWqhx+WE4FMT3Mu42q2xKVn2FvF49aWHeAC88HBIhTvr9XGVJKYEYIS96R0KY0TyMf9t1dzyFlhoA3bxS9M0WMzdk4nUFcEWx15jThibx86p6AJDIbugW/eOX9EXuacbbfbReP96GTrbtoM42+VhrJ4uOkjIDkS2R9+kBPYWnaKCA+SUAMpcbeUeiu0WPtaV1PTNYemNi+HGSxwIe9pqLE5QJx6OFlOnySuLYF6Z+GhMC8Bbpm/mcFwO4pcvCs2eC7vYPs/n8WlxFiY2qnFONz4256Kl/HdRwhJeWM4XDpHZg3scWrn4Zm6LuikZ3ZUSSfkoCbn9Sl4If9KG0QOyq86JmRhkgeGWN+KuAYX9h71BfSy39/LXw7djTMAxqIynQl1T20p9eVnb3AIBp6xqwy+XlfA7G0Zgv4tGsHd2cYr+FHxSL79wJr+e4Qg6X2oH3C9eyeBNUHcgMwf89SB6FnqdkcWLpbiv7S1tpgXg9J0wZVGpFK5qjoQfyzrdJmVtR0Al/qTHNOF2XxmtqaRC4ErQx6bFy8kh8ARnahJzKPsiSuoq3ryFtYNH3jxIIgLAIlTUhz8gEb9hRk9cK55pR/WNgvTiaQGzoXV4F7zW1ocqk7geHajyLAH5QVCyZEGVunySzGa/xC/5kTc5gg+i2Mecvw==\n",
            "secret_string_wo": null,
            "secret_string_wo_version": null,
            "version_id": "terraform-20260308182918559200000004",
            "version_stages": [
              "AWSCURRENT"
            ]
          },
          "sensitive_attributes": [
            [
              {
                "type": "get_attr",
                "value": "secret_binary"
              }
            ],
            [
              {
                "type": "get_attr",
                "value": "secret_string"
              }
            ],
            [
              {
                "type": "get_attr",
                "value": "secret_string_wo"
              }
            ]
          ],
          "identity_schema_version": 0,
          "private": "bnVsbA==",
          "dependencies": [
            "aws_secretsmanager_secret.management_public_key",
            "tls_private_key.management_ssh_key"
          ]
        }
      ]
    },
    {
      "mode": "managed",
      "type": "aws_security_group",
      "name": "alb_sg",
      "provider": "provider[\"registry.terraform.io/hashicorp/aws\"]",
      "instances": [
        {
          "schema_version": 1,
          "attributes": {
            "arn": "arn:aws:ec2:us-east-2:215848077383:security-group/sg-01b829a65d0508394",
            "description": "Allow web traffic",
            "egress": [
              {
                "cidr_blocks": [
                  "0.0.0.0/0"
                ],
                "description": "",
                "from_port": 0,
                "ipv6_cidr_blocks": [],
                "prefix_list_ids": [],
                "protocol": "-1",
                "security_groups": [],
                "self": false,
                "to_port": 0
              }
            ],
            "id": "sg-01b829a65d0508394",
            "ingress": [
              {
                "cidr_blocks": [
                  "0.0.0.0/0"
                ],
                "description": "HTTP",
                "from_port": 80,
                "ipv6_cidr_blocks": [],
                "prefix_list_ids": [],
                "protocol": "tcp",
                "security_groups": [],
                "self": false,
                "to_port": 80
              },
              {
                "cidr_blocks": [
                  "0.0.0.0/0"
                ],
                "description": "HTTPS",
                "from_port": 443,
                "ipv6_cidr_blocks": [],
                "prefix_list_ids": [],
                "protocol": "tcp",
                "security_groups": [],
                "self": false,
                "to_port": 443
              }
            ],
            "name": "alb-sg",
            "name_prefix": "",
            "owner_id": "215848077383",
            "revoke_rules_on_delete": false,
            "tags": {
              "Name": "alb-sg"
            },
            "tags_all": {
              "Name": "alb-sg"
            },
            "timeouts": null,
            "vpc_id": "vpc-0f4419531a43d2b59"
          },
          "sensitive_attributes": [],
          "identity_schema_version": 0,
          "private": "eyJlMmJmYjczMC1lY2FhLTExZTYtOGY4OC0zNDM2M2JjN2M0YzAiOnsiY3JlYXRlIjo2MDAwMDAwMDAwMDAsImRlbGV0ZSI6OTAwMDAwMDAwMDAwfSwic2NoZW1hX3ZlcnNpb24iOiIxIn0=",
          "dependencies": [
            "aws_vpc.main_vpc"
          ]
        }
      ]
    },
    {
      "mode": "managed",
      "type": "aws_security_group",
      "name": "app_sg",
      "provider": "provider[\"registry.terraform.io/hashicorp/aws\"]",
      "instances": [
        {
          "schema_version": 1,
          "attributes": {
            "arn": "arn:aws:ec2:us-east-2:215848077383:security-group/sg-060d49d52b11a1dfa",
            "description": "Managed by Terraform",
            "egress": [
              {
                "cidr_blocks": [
                  "0.0.0.0/0"
                ],
                "description": "",
                "from_port": 0,
                "ipv6_cidr_blocks": [],
                "prefix_list_ids": [],
                "protocol": "-1",
                "security_groups": [],
                "self": false,
                "to_port": 0
              }
            ],
            "id": "sg-060d49d52b11a1dfa",
            "ingress": [
              {
                "cidr_blocks": [],
                "description": "",
                "from_port": 5000,
                "ipv6_cidr_blocks": [],
                "prefix_list_ids": [],
                "protocol": "tcp",
                "security_groups": [
                  "sg-01b829a65d0508394"
                ],
                "self": false,
                "to_port": 5000
              }
            ],
            "name": "app-sg",
            "name_prefix": "",
            "owner_id": "215848077383",
            "revoke_rules_on_delete": false,
            "tags": {
              "Name": "app-sg"
            },
            "tags_all": {
              "Name": "app-sg"
            },
            "timeouts": null,
            "vpc_id": "vpc-0f4419531a43d2b59"
          },
          "sensitive_attributes": [],
          "identity_schema_version": 0,
          "private": "eyJlMmJmYjczMC1lY2FhLTExZTYtOGY4OC0zNDM2M2JjN2M0YzAiOnsiY3JlYXRlIjo2MDAwMDAwMDAwMDAsImRlbGV0ZSI6OTAwMDAwMDAwMDAwfSwic2NoZW1hX3ZlcnNpb24iOiIxIn0=",
          "dependencies": [
            "aws_security_group.alb_sg",
            "aws_vpc.main_vpc"
          ]
        }
      ]
    },
    {
      "mode": "managed",
      "type": "aws_security_group",
      "name": "bastion_sg",
      "provider": "provider[\"registry.terraform.io/hashicorp/aws\"]",
      "instances": [
        {
          "schema_version": 1,
          "attributes": {
            "arn": "arn:aws:ec2:us-east-2:215848077383:security-group/sg-0dbdd1ad9fa0961cb",
            "description": "Allow SSH access to bastion host",
            "egress": [
              {
                "cidr_blocks": [
                  "0.0.0.0/0"
                ],
                "description": "",
                "from_port": 0,
                "ipv6_cidr_blocks": [],
                "prefix_list_ids": [],
                "protocol": "-1",
                "security_groups": [],
                "self": false,
                "to_port": 0
              }
            ],
            "id": "sg-0dbdd1ad9fa0961cb",
            "ingress": [
              {
                "cidr_blocks": [
                  "67.173.221.178/32"
                ],
                "description": "SSH from admin IP",
                "from_port": 22,
                "ipv6_cidr_blocks": [],
                "prefix_list_ids": [],
                "protocol": "tcp",
                "security_groups": [],
                "self": false,
                "to_port": 22
              }
            ],
            "name": "bastion_sg",
            "name_prefix": "",
            "owner_id": "215848077383",
            "revoke_rules_on_delete": false,
            "tags": {
              "Name": "bastion_sg"
            },
            "tags_all": {
              "Name": "bastion_sg"
            },
            "timeouts": null,
            "vpc_id": "vpc-0f4419531a43d2b59"
          },
          "sensitive_attributes": [],
          "identity_schema_version": 0,
          "private": "eyJlMmJmYjczMC1lY2FhLTExZTYtOGY4OC0zNDM2M2JjN2M0YzAiOnsiY3JlYXRlIjo2MDAwMDAwMDAwMDAsImRlbGV0ZSI6OTAwMDAwMDAwMDAwfSwic2NoZW1hX3ZlcnNpb24iOiIxIn0=",
          "dependencies": [
            "aws_vpc.main_vpc"
          ],
          "create_before_destroy": true
        }
      ]
    },
    {
      "mode": "managed",
      "type": "aws_security_group",
      "name": "management_sg",
      "provider": "provider[\"registry.terraform.io/hashicorp/aws\"]",
      "instances": [
        {
          "schema_version": 1,
          "attributes": {
            "arn": "arn:aws:ec2:us-east-2:215848077383:security-group/sg-0895a3743a3889aa6",
            "description": "Security group for EKS management node",
            "egress": [
              {
                "cidr_blocks": [
                  "0.0.0.0/0"
                ],
                "description": "",
                "from_port": 0,
                "ipv6_cidr_blocks": [],
                "prefix_list_ids": [],
                "protocol": "-1",
                "security_groups": [],
                "self": false,
                "to_port": 0
              }
            ],
            "id": "sg-0895a3743a3889aa6",
            "ingress": [
              {
                "cidr_blocks": [],
                "description": "Allow SSH from bastion hosts only",
                "from_port": 22,
                "ipv6_cidr_blocks": [],
                "prefix_list_ids": [],
                "protocol": "tcp",
                "security_groups": [
                  "sg-0dbdd1ad9fa0961cb"
                ],
                "self": false,
                "to_port": 22
              }
            ],
            "name": "eks-management-sg",
            "name_prefix": "",
            "owner_id": "215848077383",
            "revoke_rules_on_delete": false,
            "tags": {
              "Name": "eks-management-sg"
            },
            "tags_all": {
              "Name": "eks-management-sg"
            },
            "timeouts": null,
            "vpc_id": "vpc-0f4419531a43d2b59"
          },
          "sensitive_attributes": [],
          "identity_schema_version": 0,
          "private": "eyJlMmJmYjczMC1lY2FhLTExZTYtOGY4OC0zNDM2M2JjN2M0YzAiOnsiY3JlYXRlIjo2MDAwMDAwMDAwMDAsImRlbGV0ZSI6OTAwMDAwMDAwMDAwfSwic2NoZW1hX3ZlcnNpb24iOiIxIn0=",
          "dependencies": [
            "aws_vpc.main_vpc"
          ]
        }
      ]
    },
    {
      "mode": "managed",
      "type": "aws_security_group",
      "name": "rds_sg",
      "provider": "provider[\"registry.terraform.io/hashicorp/aws\"]",
      "instances": [
        {
          "schema_version": 1,
          "attributes": {
            "arn": "arn:aws:ec2:us-east-2:215848077383:security-group/sg-07ce990ba4c8b172b",
            "description": "Allow PostgreSQL access from EKS app and management node",
            "egress": [
              {
                "cidr_blocks": [
                  "0.0.0.0/0"
                ],
                "description": "",
                "from_port": 0,
                "ipv6_cidr_blocks": [],
                "prefix_list_ids": [],
                "protocol": "-1",
                "security_groups": [],
                "self": false,
                "to_port": 0
              }
            ],
            "id": "sg-07ce990ba4c8b172b",
            "ingress": [
              {
                "cidr_blocks": [],
                "description": "PostgreSQL from app SG",
                "from_port": 5432,
                "ipv6_cidr_blocks": [],
                "prefix_list_ids": [],
                "protocol": "tcp",
                "security_groups": [
                  "sg-060d49d52b11a1dfa"
                ],
                "self": false,
                "to_port": 5432
              },
              {
                "cidr_blocks": [],
                "description": "PostgreSQL from management SG",
                "from_port": 5432,
                "ipv6_cidr_blocks": [],
                "prefix_list_ids": [],
                "protocol": "tcp",
                "security_groups": [
                  "sg-0895a3743a3889aa6"
                ],
                "self": false,
                "to_port": 5432
              }
            ],
            "name": "infrahash-rds-sg",
            "name_prefix": "",
            "owner_id": "215848077383",
            "revoke_rules_on_delete": false,
            "tags": {
              "Name": "infrahash-rds-sg"
            },
            "tags_all": {
              "Name": "infrahash-rds-sg"
            },
            "timeouts": null,
            "vpc_id": "vpc-0f4419531a43d2b59"
          },
          "sensitive_attributes": [],
          "identity_schema_version": 0,
          "private": "eyJlMmJmYjczMC1lY2FhLTExZTYtOGY4OC0zNDM2M2JjN2M0YzAiOnsiY3JlYXRlIjo2MDAwMDAwMDAwMDAsImRlbGV0ZSI6OTAwMDAwMDAwMDAwfSwic2NoZW1hX3ZlcnNpb24iOiIxIn0=",
          "dependencies": [
            "aws_security_group.alb_sg",
            "aws_security_group.app_sg",
            "aws_security_group.management_sg",
            "aws_vpc.main_vpc"
          ]
        }
      ]
    },
    {
      "mode": "managed",
      "type": "aws_security_group_rule",
      "name": "allow_mgmt_to_eks_private",
      "provider": "provider[\"registry.terraform.io/hashicorp/aws\"]",
      "instances": [
        {
          "schema_version": 2,
          "attributes": {
            "cidr_blocks": null,
            "description": "Allow management node to reach EKS private endpoint",
            "from_port": 443,
            "id": "sgrule-1733158551",
            "ipv6_cidr_blocks": null,
            "prefix_list_ids": null,
            "protocol": "tcp",
            "security_group_id": "sg-0aab52e9843b2953b",
            "security_group_rule_id": "sgr-009cbefc113c48915",
            "self": false,
            "source_security_group_id": "sg-0895a3743a3889aa6",
            "timeouts": null,
            "to_port": 443,
            "type": "ingress"
          },
          "sensitive_attributes": [],
          "identity_schema_version": 0,
          "private": "eyJlMmJmYjczMC1lY2FhLTExZTYtOGY4OC0zNDM2M2JjN2M0YzAiOnsiY3JlYXRlIjozMDAwMDAwMDAwMDB9LCJzY2hlbWFfdmVyc2lvbiI6IjIifQ==",
          "dependencies": [
            "aws_eks_cluster.main",
            "aws_iam_role.eks_cluster_role",
            "aws_iam_role_policy_attachment.eks_cluster_policy",
            "aws_iam_role_policy_attachment.eks_vpc_controller",
            "aws_security_group.management_sg",
            "aws_subnet.private_1",
            "aws_subnet.private_2",
            "aws_subnet.public_1",
            "aws_subnet.public_2",
            "aws_vpc.main_vpc"
          ]
        }
      ]
    },
    {
      "mode": "managed",
      "type": "aws_security_group_rule",
      "name": "management_allow_ssh_from_bastion",
      "provider": "provider[\"registry.terraform.io/hashicorp/aws\"]",
      "instances": [
        {
          "schema_version": 2,
          "attributes": {
            "cidr_blocks": null,
            "description": "Allow SSH from bastion hosts only",
            "from_port": 22,
            "id": "sgrule-3229918685",
            "ipv6_cidr_blocks": null,
            "prefix_list_ids": null,
            "protocol": "tcp",
            "security_group_id": "sg-0895a3743a3889aa6",
            "security_group_rule_id": "sgr-056adc6b876c6fa7a",
            "self": false,
            "source_security_group_id": "sg-0dbdd1ad9fa0961cb",
            "timeouts": null,
            "to_port": 22,
            "type": "ingress"
          },
          "sensitive_attributes": [],
          "identity_schema_version": 0,
          "private": "eyJlMmJmYjczMC1lY2FhLTExZTYtOGY4OC0zNDM2M2JjN2M0YzAiOnsiY3JlYXRlIjozMDAwMDAwMDAwMDB9LCJzY2hlbWFfdmVyc2lvbiI6IjIifQ==",
          "dependencies": [
            "aws_security_group.bastion_sg",
            "aws_security_group.management_sg",
            "aws_vpc.main_vpc"
          ]
        }
      ]
    },
    {
      "mode": "managed",
      "type": "aws_security_group_rule",
      "name": "rds_from_eks_cluster_sg",
      "provider": "provider[\"registry.terraform.io/hashicorp/aws\"]",
      "instances": [
        {
          "schema_version": 2,
          "attributes": {
            "cidr_blocks": null,
            "description": "PostgreSQL from EKS cluster security group",
            "from_port": 5432,
            "id": "sgrule-3234731586",
            "ipv6_cidr_blocks": null,
            "prefix_list_ids": null,
            "protocol": "tcp",
            "security_group_id": "sg-07ce990ba4c8b172b",
            "security_group_rule_id": "sgr-053a160f19d3b9de7",
            "self": false,
            "source_security_group_id": "sg-0aab52e9843b2953b",
            "timeouts": null,
            "to_port": 5432,
            "type": "ingress"
          },
          "sensitive_attributes": [],
          "identity_schema_version": 0,
          "private": "eyJlMmJmYjczMC1lY2FhLTExZTYtOGY4OC0zNDM2M2JjN2M0YzAiOnsiY3JlYXRlIjozMDAwMDAwMDAwMDB9LCJzY2hlbWFfdmVyc2lvbiI6IjIifQ==",
          "dependencies": [
            "aws_eks_cluster.main",
            "aws_iam_role.eks_cluster_role",
            "aws_iam_role_policy_attachment.eks_cluster_policy",
            "aws_iam_role_policy_attachment.eks_vpc_controller",
            "aws_security_group.alb_sg",
            "aws_security_group.app_sg",
            "aws_security_group.management_sg",
            "aws_security_group.rds_sg",
            "aws_subnet.private_1",
            "aws_subnet.private_2",
            "aws_subnet.public_1",
            "aws_subnet.public_2",
            "aws_vpc.main_vpc"
          ]
        }
      ]
    },
    {
      "mode": "managed",
      "type": "aws_subnet",
      "name": "private_1",
      "provider": "provider[\"registry.terraform.io/hashicorp/aws\"]",
      "instances": [
        {
          "schema_version": 1,
          "attributes": {
            "arn": "arn:aws:ec2:us-east-2:215848077383:subnet/subnet-05c14780c84333f8b",
            "assign_ipv6_address_on_creation": false,
            "availability_zone": "us-east-2a",
            "availability_zone_id": "use2-az1",
            "cidr_block": "10.0.0.0/19",
            "customer_owned_ipv4_pool": "",
            "enable_dns64": false,
            "enable_lni_at_device_index": 0,
            "enable_resource_name_dns_a_record_on_launch": false,
            "enable_resource_name_dns_aaaa_record_on_launch": false,
            "id": "subnet-05c14780c84333f8b",
            "ipv6_cidr_block": "",
            "ipv6_cidr_block_association_id": "",
            "ipv6_native": false,
            "map_customer_owned_ip_on_launch": false,
            "map_public_ip_on_launch": false,
            "outpost_arn": "",
            "owner_id": "215848077383",
            "private_dns_hostname_type_on_launch": "ip-name",
            "tags": {
              "Name": "private-subnet-1",
              "kubernetes.io/role/internal-elb": "1"
            },
            "tags_all": {
              "Name": "private-subnet-1",
              "kubernetes.io/role/internal-elb": "1"
            },
            "timeouts": null,
            "vpc_id": "vpc-0f4419531a43d2b59"
          },
          "sensitive_attributes": [],
          "identity_schema_version": 0,
          "private": "eyJlMmJmYjczMC1lY2FhLTExZTYtOGY4OC0zNDM2M2JjN2M0YzAiOnsiY3JlYXRlIjo2MDAwMDAwMDAwMDAsImRlbGV0ZSI6MTIwMDAwMDAwMDAwMH0sInNjaGVtYV92ZXJzaW9uIjoiMSJ9",
          "dependencies": [
            "aws_vpc.main_vpc"
          ]
        }
      ]
    },
    {
      "mode": "managed",
      "type": "aws_subnet",
      "name": "private_2",
      "provider": "provider[\"registry.terraform.io/hashicorp/aws\"]",
      "instances": [
        {
          "schema_version": 1,
          "attributes": {
            "arn": "arn:aws:ec2:us-east-2:215848077383:subnet/subnet-0ffc2f6dc458a2ea9",
            "assign_ipv6_address_on_creation": false,
            "availability_zone": "us-east-2b",
            "availability_zone_id": "use2-az2",
            "cidr_block": "10.0.32.0/19",
            "customer_owned_ipv4_pool": "",
            "enable_dns64": false,
            "enable_lni_at_device_index": 0,
            "enable_resource_name_dns_a_record_on_launch": false,
            "enable_resource_name_dns_aaaa_record_on_launch": false,
            "id": "subnet-0ffc2f6dc458a2ea9",
            "ipv6_cidr_block": "",
            "ipv6_cidr_block_association_id": "",
            "ipv6_native": false,
            "map_customer_owned_ip_on_launch": false,
            "map_public_ip_on_launch": false,
            "outpost_arn": "",
            "owner_id": "215848077383",
            "private_dns_hostname_type_on_launch": "ip-name",
            "tags": {
              "Name": "private-subnet-2",
              "kubernetes.io/role/internal-elb": "1"
            },
            "tags_all": {
              "Name": "private-subnet-2",
              "kubernetes.io/role/internal-elb": "1"
            },
            "timeouts": null,
            "vpc_id": "vpc-0f4419531a43d2b59"
          },
          "sensitive_attributes": [],
          "identity_schema_version": 0,
          "private": "eyJlMmJmYjczMC1lY2FhLTExZTYtOGY4OC0zNDM2M2JjN2M0YzAiOnsiY3JlYXRlIjo2MDAwMDAwMDAwMDAsImRlbGV0ZSI6MTIwMDAwMDAwMDAwMH0sInNjaGVtYV92ZXJzaW9uIjoiMSJ9",
          "dependencies": [
            "aws_vpc.main_vpc"
          ]
        }
      ]
    },
    {
      "mode": "managed",
      "type": "aws_subnet",
      "name": "public_1",
      "provider": "provider[\"registry.terraform.io/hashicorp/aws\"]",
      "instances": [
        {
          "schema_version": 1,
          "attributes": {
            "arn": "arn:aws:ec2:us-east-2:215848077383:subnet/subnet-021b65705325f0664",
            "assign_ipv6_address_on_creation": false,
            "availability_zone": "us-east-2a",
            "availability_zone_id": "use2-az1",
            "cidr_block": "10.0.128.0/20",
            "customer_owned_ipv4_pool": "",
            "enable_dns64": false,
            "enable_lni_at_device_index": 0,
            "enable_resource_name_dns_a_record_on_launch": false,
            "enable_resource_name_dns_aaaa_record_on_launch": false,
            "id": "subnet-021b65705325f0664",
            "ipv6_cidr_block": "",
            "ipv6_cidr_block_association_id": "",
            "ipv6_native": false,
            "map_customer_owned_ip_on_launch": false,
            "map_public_ip_on_launch": true,
            "outpost_arn": "",
            "owner_id": "215848077383",
            "private_dns_hostname_type_on_launch": "ip-name",
            "tags": {
              "Name": "public-subnet-1",
              "kubernetes.io/role/elb": "1"
            },
            "tags_all": {
              "Name": "public-subnet-1",
              "kubernetes.io/role/elb": "1"
            },
            "timeouts": null,
            "vpc_id": "vpc-0f4419531a43d2b59"
          },
          "sensitive_attributes": [],
          "identity_schema_version": 0,
          "private": "eyJlMmJmYjczMC1lY2FhLTExZTYtOGY4OC0zNDM2M2JjN2M0YzAiOnsiY3JlYXRlIjo2MDAwMDAwMDAwMDAsImRlbGV0ZSI6MTIwMDAwMDAwMDAwMH0sInNjaGVtYV92ZXJzaW9uIjoiMSJ9",
          "dependencies": [
            "aws_vpc.main_vpc"
          ],
          "create_before_destroy": true
        }
      ]
    },
    {
      "mode": "managed",
      "type": "aws_subnet",
      "name": "public_2",
      "provider": "provider[\"registry.terraform.io/hashicorp/aws\"]",
      "instances": [
        {
          "schema_version": 1,
          "attributes": {
            "arn": "arn:aws:ec2:us-east-2:215848077383:subnet/subnet-00f25252f916caac8",
            "assign_ipv6_address_on_creation": false,
            "availability_zone": "us-east-2b",
            "availability_zone_id": "use2-az2",
            "cidr_block": "10.0.144.0/20",
            "customer_owned_ipv4_pool": "",
            "enable_dns64": false,
            "enable_lni_at_device_index": 0,
            "enable_resource_name_dns_a_record_on_launch": false,
            "enable_resource_name_dns_aaaa_record_on_launch": false,
            "id": "subnet-00f25252f916caac8",
            "ipv6_cidr_block": "",
            "ipv6_cidr_block_association_id": "",
            "ipv6_native": false,
            "map_customer_owned_ip_on_launch": false,
            "map_public_ip_on_launch": true,
            "outpost_arn": "",
            "owner_id": "215848077383",
            "private_dns_hostname_type_on_launch": "ip-name",
            "tags": {
              "Name": "public-subnet-2",
              "kubernetes.io/role/elb": "1"
            },
            "tags_all": {
              "Name": "public-subnet-2",
              "kubernetes.io/role/elb": "1"
            },
            "timeouts": null,
            "vpc_id": "vpc-0f4419531a43d2b59"
          },
          "sensitive_attributes": [],
          "identity_schema_version": 0,
          "private": "eyJlMmJmYjczMC1lY2FhLTExZTYtOGY4OC0zNDM2M2JjN2M0YzAiOnsiY3JlYXRlIjo2MDAwMDAwMDAwMDAsImRlbGV0ZSI6MTIwMDAwMDAwMDAwMH0sInNjaGVtYV92ZXJzaW9uIjoiMSJ9",
          "dependencies": [
            "aws_vpc.main_vpc"
          ],
          "create_before_destroy": true
        }
      ]
    },
    {
      "mode": "managed",
      "type": "aws_vpc",
      "name": "main_vpc",
      "provider": "provider[\"registry.terraform.io/hashicorp/aws\"]",
      "instances": [
        {
          "schema_version": 1,
          "attributes": {
            "arn": "arn:aws:ec2:us-east-2:215848077383:vpc/vpc-0f4419531a43d2b59",
            "assign_generated_ipv6_cidr_block": false,
            "cidr_block": "10.0.0.0/16",
            "default_network_acl_id": "acl-0035f5dd9cb042130",
            "default_route_table_id": "rtb-0a350ac4152d766c7",
            "default_security_group_id": "sg-0eaf792c6077f0160",
            "dhcp_options_id": "dopt-0105aadbf61f7b7c7",
            "enable_dns_hostnames": true,
            "enable_dns_support": true,
            "enable_network_address_usage_metrics": false,
            "id": "vpc-0f4419531a43d2b59",
            "instance_tenancy": "default",
            "ipv4_ipam_pool_id": null,
            "ipv4_netmask_length": null,
            "ipv6_association_id": "",
            "ipv6_cidr_block": "",
            "ipv6_cidr_block_network_border_group": "",
            "ipv6_ipam_pool_id": "",
            "ipv6_netmask_length": 0,
            "main_route_table_id": "rtb-0a350ac4152d766c7",
            "owner_id": "215848077383",
            "tags": {
              "Name": "cloud_vpc"
            },
            "tags_all": {
              "Name": "cloud_vpc"
            }
          },
          "sensitive_attributes": [],
          "identity_schema_version": 0,
          "private": "eyJzY2hlbWFfdmVyc2lvbiI6IjEifQ==",
          "create_before_destroy": true
        }
      ]
    },
    {
      "mode": "managed",
      "type": "null_resource",
      "name": "build_and_push_infrahash",
      "provider": "provider[\"registry.terraform.io/hashicorp/null\"]",
      "instances": [
        {
          "schema_version": 0,
          "attributes": {
            "id": "8672728015902071076",
            "triggers": {
              "always_run": "2026-03-08T19:09:50Z"
            }
          },
          "sensitive_attributes": [],
          "identity_schema_version": 0,
          "dependencies": [
            "aws_ecr_repository.infrahash_repo"
          ]
        }
      ]
    },
    {
      "mode": "managed",
      "type": "random_password",
      "name": "infrahash_db_password",
      "provider": "provider[\"registry.terraform.io/hashicorp/random\"]",
      "instances": [
        {
          "schema_version": 3,
          "attributes": {
            "bcrypt_hash": "$2a$10$RKoxG5lOe7dhjY7aXrRPzeb87FR7SUWF0uMcxkGjhwi8qSSDQFsku",
            "id": "none",
            "keepers": null,
            "length": 20,
            "lower": true,
            "min_lower": 0,
            "min_numeric": 0,
            "min_special": 0,
            "min_upper": 0,
            "number": true,
            "numeric": true,
            "override_special": "!#$%^\u0026*()-_=+[]{}\u003c\u003e:?",
            "result": "UlDk4Zi}AaL#mMhkv)GI",
            "special": true,
            "upper": true
          },
          "sensitive_attributes": [
            [
              {
                "type": "get_attr",
                "value": "bcrypt_hash"
              }
            ],
            [
              {
                "type": "get_attr",
                "value": "result"
              }
            ]
          ],
          "identity_schema_version": 0
        }
      ]
    },
    {
      "mode": "managed",
      "type": "tls_private_key",
      "name": "bastion_ssh_key",
      "provider": "provider[\"registry.terraform.io/hashicorp/tls\"]",
      "instances": [
        {
          "schema_version": 1,
          "attributes": {
            "algorithm": "RSA",
            "ecdsa_curve": "P224",
            "id": "64c3e715c553d8d39dff23a768ea98661b049f57",
            "private_key_openssh": "-----BEGIN OPENSSH PRIVATE KEY-----\nb3BlbnNzaC1rZXktdjEAAAAABG5vbmUAAAAEbm9uZQAAAAAAAAABAAACFwAAAAdz\nc2gtcnNhAAAAAwEAAQAAAgEAxzG/s4j8nbCLBSyz8BiYUNoKpt7+r+NUzW07hvCF\ntGLsTOgoYQfU2N6YlqJVMFpWcPkmur2OBomWz71gNmOvEUufYLf+GDbG1SGcIKEo\nhlchijaP8It7NbgJd7VM9ghDCnKoRekz7vnPEos3RsIig+YkJiIakVYXQpfay82h\n1CuQnpDydLhbdgmLGkIo2Jq32s4HiQ4wow7NyqWd6h38xP6sXhJTq9lbxzmLE0Z+\ndOKgcTy4HDk+Bb52+x6j4lMcuzV0zUCD+JpsNVeQortzlVhRs5QzFmXDDAXhNnf6\nOYIOy2mvg9j54Wl7A4fLvTGvJm631ccY6fQ1/nk9/iD8VgxtR6Lx028LLZQg8BFP\nlDGPxA+lXBSQWTHEMTJc8OHD4bMtAUnJkkFR1MDGJyfmxfF25sgziUW/RDf5LSTp\nAOQf0JwgXlc2KpzzzuMWhi5c5vkI4NqwnaRxIwOCWakm6T+5VsSYLWbo9sXyf7Hu\nh9g/KYGVOge8bw302bhyGKsMFGdTIdTNjopM9hzNIUEpnqcCE5Jt1xkue0dLGVAQ\nuaVM2vZG8ZBYn2Z0XwwN4M0yuDR+bMj3luNhV7akZgmBr243iwNd4V4qPGiBPPqy\nrKDPJ+zH6Yt0Jd026QwAzeneocHixf0+wQyfyIPkOjj0TkQDlPgPv9EnO/pla+eP\n2DEAAAc4IJ3DLyCdwy8AAAAHc3NoLXJzYQAAAgEAxzG/s4j8nbCLBSyz8BiYUNoK\npt7+r+NUzW07hvCFtGLsTOgoYQfU2N6YlqJVMFpWcPkmur2OBomWz71gNmOvEUuf\nYLf+GDbG1SGcIKEohlchijaP8It7NbgJd7VM9ghDCnKoRekz7vnPEos3RsIig+Yk\nJiIakVYXQpfay82h1CuQnpDydLhbdgmLGkIo2Jq32s4HiQ4wow7NyqWd6h38xP6s\nXhJTq9lbxzmLE0Z+dOKgcTy4HDk+Bb52+x6j4lMcuzV0zUCD+JpsNVeQortzlVhR\ns5QzFmXDDAXhNnf6OYIOy2mvg9j54Wl7A4fLvTGvJm631ccY6fQ1/nk9/iD8Vgxt\nR6Lx028LLZQg8BFPlDGPxA+lXBSQWTHEMTJc8OHD4bMtAUnJkkFR1MDGJyfmxfF2\n5sgziUW/RDf5LSTpAOQf0JwgXlc2KpzzzuMWhi5c5vkI4NqwnaRxIwOCWakm6T+5\nVsSYLWbo9sXyf7Huh9g/KYGVOge8bw302bhyGKsMFGdTIdTNjopM9hzNIUEpnqcC\nE5Jt1xkue0dLGVAQuaVM2vZG8ZBYn2Z0XwwN4M0yuDR+bMj3luNhV7akZgmBr243\niwNd4V4qPGiBPPqyrKDPJ+zH6Yt0Jd026QwAzeneocHixf0+wQyfyIPkOjj0TkQD\nlPgPv9EnO/pla+eP2DEAAAADAQABAAACAD4IDxPg8BJHXTOyVSLK9fwPust2nEe3\n+ruybZw7INgpCj90+MYmwzD6OPiH+xGAwHSUEmyLBUSh6lYtOl4Vsvom264p/jYa\nMNdEjTNYHJ+hWK+LCE43kZoMAt7Flf70WbRSOnbzBZpBLywuMHuXj1oV/GHnsvBZ\nqAqz8Y4QLno9St8mcmrI0qqylCAMRF4X6HN6P7x9r8XHoWyfIMs8pW/Pg2wUNvxI\nRx2GnPnWtSC/RomdCBS5+sedJb5UL2MW0Na38fTNR4vOwy3lZARZbcgvZdoPp80s\nyY3f8t+cg08PYn4UHnVnx4Fb8NQLoPX9F/dW+WbYhristXfW1+hg61Nv7iDMt6H/\nEpI7SNyyRdOtZ/6Fa3s4VqaaWFZ5l4k4O5XCa46Dtkd3w2HsRhUb32HymRMOU27A\nHEXSP3Gwv+xfY5iIDfKs3cdjUZ+uzCIWxa6C772BPcT40nCKbQ7POcRG+sMqdCtt\nE92wAMcS59PxntkEVNQiwhV6XykaYyMuvaH8uBqVrjicQUc6LvSJb8dz8Od8MERo\nJWW+QTs6PaVD6U/OowBC8Yf09fAJBNM9/xdn1sX5tY8e4vI6LE7GC8jRwFjYHkTk\nr78FiYJ0D8mSzQIclc3jTAeib5tl5NDOmvD30mfYhrWXimo+Wk7Y7BdKgBe9+PcS\n4XhfTaw8uT9VAAABABhzuXKmJjMQ4cBHq/Q5yshsILOtBd8cqri5TLTz32rqtMhy\n18kllkyanuyCEhFrxcicjGlUXWL5AHb/aabhRbJPYIWwhJuNFua9ifqnE8kTqqKJ\n2crsvQ1XnjuirUUAhUX9aTHAlvHbQvztCifl67Dl416NPsC3fz1F06Ks6KL1sTo0\n3ctJywsUc8KPn+2hkYFSmO+iuTSQ0U/s4GL56uVR8Fj/E3dTN+zH2FciWDFTdPD1\nMEkhFjKznbzQF+SnzyT9dfe2aPlrr2zDbYpfoga9FB21kX1wNxaGWAVR+4ooB4ta\nw1ok5jsFidNzhvEDfY+5p+tMf1lcwCgNk/Av6XUAAAEBAOsmV+1u4ukhEmzcyCsk\nlH1Fhp0zdQOKcGCsKpocLbYiFqqlZ3ZqNT8Q4OWVhPgkcozi7HI1QrwrOK4Qd7X9\nkkeNq9qi/83hx/MovtjWDK83cdMvmjQvUEvMouNGejmQnTHii5D40DiM80Tg5xeH\nIpkpVU0hJzjp6CzupDMkWBJ8M2olMlE5rXZtQnE3V6d1jr7u8PGB3QeyQth8vLrZ\nkbMCDbODIsTOmVdaeOfHfefzr+43qfEPm4fRD04qZBZbmRoXQdginqtgqnLUSkPF\nGDWIaSYSOVC6XgtOnn5+75DqoPk8yBfzCSwunLaLU+SVkoz7peU9f7EQWX8OVDQn\n3vMAAAEBANjbQQFbRKGAxkxrOqMqqSnwgT1JHZ7Q9tC7F+ShT9xvVKxEtREWzAfZ\nmSIsagRz6y6Nj1j1vrjnkrAwO4IXSFZnK6vyUMqGZKGgk+30wEFyolWS04OUoQQ1\nDAzYwE/bfkGbAnpjftUImjp0o3UM9Xc+vN8sFJ6NYlv0d3R3o/K6F1KsuKn8/W63\nFHmfQudOUsRPDNbjEECmtOTHJKIMjVDgGQ/Nl84c+Mta6XQnU0srn1yWyna5n48Q\n+kK9NCgs9nYhIZ0JgBlsNnBYHdtjkYBnoqVyCRLZ2ufBTuLzanpfRIvyH1MuqoPI\ng5wE9MoQ/G6TM39WslK7sLy3Xp3gHUsAAAAAAQID\n-----END OPENSSH PRIVATE KEY-----\n",
            "private_key_pem": "-----BEGIN RSA PRIVATE KEY-----\nMIIJJwIBAAKCAgEAxzG/s4j8nbCLBSyz8BiYUNoKpt7+r+NUzW07hvCFtGLsTOgo\nYQfU2N6YlqJVMFpWcPkmur2OBomWz71gNmOvEUufYLf+GDbG1SGcIKEohlchijaP\n8It7NbgJd7VM9ghDCnKoRekz7vnPEos3RsIig+YkJiIakVYXQpfay82h1CuQnpDy\ndLhbdgmLGkIo2Jq32s4HiQ4wow7NyqWd6h38xP6sXhJTq9lbxzmLE0Z+dOKgcTy4\nHDk+Bb52+x6j4lMcuzV0zUCD+JpsNVeQortzlVhRs5QzFmXDDAXhNnf6OYIOy2mv\ng9j54Wl7A4fLvTGvJm631ccY6fQ1/nk9/iD8VgxtR6Lx028LLZQg8BFPlDGPxA+l\nXBSQWTHEMTJc8OHD4bMtAUnJkkFR1MDGJyfmxfF25sgziUW/RDf5LSTpAOQf0Jwg\nXlc2KpzzzuMWhi5c5vkI4NqwnaRxIwOCWakm6T+5VsSYLWbo9sXyf7Huh9g/KYGV\nOge8bw302bhyGKsMFGdTIdTNjopM9hzNIUEpnqcCE5Jt1xkue0dLGVAQuaVM2vZG\n8ZBYn2Z0XwwN4M0yuDR+bMj3luNhV7akZgmBr243iwNd4V4qPGiBPPqyrKDPJ+zH\n6Yt0Jd026QwAzeneocHixf0+wQyfyIPkOjj0TkQDlPgPv9EnO/pla+eP2DECAwEA\nAQKCAgA+CA8T4PASR10zslUiyvX8D7rLdpxHt/q7sm2cOyDYKQo/dPjGJsMw+jj4\nh/sRgMB0lBJsiwVEoepWLTpeFbL6JtuuKf42GjDXRI0zWByfoViviwhON5GaDALe\nxZX+9Fm0Ujp28wWaQS8sLjB7l49aFfxh57LwWagKs/GOEC56PUrfJnJqyNKqspQg\nDEReF+hzej+8fa/Fx6FsnyDLPKVvz4NsFDb8SEcdhpz51rUgv0aJnQgUufrHnSW+\nVC9jFtDWt/H0zUeLzsMt5WQEWW3IL2XaD6fNLMmN3/LfnINPD2J+FB51Z8eBW/DU\nC6D1/Rf3Vvlm2Ia4rLV31tfoYOtTb+4gzLeh/xKSO0jcskXTrWf+hWt7OFammlhW\neZeJODuVwmuOg7ZHd8Nh7EYVG99h8pkTDlNuwBxF0j9xsL/sX2OYiA3yrN3HY1Gf\nrswiFsWugu+9gT3E+NJwim0OzznERvrDKnQrbRPdsADHEufT8Z7ZBFTUIsIVel8p\nGmMjLr2h/Lgala44nEFHOi70iW/Hc/DnfDBEaCVlvkE7Oj2lQ+lPzqMAQvGH9PXw\nCQTTPf8XZ9bF+bWPHuLyOixOxgvI0cBY2B5E5K+/BYmCdA/Jks0CHJXN40wHom+b\nZeTQzprw99Jn2Ia1l4pqPlpO2OwXSoAXvfj3EuF4X02sPLk/VQKCAQEA6yZX7W7i\n6SESbNzIKySUfUWGnTN1A4pwYKwqmhwttiIWqqVndmo1PxDg5ZWE+CRyjOLscjVC\nvCs4rhB3tf2SR42r2qL/zeHH8yi+2NYMrzdx0y+aNC9QS8yi40Z6OZCdMeKLkPjQ\nOIzzRODnF4cimSlVTSEnOOnoLO6kMyRYEnwzaiUyUTmtdm1CcTdXp3WOvu7w8YHd\nB7JC2Hy8utmRswINs4MixM6ZV1p458d95/Ov7jep8Q+bh9EPTipkFluZGhdB2CKe\nq2CqctRKQ8UYNYhpJhI5ULpeC06efn7vkOqg+TzIF/MJLC6ctotT5JWSjPul5T1/\nsRBZfw5UNCfe8wKCAQEA2NtBAVtEoYDGTGs6oyqpKfCBPUkdntD20LsX5KFP3G9U\nrES1ERbMB9mZIixqBHPrLo2PWPW+uOeSsDA7ghdIVmcrq/JQyoZkoaCT7fTAQXKi\nVZLTg5ShBDUMDNjAT9t+QZsCemN+1QiaOnSjdQz1dz683ywUno1iW/R3dHej8roX\nUqy4qfz9brcUeZ9C505SxE8M1uMQQKa05MckogyNUOAZD82Xzhz4y1rpdCdTSyuf\nXJbKdrmfjxD6Qr00KCz2diEhnQmAGWw2cFgd22ORgGeipXIJEtna58FO4vNqel9E\ni/IfUy6qg8iDnAT0yhD8bpMzf1ayUruwvLdeneAdSwKCAQA8fpTIRGqjxxpSX0ov\nry10PNqwvngv/QGEHUaodu9bl9F0/TBsyk4Ad3skFR8sJ1RA4nApwYH1nrjqLtpd\nO2rSdaPsj1p3wMoLyEOwzQBeY0kpJ2noWvOxTGfrSEpRXN7T4pA9L4WBxuEeqy1I\nZD+GX5fOS+UnQyWzyYD8lzEBMGqZuBAFzWzOtrUNI0utjRS4EghyWRJf1IBV6WE0\nQJy3DKQxtl7PescALgpEtpGxhoOQKUnS9kzw19u0JDuzdMUibTFHRUDEng27lNm2\nLZJY00sZvD56gjeHeSZVLJq9EV9wPy7K2n9Vmng+jgF7IO+ezW6UVwnup2IeybTn\n5gn5AoIBAA0Tq6fZSRo0GcEh9jdAq1LMHf8EGbUqBLgxkA9Javdv/zskKYcOSN9w\nT7uv0fTSyKvV/X7v0sBztnTJc800ejg7oHaN9jFASXE1rbX7vFw1/XQLlpWosM0A\nJengaDholASAxHV86nkOO76qqfC1B1hZgCo1DklBXV0OMOXlEQ3iCuYBZGFb0CyM\n/b8Xy4EHSBZubefHaYN8igwBtkPPXfYyjVBWpYDYXmhk4w8OEAfIaaO7tBnUt7p4\n256KqkqB65rUBKLjn8XosJ+1sJc6Odv0Y+p2JfXtDTZMgeVNqG4YsJl/0EPD3KR1\nwvn1ko1c2NwSJFjZcYdrqgy3Qg1jJmECggEAGHO5cqYmMxDhwEer9DnKyGwgs60F\n3xyquLlMtPPfauq0yHLXySWWTJqe7IISEWvFyJyMaVRdYvkAdv9ppuFFsk9ghbCE\nm40W5r2J+qcTyROqoonZyuy9DVeeO6KtRQCFRf1pMcCW8dtC/O0KJ+XrsOXjXo0+\nwLd/PUXToqzoovWxOjTdy0nLCxRzwo+f7aGRgVKY76K5NJDRT+zgYvnq5VHwWP8T\nd1M37MfYVyJYMVN08PUwSSEWMrOdvNAX5KfPJP1197Zo+WuvbMNtil+iBr0UHbWR\nfXA3FoZYBVH7iigHi1rDWiTmOwWJ03OG8QN9j7mn60x/WVzAKA2T8C/pdQ==\n-----END RSA PRIVATE KEY-----\n",
            "private_key_pem_pkcs8": "-----BEGIN PRIVATE KEY-----\nMIIJQQIBADANBgkqhkiG9w0BAQEFAASCCSswggknAgEAAoICAQDHMb+ziPydsIsF\nLLPwGJhQ2gqm3v6v41TNbTuG8IW0YuxM6ChhB9TY3piWolUwWlZw+Sa6vY4GiZbP\nvWA2Y68RS59gt/4YNsbVIZwgoSiGVyGKNo/wi3s1uAl3tUz2CEMKcqhF6TPu+c8S\nizdGwiKD5iQmIhqRVhdCl9rLzaHUK5CekPJ0uFt2CYsaQijYmrfazgeJDjCjDs3K\npZ3qHfzE/qxeElOr2VvHOYsTRn504qBxPLgcOT4Fvnb7HqPiUxy7NXTNQIP4mmw1\nV5Ciu3OVWFGzlDMWZcMMBeE2d/o5gg7Laa+D2PnhaXsDh8u9Ma8mbrfVxxjp9DX+\neT3+IPxWDG1HovHTbwstlCDwEU+UMY/ED6VcFJBZMcQxMlzw4cPhsy0BScmSQVHU\nwMYnJ+bF8XbmyDOJRb9EN/ktJOkA5B/QnCBeVzYqnPPO4xaGLlzm+Qjg2rCdpHEj\nA4JZqSbpP7lWxJgtZuj2xfJ/se6H2D8pgZU6B7xvDfTZuHIYqwwUZ1Mh1M2Oikz2\nHM0hQSmepwITkm3XGS57R0sZUBC5pUza9kbxkFifZnRfDA3gzTK4NH5syPeW42FX\ntqRmCYGvbjeLA13hXio8aIE8+rKsoM8n7Mfpi3Ql3TbpDADN6d6hweLF/T7BDJ/I\ng+Q6OPRORAOU+A+/0Sc7+mVr54/YMQIDAQABAoICAD4IDxPg8BJHXTOyVSLK9fwP\nust2nEe3+ruybZw7INgpCj90+MYmwzD6OPiH+xGAwHSUEmyLBUSh6lYtOl4Vsvom\n264p/jYaMNdEjTNYHJ+hWK+LCE43kZoMAt7Flf70WbRSOnbzBZpBLywuMHuXj1oV\n/GHnsvBZqAqz8Y4QLno9St8mcmrI0qqylCAMRF4X6HN6P7x9r8XHoWyfIMs8pW/P\ng2wUNvxIRx2GnPnWtSC/RomdCBS5+sedJb5UL2MW0Na38fTNR4vOwy3lZARZbcgv\nZdoPp80syY3f8t+cg08PYn4UHnVnx4Fb8NQLoPX9F/dW+WbYhristXfW1+hg61Nv\n7iDMt6H/EpI7SNyyRdOtZ/6Fa3s4VqaaWFZ5l4k4O5XCa46Dtkd3w2HsRhUb32Hy\nmRMOU27AHEXSP3Gwv+xfY5iIDfKs3cdjUZ+uzCIWxa6C772BPcT40nCKbQ7POcRG\n+sMqdCttE92wAMcS59PxntkEVNQiwhV6XykaYyMuvaH8uBqVrjicQUc6LvSJb8dz\n8Od8MERoJWW+QTs6PaVD6U/OowBC8Yf09fAJBNM9/xdn1sX5tY8e4vI6LE7GC8jR\nwFjYHkTkr78FiYJ0D8mSzQIclc3jTAeib5tl5NDOmvD30mfYhrWXimo+Wk7Y7BdK\ngBe9+PcS4XhfTaw8uT9VAoIBAQDrJlftbuLpIRJs3MgrJJR9RYadM3UDinBgrCqa\nHC22IhaqpWd2ajU/EODllYT4JHKM4uxyNUK8KziuEHe1/ZJHjavaov/N4cfzKL7Y\n1gyvN3HTL5o0L1BLzKLjRno5kJ0x4ouQ+NA4jPNE4OcXhyKZKVVNISc46egs7qQz\nJFgSfDNqJTJROa12bUJxN1endY6+7vDxgd0HskLYfLy62ZGzAg2zgyLEzplXWnjn\nx33n86/uN6nxD5uH0Q9OKmQWW5kaF0HYIp6rYKpy1EpDxRg1iGkmEjlQul4LTp5+\nfu+Q6qD5PMgX8wksLpy2i1PklZKM+6XlPX+xEFl/DlQ0J97zAoIBAQDY20EBW0Sh\ngMZMazqjKqkp8IE9SR2e0PbQuxfkoU/cb1SsRLURFswH2ZkiLGoEc+sujY9Y9b64\n55KwMDuCF0hWZyur8lDKhmShoJPt9MBBcqJVktODlKEENQwM2MBP235BmwJ6Y37V\nCJo6dKN1DPV3PrzfLBSejWJb9Hd0d6PyuhdSrLip/P1utxR5n0LnTlLETwzW4xBA\nprTkxySiDI1Q4BkPzZfOHPjLWul0J1NLK59clsp2uZ+PEPpCvTQoLPZ2ISGdCYAZ\nbDZwWB3bY5GAZ6KlcgkS2drnwU7i82p6X0SL8h9TLqqDyIOcBPTKEPxukzN/VrJS\nu7C8t16d4B1LAoIBADx+lMhEaqPHGlJfSi+vLXQ82rC+eC/9AYQdRqh271uX0XT9\nMGzKTgB3eyQVHywnVEDicCnBgfWeuOou2l07atJ1o+yPWnfAygvIQ7DNAF5jSSkn\naeha87FMZ+tISlFc3tPikD0vhYHG4R6rLUhkP4Zfl85L5SdDJbPJgPyXMQEwapm4\nEAXNbM62tQ0jS62NFLgSCHJZEl/UgFXpYTRAnLcMpDG2Xs96xwAuCkS2kbGGg5Ap\nSdL2TPDX27QkO7N0xSJtMUdFQMSeDbuU2bYtkljTSxm8PnqCN4d5JlUsmr0RX3A/\nLsraf1WaeD6OAXsg757NbpRXCe6nYh7JtOfmCfkCggEADROrp9lJGjQZwSH2N0Cr\nUswd/wQZtSoEuDGQD0lq92//OyQphw5I33BPu6/R9NLIq9X9fu/SwHO2dMlzzTR6\nODugdo32MUBJcTWttfu8XDX9dAuWlaiwzQAl6eBoOGiUBIDEdXzqeQ47vqqp8LUH\nWFmAKjUOSUFdXQ4w5eURDeIK5gFkYVvQLIz9vxfLgQdIFm5t58dpg3yKDAG2Q89d\n9jKNUFalgNheaGTjDw4QB8hpo7u0GdS3unjbnoqqSoHrmtQEouOfxeiwn7Wwlzo5\n2/Rj6nYl9e0NNkyB5U2obhiwmX/QQ8PcpHXC+fWSjVzY3BIkWNlxh2uqDLdCDWMm\nYQKCAQAYc7lypiYzEOHAR6v0OcrIbCCzrQXfHKq4uUy0899q6rTIctfJJZZMmp7s\nghIRa8XInIxpVF1i+QB2/2mm4UWyT2CFsISbjRbmvYn6pxPJE6qiidnK7L0NV547\noq1FAIVF/WkxwJbx20L87Qon5euw5eNejT7At389RdOirOii9bE6NN3LScsLFHPC\nj5/toZGBUpjvork0kNFP7OBi+erlUfBY/xN3Uzfsx9hXIlgxU3Tw9TBJIRYys528\n0Bfkp88k/XX3tmj5a69sw22KX6IGvRQdtZF9cDcWhlgFUfuKKAeLWsNaJOY7BYnT\nc4bxA32PuafrTH9ZXMAoDZPwL+l1\n-----END PRIVATE KEY-----\n",
            "public_key_fingerprint_md5": "c1:03:6d:9f:10:a3:74:ac:52:49:34:da:0e:2b:33:fb",
            "public_key_fingerprint_sha256": "SHA256:klwveRf4vk8PVL9i9PRgA9qmJZ6nZXCNBJnJOVADlqU",
            "public_key_openssh": "ssh-rsa AAAAB3NzaC1yc2EAAAADAQABAAACAQDHMb+ziPydsIsFLLPwGJhQ2gqm3v6v41TNbTuG8IW0YuxM6ChhB9TY3piWolUwWlZw+Sa6vY4GiZbPvWA2Y68RS59gt/4YNsbVIZwgoSiGVyGKNo/wi3s1uAl3tUz2CEMKcqhF6TPu+c8SizdGwiKD5iQmIhqRVhdCl9rLzaHUK5CekPJ0uFt2CYsaQijYmrfazgeJDjCjDs3KpZ3qHfzE/qxeElOr2VvHOYsTRn504qBxPLgcOT4Fvnb7HqPiUxy7NXTNQIP4mmw1V5Ciu3OVWFGzlDMWZcMMBeE2d/o5gg7Laa+D2PnhaXsDh8u9Ma8mbrfVxxjp9DX+eT3+IPxWDG1HovHTbwstlCDwEU+UMY/ED6VcFJBZMcQxMlzw4cPhsy0BScmSQVHUwMYnJ+bF8XbmyDOJRb9EN/ktJOkA5B/QnCBeVzYqnPPO4xaGLlzm+Qjg2rCdpHEjA4JZqSbpP7lWxJgtZuj2xfJ/se6H2D8pgZU6B7xvDfTZuHIYqwwUZ1Mh1M2Oikz2HM0hQSmepwITkm3XGS57R0sZUBC5pUza9kbxkFifZnRfDA3gzTK4NH5syPeW42FXtqRmCYGvbjeLA13hXio8aIE8+rKsoM8n7Mfpi3Ql3TbpDADN6d6hweLF/T7BDJ/Ig+Q6OPRORAOU+A+/0Sc7+mVr54/YMQ==\n",
            "public_key_pem": "-----BEGIN PUBLIC KEY-----\nMIICIjANBgkqhkiG9w0BAQEFAAOCAg8AMIICCgKCAgEAxzG/s4j8nbCLBSyz8BiY\nUNoKpt7+r+NUzW07hvCFtGLsTOgoYQfU2N6YlqJVMFpWcPkmur2OBomWz71gNmOv\nEUufYLf+GDbG1SGcIKEohlchijaP8It7NbgJd7VM9ghDCnKoRekz7vnPEos3RsIi\ng+YkJiIakVYXQpfay82h1CuQnpDydLhbdgmLGkIo2Jq32s4HiQ4wow7NyqWd6h38\nxP6sXhJTq9lbxzmLE0Z+dOKgcTy4HDk+Bb52+x6j4lMcuzV0zUCD+JpsNVeQortz\nlVhRs5QzFmXDDAXhNnf6OYIOy2mvg9j54Wl7A4fLvTGvJm631ccY6fQ1/nk9/iD8\nVgxtR6Lx028LLZQg8BFPlDGPxA+lXBSQWTHEMTJc8OHD4bMtAUnJkkFR1MDGJyfm\nxfF25sgziUW/RDf5LSTpAOQf0JwgXlc2KpzzzuMWhi5c5vkI4NqwnaRxIwOCWakm\n6T+5VsSYLWbo9sXyf7Huh9g/KYGVOge8bw302bhyGKsMFGdTIdTNjopM9hzNIUEp\nnqcCE5Jt1xkue0dLGVAQuaVM2vZG8ZBYn2Z0XwwN4M0yuDR+bMj3luNhV7akZgmB\nr243iwNd4V4qPGiBPPqyrKDPJ+zH6Yt0Jd026QwAzeneocHixf0+wQyfyIPkOjj0\nTkQDlPgPv9EnO/pla+eP2DECAwEAAQ==\n-----END PUBLIC KEY-----\n",
            "rsa_bits": 4096
          },
          "sensitive_attributes": [
            [
              {
                "type": "get_attr",
                "value": "private_key_openssh"
              }
            ],
            [
              {
                "type": "get_attr",
                "value": "private_key_pem"
              }
            ],
            [
              {
                "type": "get_attr",
                "value": "private_key_pem_pkcs8"
              }
            ]
          ],
          "identity_schema_version": 0,
          "create_before_destroy": true
        }
      ]
    },
    {
      "mode": "managed",
      "type": "tls_private_key",
      "name": "management_ssh_key",
      "provider": "provider[\"registry.terraform.io/hashicorp/tls\"]",
      "instances": [
        {
          "schema_version": 1,
          "attributes": {
            "algorithm": "RSA",
            "ecdsa_curve": "P224",
            "id": "24933785631fc8b3634bdd5250f4843e3777f367",
            "private_key_openssh": "-----BEGIN OPENSSH PRIVATE KEY-----\nb3BlbnNzaC1rZXktdjEAAAAABG5vbmUAAAAEbm9uZQAAAAAAAAABAAACFwAAAAdz\nc2gtcnNhAAAAAwEAAQAAAgEAy0BwRGp5KUBn0F1G7qlqocflhOBTE9zLuNqtsSlZ\n9hbxePWlh3gAvPBwSIU76/VxlSSmBGCEvekdCmNE8jH/bdXc8hZYaAN28UvTNFjM\n3ZOJ1BXBFsdeY04Ym8fOqegCQyG7oFv3jl/RF7mnG2320Xj/ehk627aDONvlYaye\nLjpIyA5EtkffpAT2Fp2iggPklADKXG3lHortFj7WldT0zWHpjYvhxkscCHvaaixO\nUCcejhZTp8kri2BemfhoTAvAW6Zv5nBcDuKXLwrNngu72D7P5/FpcRYmNqpxTjc+\nNueipfx3UcISXljOFw6R2YN7HFq5+GZui7opGd2VEkn5KAm5/UpeCH/ShtEDsqvO\niZkYZIHhljfirgGF/Ye9QX0st/fy18O3Y0zAMaiMp0JdU9tKfXlZ29wCAaesasMv\nl5XwOxtGYL+LRrB3dnGK/hR8Ui+/cCa/nuEIOl9qB9wvXsngTVB3IDMH/PUgehZ6\nnZHFi6W4r+0tbaYF4PSdMGVRqRSuao6EH8s63SZlbUdAJf6kxzThdl8ZramkQuBK\n0MemxcvJIfAEZ2oScyj7IkrqKt68hbWDR948SCICwCJU1Ic/IBG/YUZPXCueaUf1\njYL04mkBs6F1eBe81taHKpO4Hh2o8iwB+UFQsmRBlbp8ksxmv8Qv+ZE3OYIPotjH\nnL8AAAc4q+iAdavogHUAAAAHc3NoLXJzYQAAAgEAy0BwRGp5KUBn0F1G7qlqocfl\nhOBTE9zLuNqtsSlZ9hbxePWlh3gAvPBwSIU76/VxlSSmBGCEvekdCmNE8jH/bdXc\n8hZYaAN28UvTNFjM3ZOJ1BXBFsdeY04Ym8fOqegCQyG7oFv3jl/RF7mnG2320Xj/\nehk627aDONvlYayeLjpIyA5EtkffpAT2Fp2iggPklADKXG3lHortFj7WldT0zWHp\njYvhxkscCHvaaixOUCcejhZTp8kri2BemfhoTAvAW6Zv5nBcDuKXLwrNngu72D7P\n5/FpcRYmNqpxTjc+Nueipfx3UcISXljOFw6R2YN7HFq5+GZui7opGd2VEkn5KAm5\n/UpeCH/ShtEDsqvOiZkYZIHhljfirgGF/Ye9QX0st/fy18O3Y0zAMaiMp0JdU9tK\nfXlZ29wCAaesasMvl5XwOxtGYL+LRrB3dnGK/hR8Ui+/cCa/nuEIOl9qB9wvXsng\nTVB3IDMH/PUgehZ6nZHFi6W4r+0tbaYF4PSdMGVRqRSuao6EH8s63SZlbUdAJf6k\nxzThdl8ZramkQuBK0MemxcvJIfAEZ2oScyj7IkrqKt68hbWDR948SCICwCJU1Ic/\nIBG/YUZPXCueaUf1jYL04mkBs6F1eBe81taHKpO4Hh2o8iwB+UFQsmRBlbp8ksxm\nv8Qv+ZE3OYIPotjHnL8AAAADAQABAAACABTxeeAC3KM8iLX2tpVnDZ7H+0V62/Si\n/rb4iYdEzIlICe+92CWiXukZGWjPmcIRk3ebxCOVUnhDKgPlALi4ICrQK6kiVk+5\nc6sfdg7hy5JVXpFlAHV5a6dt56k9qHTnfDwwoKXAdDzOcLwyHB7+cL1a63BIY0E6\niED2n6c140K+LLu4hKoHs+qxvC3OZm1hO09o2XE2vbIs/IsbRH9B50u2eBtmu4f0\nO1pAcNwZ3qPxs/tOH6adWwhMkNLqvsx/NX38I3GqSEIcZRmq0k8jxGJe7otm28eU\nUbG2VGCL3rRHoAHchur8xWnFWs8TaEHyg2ADlUAcRe3N6+hHZdHxn2OqugGgyLYy\nDTTtrpbjF7ECjXJhQPVy7VccUNU5jUka1m5gZ91moxqRx/nbMM88+UvcE+rUoOr3\nfNwT2+dJ/eoRg0QJpoKkQwGH5Usucvea3P3iB/dVqZ9j845+efHJI2y89eVCymf7\nYqRY1GhUXL2laZMyxlMQYUKUo3VQL7zbgPxq2EVWWAKaR95ImUQ6/hCX6CTB6b/A\nhA0fTSyGa/HDMeprBEBklsjvmDJHRZJChtsmLuje4t9y3sNbLlIq90GGGMkgfAo5\nmR1VdG+X1eKjgZv2cDpMkmSVQFJFMgUIM4/NyPm1hfpTO6oVWsVFkjbp3sT2vZ14\nnmXuFp0zf1sxAAABAFl8+L1L25PPpvy9nVH/6kq8hip6CKAXKunIEY1vslbeYNaZ\no7fUDQ5GPsqcl7oJ/YEgq3mt50jYydVNdaWY6hM6F6MqHAP9ZhXarpkA/ScMQL5N\n6z+fJ26wtK7dXQ01U2PwDtKJk39Hy1vgxSM9r+Vs/r3RRD5B/Wjbl57ERtsTJwuF\nQONKeS/rQ2pKJkzmyiidYbZSRzRSviCej1qmuVz4u+s4dhNQvYAupkzCrbnqTFfZ\nyp8oOzqIj3Gxwh/yC0uMs7yHEJgURiB6yfYkgQNm4/yxGD5nJlvirsW9CikJsXX/\nsMTZ6nIfQDzU/OKjPRbZRtfUDM8EV27KHu71xB4AAAEBAOzZ8wTvUi94zquJtTHm\nkC5PMBZoV23d2fpnLypEQ0WcjEa8i12StYGUOdnccn2uLDOljZ1ubDfB/gXTnbuH\n4/IIfaJrHzzsOaAnFUsLVqlYxPWlsJoCkhCHQoniu8f8Yy+uR3+mSVkd+r2NG1Qo\nv5BYI+Lx76OwzxM8B9aj4QlT53GicfztHoia+MLPtsIlQLwelU39NQnjtefCtQXR\nMP54iMbfI7qtLtE0/U+a5f2Dsn0lnEf8YT19tz+PAReRI3lYvIDZOnOdFvh4ysqE\nFFb5uCIac9V708Bgb+BEdCemZeiZ1TB0/VXOvVBddZ9S2L3KaP/l7mx39OAABI7m\nyYkAAAEBANuvFgfuWlFIbvxwdBFeb68oF//WP1yyc0wA1mMjv5/eXnVrmx37sPt8\nMoWwJubboOlszA1c1mXSBL4DmDn9mfWplhZ2LeHJU9f83OU2rU0ENeIx9VGjzPQt\noIc6yWc2SRyd0+a9ZojXQPoFR+ia9KGpIHqAeUtoalapx2OcZKezm/YxdMYBRB7v\nLTHTxs+fhGc665QUOQ8Cunuf04uupuhQ8JjZCDjvcax/OSOR1qBg/FdaENK3TE9O\nw3UYwFHxDNtRSLdVH15g4dGKMKg5drFfrqdWOBIoEyAEbvDxPMN3DOIL6P2Iqw1I\n985yfPhrewyJp/Lbh9FQcGZLsXdiygcAAAAAAQID\n-----END OPENSSH PRIVATE KEY-----\n",
            "private_key_pem": "-----BEGIN RSA PRIVATE KEY-----\nMIIJKAIBAAKCAgEAy0BwRGp5KUBn0F1G7qlqocflhOBTE9zLuNqtsSlZ9hbxePWl\nh3gAvPBwSIU76/VxlSSmBGCEvekdCmNE8jH/bdXc8hZYaAN28UvTNFjM3ZOJ1BXB\nFsdeY04Ym8fOqegCQyG7oFv3jl/RF7mnG2320Xj/ehk627aDONvlYayeLjpIyA5E\ntkffpAT2Fp2iggPklADKXG3lHortFj7WldT0zWHpjYvhxkscCHvaaixOUCcejhZT\np8kri2BemfhoTAvAW6Zv5nBcDuKXLwrNngu72D7P5/FpcRYmNqpxTjc+Nueipfx3\nUcISXljOFw6R2YN7HFq5+GZui7opGd2VEkn5KAm5/UpeCH/ShtEDsqvOiZkYZIHh\nljfirgGF/Ye9QX0st/fy18O3Y0zAMaiMp0JdU9tKfXlZ29wCAaesasMvl5XwOxtG\nYL+LRrB3dnGK/hR8Ui+/cCa/nuEIOl9qB9wvXsngTVB3IDMH/PUgehZ6nZHFi6W4\nr+0tbaYF4PSdMGVRqRSuao6EH8s63SZlbUdAJf6kxzThdl8ZramkQuBK0MemxcvJ\nIfAEZ2oScyj7IkrqKt68hbWDR948SCICwCJU1Ic/IBG/YUZPXCueaUf1jYL04mkB\ns6F1eBe81taHKpO4Hh2o8iwB+UFQsmRBlbp8ksxmv8Qv+ZE3OYIPotjHnL8CAwEA\nAQKCAgAU8XngAtyjPIi19raVZw2ex/tFetv0ov62+ImHRMyJSAnvvdglol7pGRlo\nz5nCEZN3m8QjlVJ4QyoD5QC4uCAq0CupIlZPuXOrH3YO4cuSVV6RZQB1eWunbeep\nPah053w8MKClwHQ8znC8Mhwe/nC9WutwSGNBOohA9p+nNeNCviy7uISqB7Pqsbwt\nzmZtYTtPaNlxNr2yLPyLG0R/QedLtngbZruH9DtaQHDcGd6j8bP7Th+mnVsITJDS\n6r7MfzV9/CNxqkhCHGUZqtJPI8RiXu6LZtvHlFGxtlRgi960R6AB3Ibq/MVpxVrP\nE2hB8oNgA5VAHEXtzevoR2XR8Z9jqroBoMi2Mg007a6W4xexAo1yYUD1cu1XHFDV\nOY1JGtZuYGfdZqMakcf52zDPPPlL3BPq1KDq93zcE9vnSf3qEYNECaaCpEMBh+VL\nLnL3mtz94gf3VamfY/OOfnnxySNsvPXlQspn+2KkWNRoVFy9pWmTMsZTEGFClKN1\nUC+824D8athFVlgCmkfeSJlEOv4Ql+gkwem/wIQNH00shmvxwzHqawRAZJbI75gy\nR0WSQobbJi7o3uLfct7DWy5SKvdBhhjJIHwKOZkdVXRvl9Xio4Gb9nA6TJJklUBS\nRTIFCDOPzcj5tYX6UzuqFVrFRZI26d7E9r2deJ5l7hadM39bMQKCAQEA7NnzBO9S\nL3jOq4m1MeaQLk8wFmhXbd3Z+mcvKkRDRZyMRryLXZK1gZQ52dxyfa4sM6WNnW5s\nN8H+BdOdu4fj8gh9omsfPOw5oCcVSwtWqVjE9aWwmgKSEIdCieK7x/xjL65Hf6ZJ\nWR36vY0bVCi/kFgj4vHvo7DPEzwH1qPhCVPncaJx/O0eiJr4ws+2wiVAvB6VTf01\nCeO158K1BdEw/niIxt8juq0u0TT9T5rl/YOyfSWcR/xhPX23P48BF5EjeVi8gNk6\nc50W+HjKyoQUVvm4Ihpz1XvTwGBv4ER0J6Zl6JnVMHT9Vc69UF11n1LYvcpo/+Xu\nbHf04AAEjubJiQKCAQEA268WB+5aUUhu/HB0EV5vrygX/9Y/XLJzTADWYyO/n95e\ndWubHfuw+3wyhbAm5tug6WzMDVzWZdIEvgOYOf2Z9amWFnYt4clT1/zc5TatTQQ1\n4jH1UaPM9C2ghzrJZzZJHJ3T5r1miNdA+gVH6Jr0oakgeoB5S2hqVqnHY5xkp7Ob\n9jF0xgFEHu8tMdPGz5+EZzrrlBQ5DwK6e5/Ti66m6FDwmNkIOO9xrH85I5HWoGD8\nV1oQ0rdMT07DdRjAUfEM21FIt1UfXmDh0YowqDl2sV+up1Y4EigTIARu8PE8w3cM\n4gvo/YirDUj3znJ8+Gt7DImn8tuH0VBwZkuxd2LKBwKCAQAhZaYPxxMmoHk71OIY\n1DL2ZLIaJsJVOpgW59/NrOxzb1yUSNe57Qrs55K0tpHqSNnwumJalYxq3E7OUYWH\nQOUSZsIYWdSAyapie8BT4ZhprpuvK5rYTI5+CCSIvtDNpTfzLDbmt/LVvxVxDumQ\nl2JTnyoIQScSRMceJjPQvzDnGM6kxkweZu0MRBXZmmJhw9D59bIF2jNVXqdys5DE\n7jdjWmmm6SXnl63nT/p79BKECcLsRJZhzCOGASkKrEZyJUQEQ0/pNzg3vynTBW1K\n2w7nKLUfEe3NZ3V3ReHglKZwRNVP1AksmQJzzAADyfng6lSnhlgB5VEWOF/uCfKa\nl85JAoIBAQC5fwvRQpgMzma4zZOUHvObKPWq1xPFiAEHCiX8rHDf4vpLl8Lw/Fei\n4moerHEMuiMTNwTNu7hlXYMXlx1wygy4fKv4520ym7cqR5+WBCctQwLkrl6AwxkK\njYRg62iouBPgD/yfdwofPfLlqpPfewhZgN+l0NmarN4ts0pjd+keGfD1XylFEEie\n/kJhMntLUVyRdhT5gmHzpNAmFvyfk6fnvoCJ76ibusN3bi2nNTvPTFWGxMwzwQa0\naMNuGqo6BppejjIia8QDAzdqoY8YXP02JJ7rOUg7PI95l4S9+lTej6XXMUtY2Y/l\ntdlY/x86/DZ4jbu8u1XhjlR6bCu7rTT9AoIBAFl8+L1L25PPpvy9nVH/6kq8hip6\nCKAXKunIEY1vslbeYNaZo7fUDQ5GPsqcl7oJ/YEgq3mt50jYydVNdaWY6hM6F6Mq\nHAP9ZhXarpkA/ScMQL5N6z+fJ26wtK7dXQ01U2PwDtKJk39Hy1vgxSM9r+Vs/r3R\nRD5B/Wjbl57ERtsTJwuFQONKeS/rQ2pKJkzmyiidYbZSRzRSviCej1qmuVz4u+s4\ndhNQvYAupkzCrbnqTFfZyp8oOzqIj3Gxwh/yC0uMs7yHEJgURiB6yfYkgQNm4/yx\nGD5nJlvirsW9CikJsXX/sMTZ6nIfQDzU/OKjPRbZRtfUDM8EV27KHu71xB4=\n-----END RSA PRIVATE KEY-----\n",
            "private_key_pem_pkcs8": "-----BEGIN PRIVATE KEY-----\nMIIJQgIBADANBgkqhkiG9w0BAQEFAASCCSwwggkoAgEAAoICAQDLQHBEankpQGfQ\nXUbuqWqhx+WE4FMT3Mu42q2xKVn2FvF49aWHeAC88HBIhTvr9XGVJKYEYIS96R0K\nY0TyMf9t1dzyFlhoA3bxS9M0WMzdk4nUFcEWx15jThibx86p6AJDIbugW/eOX9EX\nuacbbfbReP96GTrbtoM42+VhrJ4uOkjIDkS2R9+kBPYWnaKCA+SUAMpcbeUeiu0W\nPtaV1PTNYemNi+HGSxwIe9pqLE5QJx6OFlOnySuLYF6Z+GhMC8Bbpm/mcFwO4pcv\nCs2eC7vYPs/n8WlxFiY2qnFONz4256Kl/HdRwhJeWM4XDpHZg3scWrn4Zm6LuikZ\n3ZUSSfkoCbn9Sl4If9KG0QOyq86JmRhkgeGWN+KuAYX9h71BfSy39/LXw7djTMAx\nqIynQl1T20p9eVnb3AIBp6xqwy+XlfA7G0Zgv4tGsHd2cYr+FHxSL79wJr+e4Qg6\nX2oH3C9eyeBNUHcgMwf89SB6FnqdkcWLpbiv7S1tpgXg9J0wZVGpFK5qjoQfyzrd\nJmVtR0Al/qTHNOF2XxmtqaRC4ErQx6bFy8kh8ARnahJzKPsiSuoq3ryFtYNH3jxI\nIgLAIlTUhz8gEb9hRk9cK55pR/WNgvTiaQGzoXV4F7zW1ocqk7geHajyLAH5QVCy\nZEGVunySzGa/xC/5kTc5gg+i2MecvwIDAQABAoICABTxeeAC3KM8iLX2tpVnDZ7H\n+0V62/Si/rb4iYdEzIlICe+92CWiXukZGWjPmcIRk3ebxCOVUnhDKgPlALi4ICrQ\nK6kiVk+5c6sfdg7hy5JVXpFlAHV5a6dt56k9qHTnfDwwoKXAdDzOcLwyHB7+cL1a\n63BIY0E6iED2n6c140K+LLu4hKoHs+qxvC3OZm1hO09o2XE2vbIs/IsbRH9B50u2\neBtmu4f0O1pAcNwZ3qPxs/tOH6adWwhMkNLqvsx/NX38I3GqSEIcZRmq0k8jxGJe\n7otm28eUUbG2VGCL3rRHoAHchur8xWnFWs8TaEHyg2ADlUAcRe3N6+hHZdHxn2Oq\nugGgyLYyDTTtrpbjF7ECjXJhQPVy7VccUNU5jUka1m5gZ91moxqRx/nbMM88+Uvc\nE+rUoOr3fNwT2+dJ/eoRg0QJpoKkQwGH5Usucvea3P3iB/dVqZ9j845+efHJI2y8\n9eVCymf7YqRY1GhUXL2laZMyxlMQYUKUo3VQL7zbgPxq2EVWWAKaR95ImUQ6/hCX\n6CTB6b/AhA0fTSyGa/HDMeprBEBklsjvmDJHRZJChtsmLuje4t9y3sNbLlIq90GG\nGMkgfAo5mR1VdG+X1eKjgZv2cDpMkmSVQFJFMgUIM4/NyPm1hfpTO6oVWsVFkjbp\n3sT2vZ14nmXuFp0zf1sxAoIBAQDs2fME71IveM6ribUx5pAuTzAWaFdt3dn6Zy8q\nRENFnIxGvItdkrWBlDnZ3HJ9riwzpY2dbmw3wf4F0527h+PyCH2iax887DmgJxVL\nC1apWMT1pbCaApIQh0KJ4rvH/GMvrkd/pklZHfq9jRtUKL+QWCPi8e+jsM8TPAfW\no+EJU+dxonH87R6ImvjCz7bCJUC8HpVN/TUJ47XnwrUF0TD+eIjG3yO6rS7RNP1P\nmuX9g7J9JZxH/GE9fbc/jwEXkSN5WLyA2TpznRb4eMrKhBRW+bgiGnPVe9PAYG/g\nRHQnpmXomdUwdP1Vzr1QXXWfUti9ymj/5e5sd/TgAASO5smJAoIBAQDbrxYH7lpR\nSG78cHQRXm+vKBf/1j9csnNMANZjI7+f3l51a5sd+7D7fDKFsCbm26DpbMwNXNZl\n0gS+A5g5/Zn1qZYWdi3hyVPX/NzlNq1NBDXiMfVRo8z0LaCHOslnNkkcndPmvWaI\n10D6BUfomvShqSB6gHlLaGpWqcdjnGSns5v2MXTGAUQe7y0x08bPn4RnOuuUFDkP\nArp7n9OLrqboUPCY2Qg473GsfzkjkdagYPxXWhDSt0xPTsN1GMBR8QzbUUi3VR9e\nYOHRijCoOXaxX66nVjgSKBMgBG7w8TzDdwziC+j9iKsNSPfOcnz4a3sMiafy24fR\nUHBmS7F3YsoHAoIBACFlpg/HEyageTvU4hjUMvZkshomwlU6mBbn382s7HNvXJRI\n17ntCuznkrS2kepI2fC6YlqVjGrcTs5RhYdA5RJmwhhZ1IDJqmJ7wFPhmGmum68r\nmthMjn4IJIi+0M2lN/MsNua38tW/FXEO6ZCXYlOfKghBJxJExx4mM9C/MOcYzqTG\nTB5m7QxEFdmaYmHD0Pn1sgXaM1Vep3KzkMTuN2NaaabpJeeXredP+nv0EoQJwuxE\nlmHMI4YBKQqsRnIlRARDT+k3ODe/KdMFbUrbDucotR8R7c1ndXdF4eCUpnBE1U/U\nCSyZAnPMAAPJ+eDqVKeGWAHlURY4X+4J8pqXzkkCggEBALl/C9FCmAzOZrjNk5Qe\n85so9arXE8WIAQcKJfyscN/i+kuXwvD8V6Liah6scQy6IxM3BM27uGVdgxeXHXDK\nDLh8q/jnbTKbtypHn5YEJy1DAuSuXoDDGQqNhGDraKi4E+AP/J93Ch898uWqk997\nCFmA36XQ2Zqs3i2zSmN36R4Z8PVfKUUQSJ7+QmEye0tRXJF2FPmCYfOk0CYW/J+T\np+e+gInvqJu6w3duLac1O89MVYbEzDPBBrRow24aqjoGml6OMiJrxAMDN2qhjxhc\n/TYknus5SDs8j3mXhL36VN6PpdcxS1jZj+W12Vj/Hzr8NniNu7y7VeGOVHpsK7ut\nNP0CggEAWXz4vUvbk8+m/L2dUf/qSryGKnoIoBcq6cgRjW+yVt5g1pmjt9QNDkY+\nypyXugn9gSCrea3nSNjJ1U11pZjqEzoXoyocA/1mFdqumQD9JwxAvk3rP58nbrC0\nrt1dDTVTY/AO0omTf0fLW+DFIz2v5Wz+vdFEPkH9aNuXnsRG2xMnC4VA40p5L+tD\nakomTObKKJ1htlJHNFK+IJ6PWqa5XPi76zh2E1C9gC6mTMKtuepMV9nKnyg7OoiP\ncbHCH/ILS4yzvIcQmBRGIHrJ9iSBA2bj/LEYPmcmW+Kuxb0KKQmxdf+wxNnqch9A\nPNT84qM9FtlG19QMzwRXbsoe7vXEHg==\n-----END PRIVATE KEY-----\n",
            "public_key_fingerprint_md5": "a5:e8:3f:0b:7d:7d:67:1d:87:35:7b:82:86:9e:c6:9c",
            "public_key_fingerprint_sha256": "SHA256:CW+394LumdeOC1n6GTUK5hrszzHVIjbOlIvUM3sUl98",
            "public_key_openssh": "ssh-rsa AAAAB3NzaC1yc2EAAAADAQABAAACAQDLQHBEankpQGfQXUbuqWqhx+WE4FMT3Mu42q2xKVn2FvF49aWHeAC88HBIhTvr9XGVJKYEYIS96R0KY0TyMf9t1dzyFlhoA3bxS9M0WMzdk4nUFcEWx15jThibx86p6AJDIbugW/eOX9EXuacbbfbReP96GTrbtoM42+VhrJ4uOkjIDkS2R9+kBPYWnaKCA+SUAMpcbeUeiu0WPtaV1PTNYemNi+HGSxwIe9pqLE5QJx6OFlOnySuLYF6Z+GhMC8Bbpm/mcFwO4pcvCs2eC7vYPs/n8WlxFiY2qnFONz4256Kl/HdRwhJeWM4XDpHZg3scWrn4Zm6LuikZ3ZUSSfkoCbn9Sl4If9KG0QOyq86JmRhkgeGWN+KuAYX9h71BfSy39/LXw7djTMAxqIynQl1T20p9eVnb3AIBp6xqwy+XlfA7G0Zgv4tGsHd2cYr+FHxSL79wJr+e4Qg6X2oH3C9eyeBNUHcgMwf89SB6FnqdkcWLpbiv7S1tpgXg9J0wZVGpFK5qjoQfyzrdJmVtR0Al/qTHNOF2XxmtqaRC4ErQx6bFy8kh8ARnahJzKPsiSuoq3ryFtYNH3jxIIgLAIlTUhz8gEb9hRk9cK55pR/WNgvTiaQGzoXV4F7zW1ocqk7geHajyLAH5QVCyZEGVunySzGa/xC/5kTc5gg+i2Mecvw==\n",
            "public_key_pem": "-----BEGIN PUBLIC KEY-----\nMIICIjANBgkqhkiG9w0BAQEFAAOCAg8AMIICCgKCAgEAy0BwRGp5KUBn0F1G7qlq\nocflhOBTE9zLuNqtsSlZ9hbxePWlh3gAvPBwSIU76/VxlSSmBGCEvekdCmNE8jH/\nbdXc8hZYaAN28UvTNFjM3ZOJ1BXBFsdeY04Ym8fOqegCQyG7oFv3jl/RF7mnG232\n0Xj/ehk627aDONvlYayeLjpIyA5EtkffpAT2Fp2iggPklADKXG3lHortFj7WldT0\nzWHpjYvhxkscCHvaaixOUCcejhZTp8kri2BemfhoTAvAW6Zv5nBcDuKXLwrNngu7\n2D7P5/FpcRYmNqpxTjc+Nueipfx3UcISXljOFw6R2YN7HFq5+GZui7opGd2VEkn5\nKAm5/UpeCH/ShtEDsqvOiZkYZIHhljfirgGF/Ye9QX0st/fy18O3Y0zAMaiMp0Jd\nU9tKfXlZ29wCAaesasMvl5XwOxtGYL+LRrB3dnGK/hR8Ui+/cCa/nuEIOl9qB9wv\nXsngTVB3IDMH/PUgehZ6nZHFi6W4r+0tbaYF4PSdMGVRqRSuao6EH8s63SZlbUdA\nJf6kxzThdl8ZramkQuBK0MemxcvJIfAEZ2oScyj7IkrqKt68hbWDR948SCICwCJU\n1Ic/IBG/YUZPXCueaUf1jYL04mkBs6F1eBe81taHKpO4Hh2o8iwB+UFQsmRBlbp8\nksxmv8Qv+ZE3OYIPotjHnL8CAwEAAQ==\n-----END PUBLIC KEY-----\n",
            "rsa_bits": 4096
          },
          "sensitive_attributes": [
            [
              {
                "type": "get_attr",
                "value": "private_key_openssh"
              }
            ],
            [
              {
                "type": "get_attr",
                "value": "private_key_pem"
              }
            ],
            [
              {
                "type": "get_attr",
                "value": "private_key_pem_pkcs8"
              }
            ]
          ],
          "identity_schema_version": 0
        }
      ]
    }
  ],
  "check_results": null
}
